{
  "version": 4,
  "terraform_version": "1.8.2",
  "serial": 318,
  "lineage": "8f2bbee6-5598-8062-0c50-b038c97b0302",
  "outputs": {},
  "resources": [
    {
      "module": "module.mssql_alerts",
      "mode": "managed",
      "type": "newrelic_alert_policy",
      "name": "policy",
      "provider": "provider[\"registry.terraform.io/newrelic/newrelic\"]",
      "instances": [
        {
          "schema_version": 0,
          "attributes": {
            "account_id": 2947933,
            "channel_ids": null,
            "id": "5878207",
            "incident_preference": "PER_CONDITION_AND_TARGET",
            "name": "MSSQL-New-Monitors-Policy"
          },
          "sensitive_attributes": [],
          "private": "bnVsbA=="
        }
      ]
    },
    {
      "module": "module.mssql_alerts",
      "mode": "managed",
      "type": "newrelic_nrql_alert_condition",
      "name": "alert_condition",
      "provider": "provider[\"registry.terraform.io/newrelic/newrelic\"]",
      "instances": [
        {
          "index_key": "0",
          "schema_version": 0,
          "attributes": {
            "account_id": 2947933,
            "aggregation_delay": "120",
            "aggregation_method": "event_flow",
            "aggregation_timer": null,
            "aggregation_window": 300,
            "baseline_direction": "upper_only",
            "close_violations_on_expiration": false,
            "critical": [
              {
                "duration": 0,
                "operator": "above_or_equals",
                "threshold": 1,
                "threshold_duration": 300,
                "threshold_occurrences": "all",
                "time_function": ""
              }
            ],
            "description": "",
            "enabled": true,
            "entity_guid": "Mjk0NzkzM3xBSU9QU3xDT05ESVRJT058NDcwMjgzNTM",
            "evaluation_delay": null,
            "expiration_duration": 0,
            "fill_option": "none",
            "fill_value": 0,
            "id": "5878207:47028353",
            "name": "Average wait time",
            "nrql": [
              {
                "evaluation_offset": 0,
                "query": "FROM MssqlCustomQuerySample  SELECT count(*) WHERE label.query='avgwait'  AND AverageWaitTimeMs \u003e250 AND instance LIKE '%prd%' FACET wait_type, instance,hostname,AverageWaitTimeMs",
                "since_value": ""
              }
            ],
            "open_violation_on_expiration": false,
            "policy_id": 5878207,
            "runbook_url": "https://www.example.com",
            "slide_by": null,
            "term": [],
            "timeouts": null,
            "type": "static",
            "violation_time_limit": "ONE_HOUR",
            "violation_time_limit_seconds": 3600,
            "warning": []
          },
          "sensitive_attributes": [],
          "private": "eyJlMmJmYjczMC1lY2FhLTExZTYtOGY4OC0zNDM2M2JjN2M0YzAiOnsiY3JlYXRlIjozMDAwMDAwMDAwMH19",
          "dependencies": [
            "module.mssql_alerts.newrelic_alert_policy.policy"
          ]
        },
        {
          "index_key": "1",
          "schema_version": 0,
          "attributes": {
            "account_id": 2947933,
            "aggregation_delay": "120",
            "aggregation_method": "event_flow",
            "aggregation_timer": null,
            "aggregation_window": 300,
            "baseline_direction": "upper_only",
            "close_violations_on_expiration": false,
            "critical": [],
            "description": "",
            "enabled": false,
            "entity_guid": "Mjk0NzkzM3xBSU9QU3xDT05ESVRJT058NDcwMjgzNTk",
            "evaluation_delay": null,
            "expiration_duration": 0,
            "fill_option": "none",
            "fill_value": 0,
            "id": "5878207:47028359",
            "name": "vlf count (more than 100)",
            "nrql": [
              {
                "evaluation_offset": 0,
                "query": "FROM MssqlCustomQuerySample  SELECT count(*) WHERE label.query='virfile' WHERE vlf_count IS NOT NULL AND vlf_count \u003e100  AND instance LIKE '%prd%' FACET vlf_count,instance,hostname,name",
                "since_value": ""
              }
            ],
            "open_violation_on_expiration": false,
            "policy_id": 5878207,
            "runbook_url": "https://www.example.com",
            "slide_by": null,
            "term": [],
            "timeouts": null,
            "type": "static",
            "violation_time_limit": "ONE_HOUR",
            "violation_time_limit_seconds": 3600,
            "warning": [
              {
                "duration": 0,
                "operator": "above_or_equals",
                "threshold": 1,
                "threshold_duration": 300,
                "threshold_occurrences": "all",
                "time_function": ""
              }
            ]
          },
          "sensitive_attributes": [],
          "private": "eyJlMmJmYjczMC1lY2FhLTExZTYtOGY4OC0zNDM2M2JjN2M0YzAiOnsiY3JlYXRlIjozMDAwMDAwMDAwMH19",
          "dependencies": [
            "module.mssql_alerts.newrelic_alert_policy.policy"
          ]
        },
        {
          "index_key": "10",
          "schema_version": 0,
          "attributes": {
            "account_id": 2947933,
            "aggregation_delay": "120",
            "aggregation_method": "event_flow",
            "aggregation_timer": null,
            "aggregation_window": 300,
            "baseline_direction": "upper_only",
            "close_violations_on_expiration": false,
            "critical": [
              {
                "duration": 0,
                "operator": "above_or_equals",
                "threshold": 1,
                "threshold_duration": 300,
                "threshold_occurrences": "all",
                "time_function": ""
              }
            ],
            "description": "",
            "enabled": true,
            "entity_guid": "Mjk0NzkzM3xBSU9QU3xDT05ESVRJT058NDcwMjgzNTU",
            "evaluation_delay": null,
            "expiration_duration": 0,
            "fill_option": "none",
            "fill_value": 0,
            "id": "5878207:47028355",
            "name": "AG Replica Health",
            "nrql": [
              {
                "evaluation_offset": 0,
                "query": "FROM MssqlCustomQuerySample  SELECT  count(SynchronizationHealth) WHERE label.query='replica' WHERE SynchronizationHealth!='HEALTHY' AND instance LIKE '%prd%' FACET SynchronizationHealth,instance,hostname",
                "since_value": ""
              }
            ],
            "open_violation_on_expiration": false,
            "policy_id": 5878207,
            "runbook_url": "https://www.example.com",
            "slide_by": null,
            "term": [],
            "timeouts": null,
            "type": "static",
            "violation_time_limit": "ONE_HOUR",
            "violation_time_limit_seconds": 3600,
            "warning": []
          },
          "sensitive_attributes": [],
          "private": "eyJlMmJmYjczMC1lY2FhLTExZTYtOGY4OC0zNDM2M2JjN2M0YzAiOnsiY3JlYXRlIjozMDAwMDAwMDAwMH19",
          "dependencies": [
            "module.mssql_alerts.newrelic_alert_policy.policy"
          ]
        },
        {
          "index_key": "11",
          "schema_version": 0,
          "attributes": {
            "account_id": 2947933,
            "aggregation_delay": "120",
            "aggregation_method": "event_flow",
            "aggregation_timer": null,
            "aggregation_window": 300,
            "baseline_direction": "upper_only",
            "close_violations_on_expiration": false,
            "critical": [
              {
                "duration": 0,
                "operator": "above_or_equals",
                "threshold": 1,
                "threshold_duration": 300,
                "threshold_occurrences": "all",
                "time_function": ""
              }
            ],
            "description": "",
            "enabled": true,
            "entity_guid": "Mjk0NzkzM3xBSU9QU3xDT05ESVRJT058NDcwMjgzNTI",
            "evaluation_delay": null,
            "expiration_duration": 0,
            "fill_option": "none",
            "fill_value": 0,
            "id": "5878207:47028352",
            "name": "AG Online Monitor",
            "nrql": [
              {
                "evaluation_offset": 0,
                "query": "FROM MssqlCustomQuerySample  SELECT count(DatabaseState) WHERE label.query='agonline' WHERE DatabaseState!='ONLINE' AND instance LIKE '%prd%' FACET instance,hostname,DatabaseState",
                "since_value": ""
              }
            ],
            "open_violation_on_expiration": false,
            "policy_id": 5878207,
            "runbook_url": "https://www.example.com",
            "slide_by": null,
            "term": [],
            "timeouts": null,
            "type": "static",
            "violation_time_limit": "ONE_HOUR",
            "violation_time_limit_seconds": 3600,
            "warning": []
          },
          "sensitive_attributes": [],
          "private": "eyJlMmJmYjczMC1lY2FhLTExZTYtOGY4OC0zNDM2M2JjN2M0YzAiOnsiY3JlYXRlIjozMDAwMDAwMDAwMH19",
          "dependencies": [
            "module.mssql_alerts.newrelic_alert_policy.policy"
          ]
        },
        {
          "index_key": "12",
          "schema_version": 0,
          "attributes": {
            "account_id": 2947933,
            "aggregation_delay": "120",
            "aggregation_method": "event_flow",
            "aggregation_timer": null,
            "aggregation_window": 300,
            "baseline_direction": "upper_only",
            "close_violations_on_expiration": false,
            "critical": [
              {
                "duration": 0,
                "operator": "above_or_equals",
                "threshold": 1,
                "threshold_duration": 300,
                "threshold_occurrences": "all",
                "time_function": ""
              }
            ],
            "description": "",
            "enabled": true,
            "entity_guid": "Mjk0NzkzM3xBSU9QU3xDT05ESVRJT058NDcwMjgzNTY",
            "evaluation_delay": null,
            "expiration_duration": 0,
            "fill_option": "none",
            "fill_value": 0,
            "id": "5878207:47028356",
            "name": "AG Automatic Failover Monitor",
            "nrql": [
              {
                "evaluation_offset": 0,
                "query": "FROM MssqlCustomQuerySample  SELECT count(*) WHERE label.query='agafc' AND FailoverMode!='AUTOMATIC' AND AvailabilityMode !='SYNCHRONOUS_COMMIT' AND instance LIKE '%prd%' FACET instance, hostname,AvailabilityMode,FailoverMode",
                "since_value": ""
              }
            ],
            "open_violation_on_expiration": false,
            "policy_id": 5878207,
            "runbook_url": "https://www.example.com",
            "slide_by": null,
            "term": [],
            "timeouts": null,
            "type": "static",
            "violation_time_limit": "ONE_HOUR",
            "violation_time_limit_seconds": 3600,
            "warning": []
          },
          "sensitive_attributes": [],
          "private": "eyJlMmJmYjczMC1lY2FhLTExZTYtOGY4OC0zNDM2M2JjN2M0YzAiOnsiY3JlYXRlIjozMDAwMDAwMDAwMH19",
          "dependencies": [
            "module.mssql_alerts.newrelic_alert_policy.policy"
          ]
        },
        {
          "index_key": "13",
          "schema_version": 0,
          "attributes": {
            "account_id": 2947933,
            "aggregation_delay": "120",
            "aggregation_method": "event_flow",
            "aggregation_timer": null,
            "aggregation_window": 300,
            "baseline_direction": "upper_only",
            "close_violations_on_expiration": false,
            "critical": [],
            "description": "",
            "enabled": false,
            "entity_guid": "Mjk0NzkzM3xBSU9QU3xDT05ESVRJT058NDcwMzA3Njc",
            "evaluation_delay": null,
            "expiration_duration": 0,
            "fill_option": "none",
            "fill_value": 0,
            "id": "5878207:47030767",
            "name": "Database Backup Status (Backup Outdated)",
            "nrql": [
              {
                "evaluation_offset": 0,
                "query": "FROM MssqlCustomQuerySample SELECT count(BackupStatus) WHERE label.query='dbbackup' AND BackupStatus LIKE '%Backup outdated%' AND instance LIKE '%prd%' FACET LogBackupStatus,instance,hostname,DatabaseName",
                "since_value": ""
              }
            ],
            "open_violation_on_expiration": false,
            "policy_id": 5878207,
            "runbook_url": "https://www.example.com",
            "slide_by": null,
            "term": [],
            "timeouts": null,
            "type": "static",
            "violation_time_limit": "ONE_HOUR",
            "violation_time_limit_seconds": 3600,
            "warning": [
              {
                "duration": 0,
                "operator": "above_or_equals",
                "threshold": 1,
                "threshold_duration": 300,
                "threshold_occurrences": "all",
                "time_function": ""
              }
            ]
          },
          "sensitive_attributes": [],
          "private": "eyJlMmJmYjczMC1lY2FhLTExZTYtOGY4OC0zNDM2M2JjN2M0YzAiOnsiY3JlYXRlIjozMDAwMDAwMDAwMH19",
          "dependencies": [
            "module.mssql_alerts.newrelic_alert_policy.policy"
          ]
        },
        {
          "index_key": "14",
          "schema_version": 0,
          "attributes": {
            "account_id": 2947933,
            "aggregation_delay": "120",
            "aggregation_method": "event_flow",
            "aggregation_timer": null,
            "aggregation_window": 300,
            "baseline_direction": "upper_only",
            "close_violations_on_expiration": false,
            "critical": [
              {
                "duration": 0,
                "operator": "above_or_equals",
                "threshold": 1,
                "threshold_duration": 300,
                "threshold_occurrences": "all",
                "time_function": ""
              }
            ],
            "description": "",
            "enabled": true,
            "entity_guid": "Mjk0NzkzM3xBSU9QU3xDT05ESVRJT058NDcwMzA3Njg",
            "evaluation_delay": null,
            "expiration_duration": 0,
            "fill_option": "none",
            "fill_value": 0,
            "id": "5878207:47030768",
            "name": "Database Backup Status (No Backup)",
            "nrql": [
              {
                "evaluation_offset": 0,
                "query": "FROM MssqlCustomQuerySample SELECT count(BackupStatus) WHERE BackupStatus LIKE '%No Backup%' AND label.query='dbbackup' AND instance LIKE '%prd%' FACET LogBackupStatus,instance,hostname,DatabaseName",
                "since_value": ""
              }
            ],
            "open_violation_on_expiration": false,
            "policy_id": 5878207,
            "runbook_url": "https://www.example.com",
            "slide_by": null,
            "term": [],
            "timeouts": null,
            "type": "static",
            "violation_time_limit": "ONE_HOUR",
            "violation_time_limit_seconds": 3600,
            "warning": []
          },
          "sensitive_attributes": [],
          "private": "eyJlMmJmYjczMC1lY2FhLTExZTYtOGY4OC0zNDM2M2JjN2M0YzAiOnsiY3JlYXRlIjozMDAwMDAwMDAwMH19",
          "dependencies": [
            "module.mssql_alerts.newrelic_alert_policy.policy"
          ]
        },
        {
          "index_key": "15",
          "schema_version": 0,
          "attributes": {
            "account_id": 2947933,
            "aggregation_delay": "120",
            "aggregation_method": "event_flow",
            "aggregation_timer": null,
            "aggregation_window": 300,
            "baseline_direction": "upper_only",
            "close_violations_on_expiration": false,
            "critical": [
              {
                "duration": 0,
                "operator": "above_or_equals",
                "threshold": 1,
                "threshold_duration": 300,
                "threshold_occurrences": "all",
                "time_function": ""
              }
            ],
            "description": "",
            "enabled": true,
            "entity_guid": "Mjk0NzkzM3xBSU9QU3xDT05ESVRJT058NDcwMzA3Njk",
            "evaluation_delay": null,
            "expiration_duration": 0,
            "fill_option": "none",
            "fill_value": 0,
            "id": "5878207:47030769",
            "name": "DB engine health status",
            "nrql": [
              {
                "evaluation_offset": 0,
                "query": "FROM MssqlCustomQuerySample SELECT count(DBEngineHealthStatus) WHERE label.query='dbengine' WHERE DBEngineHealthStatus!='Healthy' and instance LIKE '%prd%' FACET instance,StartTime,hostname",
                "since_value": ""
              }
            ],
            "open_violation_on_expiration": false,
            "policy_id": 5878207,
            "runbook_url": "https://www.example.com",
            "slide_by": null,
            "term": [],
            "timeouts": null,
            "type": "static",
            "violation_time_limit": "ONE_HOUR",
            "violation_time_limit_seconds": 3600,
            "warning": []
          },
          "sensitive_attributes": [],
          "private": "eyJlMmJmYjczMC1lY2FhLTExZTYtOGY4OC0zNDM2M2JjN2M0YzAiOnsiY3JlYXRlIjozMDAwMDAwMDAwMH19",
          "dependencies": [
            "module.mssql_alerts.newrelic_alert_policy.policy"
          ]
        },
        {
          "index_key": "16",
          "schema_version": 0,
          "attributes": {
            "account_id": 2947933,
            "aggregation_delay": "120",
            "aggregation_method": "event_flow",
            "aggregation_timer": null,
            "aggregation_window": 300,
            "baseline_direction": "upper_only",
            "close_violations_on_expiration": false,
            "critical": [
              {
                "duration": 0,
                "operator": "above_or_equals",
                "threshold": 1,
                "threshold_duration": 300,
                "threshold_occurrences": "all",
                "time_function": ""
              }
            ],
            "description": "",
            "enabled": true,
            "entity_guid": "Mjk0NzkzM3xBSU9QU3xDT05ESVRJT058NDcwNTY0NTE",
            "evaluation_delay": null,
            "expiration_duration": 0,
            "fill_option": "none",
            "fill_value": 0,
            "id": "5878207:47056451",
            "name": "Destination Log Shipping",
            "nrql": [
              {
                "evaluation_offset": 0,
                "query": "FROM MssqlCustomQuerySample SELECT count(*) WHERE MinutesSinceLastRestore \u003e RestoreThresholdMinutes AND label.query='destinationlog'  FACET hostname,entityName,DestinationDatabase, RestoreThresholdMinutes",
                "since_value": ""
              }
            ],
            "open_violation_on_expiration": false,
            "policy_id": 5878207,
            "runbook_url": "https://www.example.com",
            "slide_by": null,
            "term": [],
            "timeouts": null,
            "type": "static",
            "violation_time_limit": "ONE_HOUR",
            "violation_time_limit_seconds": 3600,
            "warning": []
          },
          "sensitive_attributes": [],
          "private": "eyJlMmJmYjczMC1lY2FhLTExZTYtOGY4OC0zNDM2M2JjN2M0YzAiOnsiY3JlYXRlIjozMDAwMDAwMDAwMH19",
          "dependencies": [
            "module.mssql_alerts.newrelic_alert_policy.policy"
          ]
        },
        {
          "index_key": "17",
          "schema_version": 0,
          "attributes": {
            "account_id": 2947933,
            "aggregation_delay": "120",
            "aggregation_method": "event_flow",
            "aggregation_timer": null,
            "aggregation_window": 300,
            "baseline_direction": "upper_only",
            "close_violations_on_expiration": false,
            "critical": [
              {
                "duration": 0,
                "operator": "above",
                "threshold": 0,
                "threshold_duration": 2400,
                "threshold_occurrences": "all",
                "time_function": ""
              }
            ],
            "description": "",
            "enabled": true,
            "entity_guid": "Mjk0NzkzM3xBSU9QU3xDT05ESVRJT058NDcwNTY0NDc",
            "evaluation_delay": null,
            "expiration_duration": 0,
            "fill_option": "none",
            "fill_value": 0,
            "id": "5878207:47056447",
            "name": "MSSql job failed",
            "nrql": [
              {
                "evaluation_offset": 0,
                "query": "select count(*) from MssqlCustomQuerySample where label.query = 'sqljob' AND `RUN STATUS` = 0 and instance LIKE '%prd%' facet hostname, instance, `JOB NAME`,  DESCRIPTION, `STEP NAME`, fullHostname",
                "since_value": ""
              }
            ],
            "open_violation_on_expiration": false,
            "policy_id": 5878207,
            "runbook_url": "https://www.example.com",
            "slide_by": null,
            "term": [],
            "timeouts": null,
            "type": "static",
            "violation_time_limit": "ONE_HOUR",
            "violation_time_limit_seconds": 3600,
            "warning": []
          },
          "sensitive_attributes": [],
          "private": "eyJlMmJmYjczMC1lY2FhLTExZTYtOGY4OC0zNDM2M2JjN2M0YzAiOnsiY3JlYXRlIjozMDAwMDAwMDAwMH19",
          "dependencies": [
            "module.mssql_alerts.newrelic_alert_policy.policy"
          ]
        },
        {
          "index_key": "18",
          "schema_version": 0,
          "attributes": {
            "account_id": 2947933,
            "aggregation_delay": "120",
            "aggregation_method": "event_flow",
            "aggregation_timer": null,
            "aggregation_window": 300,
            "baseline_direction": "upper_only",
            "close_violations_on_expiration": false,
            "critical": [
              {
                "duration": 0,
                "operator": "above",
                "threshold": 0,
                "threshold_duration": 3600,
                "threshold_occurrences": "all",
                "time_function": ""
              }
            ],
            "description": "",
            "enabled": true,
            "entity_guid": "Mjk0NzkzM3xBSU9QU3xDT05ESVRJT058NDcwNTY0NTA",
            "evaluation_delay": null,
            "expiration_duration": 0,
            "fill_option": "none",
            "fill_value": 0,
            "id": "5878207:47056450",
            "name": "MSSQL instance reboot",
            "nrql": [
              {
                "evaluation_offset": 0,
                "query": "SELECT count(*) from MssqlCustomQuerySample where label.query ='instance_reboot' and instance like '%prd%' FACET instance, fullHostname",
                "since_value": ""
              }
            ],
            "open_violation_on_expiration": false,
            "policy_id": 5878207,
            "runbook_url": "https://www.example.com",
            "slide_by": null,
            "term": [],
            "timeouts": null,
            "type": "static",
            "violation_time_limit": "ONE_HOUR",
            "violation_time_limit_seconds": 3600,
            "warning": []
          },
          "sensitive_attributes": [],
          "private": "eyJlMmJmYjczMC1lY2FhLTExZTYtOGY4OC0zNDM2M2JjN2M0YzAiOnsiY3JlYXRlIjozMDAwMDAwMDAwMH19",
          "dependencies": [
            "module.mssql_alerts.newrelic_alert_policy.policy"
          ]
        },
        {
          "index_key": "19",
          "schema_version": 0,
          "attributes": {
            "account_id": 2947933,
            "aggregation_delay": "120",
            "aggregation_method": "event_flow",
            "aggregation_timer": null,
            "aggregation_window": 300,
            "baseline_direction": "upper_only",
            "close_violations_on_expiration": false,
            "critical": [
              {
                "duration": 0,
                "operator": "above",
                "threshold": 0,
                "threshold_duration": 2400,
                "threshold_occurrences": "all",
                "time_function": ""
              }
            ],
            "description": "",
            "enabled": true,
            "entity_guid": "Mjk0NzkzM3xBSU9QU3xDT05ESVRJT058NDcwNTY0NDk",
            "evaluation_delay": null,
            "expiration_duration": 0,
            "fill_option": "none",
            "fill_value": 0,
            "id": "5878207:47056449",
            "name": "MSSql job cancelled",
            "nrql": [
              {
                "evaluation_offset": 0,
                "query": "select count(*) from MssqlCustomQuerySample where label.query = 'sqljob' AND `RUN STATUS` = 3 and instance LIKE '%prd%' facet hostname, instance, `JOB NAME`, DESCRIPTION, `STEP NAME`, fullHostname",
                "since_value": ""
              }
            ],
            "open_violation_on_expiration": false,
            "policy_id": 5878207,
            "runbook_url": "https://www.example.com",
            "slide_by": null,
            "term": [],
            "timeouts": null,
            "type": "static",
            "violation_time_limit": "ONE_HOUR",
            "violation_time_limit_seconds": 3600,
            "warning": []
          },
          "sensitive_attributes": [],
          "private": "eyJlMmJmYjczMC1lY2FhLTExZTYtOGY4OC0zNDM2M2JjN2M0YzAiOnsiY3JlYXRlIjozMDAwMDAwMDAwMH19",
          "dependencies": [
            "module.mssql_alerts.newrelic_alert_policy.policy"
          ]
        },
        {
          "index_key": "2",
          "schema_version": 0,
          "attributes": {
            "account_id": 2947933,
            "aggregation_delay": "120",
            "aggregation_method": "event_flow",
            "aggregation_timer": null,
            "aggregation_window": 300,
            "baseline_direction": "upper_only",
            "close_violations_on_expiration": false,
            "critical": [
              {
                "duration": 0,
                "operator": "above_or_equals",
                "threshold": 1,
                "threshold_duration": 300,
                "threshold_occurrences": "all",
                "time_function": ""
              }
            ],
            "description": "",
            "enabled": true,
            "entity_guid": "Mjk0NzkzM3xBSU9QU3xDT05ESVRJT058NDcwMjgzNTQ",
            "evaluation_delay": null,
            "expiration_duration": 0,
            "fill_option": "none",
            "fill_value": 0,
            "id": "5878207:47028354",
            "name": "vlf count (more than 1000)",
            "nrql": [
              {
                "evaluation_offset": 0,
                "query": "FROM MssqlCustomQuerySample  SELECT count(*) WHERE label.query='virfile' WHERE vlf_count IS NOT NULL AND vlf_count \u003e1000  AND instance LIKE '%prd%' FACET vlf_count,instance,hostname,name",
                "since_value": ""
              }
            ],
            "open_violation_on_expiration": false,
            "policy_id": 5878207,
            "runbook_url": "https://www.example.com",
            "slide_by": null,
            "term": [],
            "timeouts": null,
            "type": "static",
            "violation_time_limit": "ONE_HOUR",
            "violation_time_limit_seconds": 3600,
            "warning": []
          },
          "sensitive_attributes": [],
          "private": "eyJlMmJmYjczMC1lY2FhLTExZTYtOGY4OC0zNDM2M2JjN2M0YzAiOnsiY3JlYXRlIjozMDAwMDAwMDAwMH19",
          "dependencies": [
            "module.mssql_alerts.newrelic_alert_policy.policy"
          ]
        },
        {
          "index_key": "20",
          "schema_version": 0,
          "attributes": {
            "account_id": 2947933,
            "aggregation_delay": "120",
            "aggregation_method": "event_flow",
            "aggregation_timer": null,
            "aggregation_window": 300,
            "baseline_direction": "upper_only",
            "close_violations_on_expiration": false,
            "critical": [
              {
                "duration": 0,
                "operator": "above",
                "threshold": 0,
                "threshold_duration": 3600,
                "threshold_occurrences": "all",
                "time_function": ""
              }
            ],
            "description": "",
            "enabled": true,
            "entity_guid": "Mjk0NzkzM3xBSU9QU3xDT05ESVRJT058NDcwNTY0NTM",
            "evaluation_delay": null,
            "expiration_duration": 0,
            "fill_option": "none",
            "fill_value": 0,
            "id": "5878207:47056453",
            "name": "SQL Account locked",
            "nrql": [
              {
                "evaluation_offset": 0,
                "query": "SELECT count(*) FROM Log WHERE (`EventID` = 18456 OR `EventID` = '18456' OR `EventID` = 18486 OR `EventID` = '18486') AND `environment` = 'prd' AND hostname like '%prd%' and message LIKE '%lock%' facet fullHostname",
                "since_value": ""
              }
            ],
            "open_violation_on_expiration": false,
            "policy_id": 5878207,
            "runbook_url": "https://www.example.com",
            "slide_by": null,
            "term": [],
            "timeouts": null,
            "type": "static",
            "violation_time_limit": "ONE_HOUR",
            "violation_time_limit_seconds": 3600,
            "warning": []
          },
          "sensitive_attributes": [],
          "private": "eyJlMmJmYjczMC1lY2FhLTExZTYtOGY4OC0zNDM2M2JjN2M0YzAiOnsiY3JlYXRlIjozMDAwMDAwMDAwMH19",
          "dependencies": [
            "module.mssql_alerts.newrelic_alert_policy.policy"
          ]
        },
        {
          "index_key": "21",
          "schema_version": 0,
          "attributes": {
            "account_id": 2947933,
            "aggregation_delay": "120",
            "aggregation_method": "event_flow",
            "aggregation_timer": null,
            "aggregation_window": 300,
            "baseline_direction": "upper_only",
            "close_violations_on_expiration": false,
            "critical": [
              {
                "duration": 0,
                "operator": "above",
                "threshold": 0,
                "threshold_duration": 3600,
                "threshold_occurrences": "all",
                "time_function": ""
              }
            ],
            "description": "",
            "enabled": true,
            "entity_guid": "Mjk0NzkzM3xBSU9QU3xDT05ESVRJT058NDcwNTY0NTI",
            "evaluation_delay": null,
            "expiration_duration": 0,
            "fill_option": "none",
            "fill_value": 0,
            "id": "5878207:47056452",
            "name": "SQL event 17063",
            "nrql": [
              {
                "evaluation_offset": 0,
                "query": "SELECT count(*) FROM Log WHERE (`EventID` = 17063 OR `EventID` = '17063') AND `environment` = 'prd' AND hostname like '%prd%' AND message like '% x %' facet fullHostname",
                "since_value": ""
              }
            ],
            "open_violation_on_expiration": false,
            "policy_id": 5878207,
            "runbook_url": "https://www.example.com",
            "slide_by": null,
            "term": [],
            "timeouts": null,
            "type": "static",
            "violation_time_limit": "ONE_HOUR",
            "violation_time_limit_seconds": 3600,
            "warning": []
          },
          "sensitive_attributes": [],
          "private": "eyJlMmJmYjczMC1lY2FhLTExZTYtOGY4OC0zNDM2M2JjN2M0YzAiOnsiY3JlYXRlIjozMDAwMDAwMDAwMH19",
          "dependencies": [
            "module.mssql_alerts.newrelic_alert_policy.policy"
          ]
        },
        {
          "index_key": "22",
          "schema_version": 0,
          "attributes": {
            "account_id": 2947933,
            "aggregation_delay": "120",
            "aggregation_method": "event_flow",
            "aggregation_timer": null,
            "aggregation_window": 300,
            "baseline_direction": "upper_only",
            "close_violations_on_expiration": false,
            "critical": [
              {
                "duration": 0,
                "operator": "above",
                "threshold": 0,
                "threshold_duration": 3600,
                "threshold_occurrences": "all",
                "time_function": ""
              }
            ],
            "description": "",
            "enabled": true,
            "entity_guid": "Mjk0NzkzM3xBSU9QU3xDT05ESVRJT058NDcwNTY0NDg",
            "evaluation_delay": null,
            "expiration_duration": 0,
            "fill_option": "none",
            "fill_value": 0,
            "id": "5878207:47056448",
            "name": "SQL event 17063 - AuditLog - User and count",
            "nrql": [
              {
                "evaluation_offset": 0,
                "query": "SELECT count(*) FROM Log WHERE (`EventID` = 17063 OR `EventID` = '17063') AND `environment` = 'prd' AND hostname like '%prd%' AND message like '%AuditLog - User and count%' facet fullHostname",
                "since_value": ""
              }
            ],
            "open_violation_on_expiration": false,
            "policy_id": 5878207,
            "runbook_url": "https://www.example.com",
            "slide_by": null,
            "term": [],
            "timeouts": null,
            "type": "static",
            "violation_time_limit": "ONE_HOUR",
            "violation_time_limit_seconds": 3600,
            "warning": []
          },
          "sensitive_attributes": [],
          "private": "eyJlMmJmYjczMC1lY2FhLTExZTYtOGY4OC0zNDM2M2JjN2M0YzAiOnsiY3JlYXRlIjozMDAwMDAwMDAwMH19",
          "dependencies": [
            "module.mssql_alerts.newrelic_alert_policy.policy"
          ]
        },
        {
          "index_key": "23",
          "schema_version": 0,
          "attributes": {
            "account_id": 2947933,
            "aggregation_delay": "120",
            "aggregation_method": "event_flow",
            "aggregation_timer": null,
            "aggregation_window": 300,
            "baseline_direction": "upper_only",
            "close_violations_on_expiration": false,
            "critical": [
              {
                "duration": 0,
                "operator": "above_or_equals",
                "threshold": 1,
                "threshold_duration": 300,
                "threshold_occurrences": "all",
                "time_function": ""
              }
            ],
            "description": "",
            "enabled": true,
            "entity_guid": "Mjk0NzkzM3xBSU9QU3xDT05ESVRJT058NDcyNDE3MzU",
            "evaluation_delay": null,
            "expiration_duration": 0,
            "fill_option": "none",
            "fill_value": 0,
            "id": "5878207:47241735",
            "name": "Source Log Shipping",
            "nrql": [
              {
                "evaluation_offset": 0,
                "query": "FROM MssqlCustomQuerySample SELECT count(*) WHERE MinutesSinceLastBackup \u003e BackupThresholdMinutes AND label.query='sourcelog' and instance LIKE '%prd%' FACET MinutesSinceLastBackup,instance, databaseName",
                "since_value": ""
              }
            ],
            "open_violation_on_expiration": false,
            "policy_id": 5878207,
            "runbook_url": "https://www.example.com",
            "slide_by": null,
            "term": [],
            "timeouts": null,
            "type": "static",
            "violation_time_limit": "ONE_HOUR",
            "violation_time_limit_seconds": 3600,
            "warning": []
          },
          "sensitive_attributes": [],
          "private": "eyJlMmJmYjczMC1lY2FhLTExZTYtOGY4OC0zNDM2M2JjN2M0YzAiOnsiY3JlYXRlIjozMDAwMDAwMDAwMH19",
          "dependencies": [
            "module.mssql_alerts.newrelic_alert_policy.policy"
          ]
        },
        {
          "index_key": "3",
          "schema_version": 0,
          "attributes": {
            "account_id": 2947933,
            "aggregation_delay": "120",
            "aggregation_method": "event_flow",
            "aggregation_timer": null,
            "aggregation_window": 300,
            "baseline_direction": "upper_only",
            "close_violations_on_expiration": false,
            "critical": [],
            "description": "",
            "enabled": false,
            "entity_guid": "Mjk0NzkzM3xBSU9QU3xDT05ESVRJT058NDcwMjgzNDg",
            "evaluation_delay": null,
            "expiration_duration": 0,
            "fill_option": "none",
            "fill_value": 0,
            "id": "5878207:47028348",
            "name": "Availability Database Backup Status (Between 24 \u0026 36)",
            "nrql": [
              {
                "evaluation_offset": 0,
                "query": "FROM MssqlCustomQuerySample SELECT count(*) WHERE label.query='avbackup' WHERE HoursSinceLastBackup \u003e=24 AND HoursSinceLastBackup \u003c=36   AND instance LIKE '%prd%' FACET instance,HoursSinceLastBackup,hostname",
                "since_value": ""
              }
            ],
            "open_violation_on_expiration": false,
            "policy_id": 5878207,
            "runbook_url": "https://www.example.com",
            "slide_by": null,
            "term": [],
            "timeouts": null,
            "type": "static",
            "violation_time_limit": "ONE_HOUR",
            "violation_time_limit_seconds": 3600,
            "warning": [
              {
                "duration": 0,
                "operator": "above_or_equals",
                "threshold": 1,
                "threshold_duration": 300,
                "threshold_occurrences": "all",
                "time_function": ""
              }
            ]
          },
          "sensitive_attributes": [],
          "private": "eyJlMmJmYjczMC1lY2FhLTExZTYtOGY4OC0zNDM2M2JjN2M0YzAiOnsiY3JlYXRlIjozMDAwMDAwMDAwMH19",
          "dependencies": [
            "module.mssql_alerts.newrelic_alert_policy.policy"
          ]
        },
        {
          "index_key": "4",
          "schema_version": 0,
          "attributes": {
            "account_id": 2947933,
            "aggregation_delay": "120",
            "aggregation_method": "event_flow",
            "aggregation_timer": null,
            "aggregation_window": 300,
            "baseline_direction": "upper_only",
            "close_violations_on_expiration": false,
            "critical": [
              {
                "duration": 0,
                "operator": "above_or_equals",
                "threshold": 1,
                "threshold_duration": 300,
                "threshold_occurrences": "all",
                "time_function": ""
              }
            ],
            "description": "",
            "enabled": true,
            "entity_guid": "Mjk0NzkzM3xBSU9QU3xDT05ESVRJT058NDcwMjgzNTc",
            "evaluation_delay": null,
            "expiration_duration": 0,
            "fill_option": "none",
            "fill_value": 0,
            "id": "5878207:47028357",
            "name": "Availability Database Backup Status (More than 36)",
            "nrql": [
              {
                "evaluation_offset": 0,
                "query": "FROM MssqlCustomQuerySample SELECT count(*) WHERE label.query='avbackup' WHERE HoursSinceLastBackup\u003e36  AND instance LIKE '%prd%' FACET instance,HoursSinceLastBackup,hostname",
                "since_value": ""
              }
            ],
            "open_violation_on_expiration": false,
            "policy_id": 5878207,
            "runbook_url": "https://www.example.com",
            "slide_by": null,
            "term": [],
            "timeouts": null,
            "type": "static",
            "violation_time_limit": "ONE_HOUR",
            "violation_time_limit_seconds": 3600,
            "warning": []
          },
          "sensitive_attributes": [],
          "private": "eyJlMmJmYjczMC1lY2FhLTExZTYtOGY4OC0zNDM2M2JjN2M0YzAiOnsiY3JlYXRlIjozMDAwMDAwMDAwMH19",
          "dependencies": [
            "module.mssql_alerts.newrelic_alert_policy.policy"
          ]
        },
        {
          "index_key": "5",
          "schema_version": 0,
          "attributes": {
            "account_id": 2947933,
            "aggregation_delay": "120",
            "aggregation_method": "event_flow",
            "aggregation_timer": null,
            "aggregation_window": 300,
            "baseline_direction": "upper_only",
            "close_violations_on_expiration": false,
            "critical": [],
            "description": "",
            "enabled": false,
            "entity_guid": "Mjk0NzkzM3xBSU9QU3xDT05ESVRJT058NDcwMjgzNjA",
            "evaluation_delay": null,
            "expiration_duration": 0,
            "fill_option": "none",
            "fill_value": 0,
            "id": "5878207:47028360",
            "name": "Log Backup Status (Log Backup Outdated)",
            "nrql": [
              {
                "evaluation_offset": 0,
                "query": "FROM MssqlCustomQuerySample SELECT count(LogBackupStatus) WHERE LogBackupStatus LIKE '%Log Backup Outdated%' AND label.query=logbackup AND instance LIKE '%prd%' FACET LogBackupStatus,instance,hostname,DatabaseName",
                "since_value": ""
              }
            ],
            "open_violation_on_expiration": false,
            "policy_id": 5878207,
            "runbook_url": "https://www.example.com",
            "slide_by": null,
            "term": [],
            "timeouts": null,
            "type": "static",
            "violation_time_limit": "ONE_HOUR",
            "violation_time_limit_seconds": 3600,
            "warning": [
              {
                "duration": 0,
                "operator": "above_or_equals",
                "threshold": 1,
                "threshold_duration": 300,
                "threshold_occurrences": "all",
                "time_function": ""
              }
            ]
          },
          "sensitive_attributes": [],
          "private": "eyJlMmJmYjczMC1lY2FhLTExZTYtOGY4OC0zNDM2M2JjN2M0YzAiOnsiY3JlYXRlIjozMDAwMDAwMDAwMH19",
          "dependencies": [
            "module.mssql_alerts.newrelic_alert_policy.policy"
          ]
        },
        {
          "index_key": "6",
          "schema_version": 0,
          "attributes": {
            "account_id": 2947933,
            "aggregation_delay": "120",
            "aggregation_method": "event_flow",
            "aggregation_timer": null,
            "aggregation_window": 300,
            "baseline_direction": "upper_only",
            "close_violations_on_expiration": false,
            "critical": [
              {
                "duration": 0,
                "operator": "above_or_equals",
                "threshold": 1,
                "threshold_duration": 300,
                "threshold_occurrences": "all",
                "time_function": ""
              }
            ],
            "description": "",
            "enabled": true,
            "entity_guid": "Mjk0NzkzM3xBSU9QU3xDT05ESVRJT058NDcwMjgzNjE",
            "evaluation_delay": null,
            "expiration_duration": 0,
            "fill_option": "none",
            "fill_value": 0,
            "id": "5878207:47028361",
            "name": "Log Backup Status (No Log Backup)",
            "nrql": [
              {
                "evaluation_offset": 0,
                "query": "FROM MssqlCustomQuerySample SELECT count(LogBackupStatus) WHERE LogBackupStatus LIKE '%No Log Backup%' AND label.query=logbackup AND instance LIKE '%prd%' FACET LogBackupStatus,instance,hostname,DatabaseName ",
                "since_value": ""
              }
            ],
            "open_violation_on_expiration": false,
            "policy_id": 5878207,
            "runbook_url": "https://www.example.com",
            "slide_by": null,
            "term": [],
            "timeouts": null,
            "type": "static",
            "violation_time_limit": "ONE_HOUR",
            "violation_time_limit_seconds": 3600,
            "warning": []
          },
          "sensitive_attributes": [],
          "private": "eyJlMmJmYjczMC1lY2FhLTExZTYtOGY4OC0zNDM2M2JjN2M0YzAiOnsiY3JlYXRlIjozMDAwMDAwMDAwMH19",
          "dependencies": [
            "module.mssql_alerts.newrelic_alert_policy.policy"
          ]
        },
        {
          "index_key": "7",
          "schema_version": 0,
          "attributes": {
            "account_id": 2947933,
            "aggregation_delay": "120",
            "aggregation_method": "event_flow",
            "aggregation_timer": null,
            "aggregation_window": 300,
            "baseline_direction": "upper_only",
            "close_violations_on_expiration": false,
            "critical": [
              {
                "duration": 0,
                "operator": "above_or_equals",
                "threshold": 1,
                "threshold_duration": 300,
                "threshold_occurrences": "all",
                "time_function": ""
              }
            ],
            "description": "",
            "enabled": true,
            "entity_guid": "Mjk0NzkzM3xBSU9QU3xDT05ESVRJT058NDcwMjgzNTE",
            "evaluation_delay": null,
            "expiration_duration": 0,
            "fill_option": "none",
            "fill_value": 0,
            "id": "5878207:47028351",
            "name": "Blocking Session ID",
            "nrql": [
              {
                "evaluation_offset": 0,
                "query": "FROM MssqlCustomQuerySample SELECT count(*) WHERE label.query='blocked' AND BlockingSessionID!=0 AND instance LIKE '%prd%' FACET instance,hostname,wait_resource,BlockingSessionID",
                "since_value": ""
              }
            ],
            "open_violation_on_expiration": false,
            "policy_id": 5878207,
            "runbook_url": "https://www.example.com",
            "slide_by": null,
            "term": [],
            "timeouts": null,
            "type": "static",
            "violation_time_limit": "ONE_HOUR",
            "violation_time_limit_seconds": 3600,
            "warning": []
          },
          "sensitive_attributes": [],
          "private": "eyJlMmJmYjczMC1lY2FhLTExZTYtOGY4OC0zNDM2M2JjN2M0YzAiOnsiY3JlYXRlIjozMDAwMDAwMDAwMH19",
          "dependencies": [
            "module.mssql_alerts.newrelic_alert_policy.policy"
          ]
        },
        {
          "index_key": "8",
          "schema_version": 0,
          "attributes": {
            "account_id": 2947933,
            "aggregation_delay": "120",
            "aggregation_method": "event_flow",
            "aggregation_timer": null,
            "aggregation_window": 300,
            "baseline_direction": "upper_only",
            "close_violations_on_expiration": false,
            "critical": [
              {
                "duration": 0,
                "operator": "above_or_equals",
                "threshold": 1,
                "threshold_duration": 300,
                "threshold_occurrences": "all",
                "time_function": ""
              }
            ],
            "description": "",
            "enabled": true,
            "entity_guid": "Mjk0NzkzM3xBSU9QU3xDT05ESVRJT058NDcwMjgzNjI",
            "evaluation_delay": null,
            "expiration_duration": 0,
            "fill_option": "none",
            "fill_value": 0,
            "id": "5878207:47028362",
            "name": "MSSQL DB State Not Online",
            "nrql": [
              {
                "evaluation_offset": 0,
                "query": "FROM MssqlCustomQuerySample SELECT count(*) WHERE label.query='dbstate'  WHERE DatabaseStatus!='ONLINE' AND instance LIKE '%prd%' FACET DatabaseName,instance,DatabaseStatus",
                "since_value": ""
              }
            ],
            "open_violation_on_expiration": false,
            "policy_id": 5878207,
            "runbook_url": "https://www.example.com",
            "slide_by": null,
            "term": [],
            "timeouts": null,
            "type": "static",
            "violation_time_limit": "ONE_HOUR",
            "violation_time_limit_seconds": 3600,
            "warning": []
          },
          "sensitive_attributes": [],
          "private": "eyJlMmJmYjczMC1lY2FhLTExZTYtOGY4OC0zNDM2M2JjN2M0YzAiOnsiY3JlYXRlIjozMDAwMDAwMDAwMH19",
          "dependencies": [
            "module.mssql_alerts.newrelic_alert_policy.policy"
          ]
        },
        {
          "index_key": "9",
          "schema_version": 0,
          "attributes": {
            "account_id": 2947933,
            "aggregation_delay": "120",
            "aggregation_method": "event_flow",
            "aggregation_timer": null,
            "aggregation_window": 300,
            "baseline_direction": "upper_only",
            "close_violations_on_expiration": false,
            "critical": [
              {
                "duration": 0,
                "operator": "above_or_equals",
                "threshold": 1,
                "threshold_duration": 300,
                "threshold_occurrences": "all",
                "time_function": ""
              }
            ],
            "description": "",
            "enabled": true,
            "entity_guid": "Mjk0NzkzM3xBSU9QU3xDT05ESVRJT058NDcwMjgzNTA",
            "evaluation_delay": null,
            "expiration_duration": 0,
            "fill_option": "none",
            "fill_value": 0,
            "id": "5878207:47028350",
            "name": "AG Health Policy",
            "nrql": [
              {
                "evaluation_offset": 0,
                "query": "FROM MssqlCustomQuerySample SELECT count(SynchronizationHealth) WHERE label.query='grouphealth' AND SynchronizationHealth!='HEALTHY' AND instance LIKE '%prd%' FACET AvailabilityGroupName,ReplicaServerName,SynchronizationHealth,instance",
                "since_value": ""
              }
            ],
            "open_violation_on_expiration": false,
            "policy_id": 5878207,
            "runbook_url": "https://www.example.com",
            "slide_by": null,
            "term": [],
            "timeouts": null,
            "type": "static",
            "violation_time_limit": "ONE_HOUR",
            "violation_time_limit_seconds": 3600,
            "warning": []
          },
          "sensitive_attributes": [],
          "private": "eyJlMmJmYjczMC1lY2FhLTExZTYtOGY4OC0zNDM2M2JjN2M0YzAiOnsiY3JlYXRlIjozMDAwMDAwMDAwMH19",
          "dependencies": [
            "module.mssql_alerts.newrelic_alert_policy.policy"
          ]
        }
      ]
    },
    {
      "module": "module.mssql_rules_alerts",
      "mode": "managed",
      "type": "newrelic_alert_policy",
      "name": "policy",
      "provider": "provider[\"registry.terraform.io/newrelic/newrelic\"]",
      "instances": [
        {
          "schema_version": 0,
          "attributes": {
            "account_id": 2947933,
            "channel_ids": null,
            "id": "5878206",
            "incident_preference": "PER_CONDITION_AND_TARGET",
            "name": "MSSQL-Rules-Policy"
          },
          "sensitive_attributes": [],
          "private": "bnVsbA=="
        }
      ]
    },
    {
      "module": "module.mssql_rules_alerts",
      "mode": "managed",
      "type": "newrelic_nrql_alert_condition",
      "name": "alert_condition",
      "provider": "provider[\"registry.terraform.io/newrelic/newrelic\"]",
      "instances": [
        {
          "index_key": "0",
          "schema_version": 0,
          "attributes": {
            "account_id": 2947933,
            "aggregation_delay": "120",
            "aggregation_method": "event_flow",
            "aggregation_timer": null,
            "aggregation_window": 300,
            "baseline_direction": "upper_only",
            "close_violations_on_expiration": false,
            "critical": [
              {
                "duration": 0,
                "operator": "above_or_equals",
                "threshold": 1,
                "threshold_duration": 300,
                "threshold_occurrences": "all",
                "time_function": ""
              }
            ],
            "description": "This behavior occurs because the replication agent is too busy to respond when SQL Server Enterprise Manager polls the replication agent; therefore, SQL Server Enterprise Manager does not know the status of the replication agent and it cannot report whether the replication agent is functioning or not.",
            "enabled": false,
            "entity_guid": "Mjk0NzkzM3xBSU9QU3xDT05ESVRJT058NDcwMjgzMTg",
            "evaluation_delay": null,
            "expiration_duration": 0,
            "fill_option": "none",
            "fill_value": 0,
            "id": "5878206:47028318",
            "name": "MSSQL on Windows: The agent is suspect. No response within last minutes",
            "nrql": [
              {
                "evaluation_offset": 0,
                "query": "with message as msg SELECT count(message) FROM Log WHERE EventID=20554 AND Level=1 OR Level=2 OR Level=5 FACET msg AS 'Message', hostname,Level",
                "since_value": ""
              }
            ],
            "open_violation_on_expiration": false,
            "policy_id": 5878206,
            "runbook_url": "https://www.example.com",
            "slide_by": null,
            "term": [],
            "timeouts": null,
            "type": "static",
            "violation_time_limit": "ONE_HOUR",
            "violation_time_limit_seconds": 3600,
            "warning": []
          },
          "sensitive_attributes": [],
          "private": "eyJlMmJmYjczMC1lY2FhLTExZTYtOGY4OC0zNDM2M2JjN2M0YzAiOnsiY3JlYXRlIjozMDAwMDAwMDAwMH19",
          "dependencies": [
            "module.mssql_rules_alerts.newrelic_alert_policy.policy"
          ]
        },
        {
          "index_key": "1",
          "schema_version": 0,
          "attributes": {
            "account_id": 2947933,
            "aggregation_delay": "120",
            "aggregation_method": "event_flow",
            "aggregation_timer": null,
            "aggregation_window": 300,
            "baseline_direction": "upper_only",
            "close_violations_on_expiration": false,
            "critical": [
              {
                "duration": 0,
                "operator": "above_or_equals",
                "threshold": 1,
                "threshold_duration": 300,
                "threshold_occurrences": "all",
                "time_function": ""
              }
            ],
            "description": "SQL Server uses Service Broker and Database Mirroring endpoints for communications outside the SQL Server instance.",
            "enabled": false,
            "entity_guid": "Mjk0NzkzM3xBSU9QU3xDT05ESVRJT058NDcwMjgyOTg",
            "evaluation_delay": null,
            "expiration_duration": 0,
            "fill_option": "none",
            "fill_value": 0,
            "id": "5878206:47028298",
            "name": "MSSQL on Windows: An error occurred in a SQL Server Service Broker/Database Mirroring transport connection endpoint",
            "nrql": [
              {
                "evaluation_offset": 0,
                "query": "with message as msg SELECT count(message) FROM Log WHERE EventID=9642 AND Level=1 OR Level=2 OR Level=5 FACET msg AS 'Message', hostname,Level",
                "since_value": ""
              }
            ],
            "open_violation_on_expiration": false,
            "policy_id": 5878206,
            "runbook_url": "https://www.example.com",
            "slide_by": null,
            "term": [],
            "timeouts": null,
            "type": "static",
            "violation_time_limit": "ONE_HOUR",
            "violation_time_limit_seconds": 3600,
            "warning": []
          },
          "sensitive_attributes": [],
          "private": "eyJlMmJmYjczMC1lY2FhLTExZTYtOGY4OC0zNDM2M2JjN2M0YzAiOnsiY3JlYXRlIjozMDAwMDAwMDAwMH19",
          "dependencies": [
            "module.mssql_rules_alerts.newrelic_alert_policy.policy"
          ]
        },
        {
          "index_key": "10",
          "schema_version": 0,
          "attributes": {
            "account_id": 2947933,
            "aggregation_delay": "120",
            "aggregation_method": "event_flow",
            "aggregation_timer": null,
            "aggregation_window": 300,
            "baseline_direction": "upper_only",
            "close_violations_on_expiration": false,
            "critical": [
              {
                "duration": 0,
                "operator": "above_or_equals",
                "threshold": 1,
                "threshold_duration": 300,
                "threshold_occurrences": "all",
                "time_function": ""
              }
            ],
            "description": "The rule triggers an alert when a SQL Server Service Broker dialog detects an error.",
            "enabled": false,
            "entity_guid": "Mjk0NzkzM3xBSU9QU3xDT05ESVRJT058NDcwMjgyNjI",
            "evaluation_delay": null,
            "expiration_duration": 0,
            "fill_option": "none",
            "fill_value": 0,
            "id": "5878206:47028262",
            "name": "MSSQL on Windows: An SQL Server Service Broker dialog detected an error",
            "nrql": [
              {
                "evaluation_offset": 0,
                "query": "with message as msg SELECT count(message) FROM Log WHERE EventID=9736 AND Level=1 OR Level=2 OR Level=5 FACET msg AS 'Message', hostname,Level",
                "since_value": ""
              }
            ],
            "open_violation_on_expiration": false,
            "policy_id": 5878206,
            "runbook_url": "https://www.example.com",
            "slide_by": null,
            "term": [],
            "timeouts": null,
            "type": "static",
            "violation_time_limit": "ONE_HOUR",
            "violation_time_limit_seconds": 3600,
            "warning": []
          },
          "sensitive_attributes": [],
          "private": "eyJlMmJmYjczMC1lY2FhLTExZTYtOGY4OC0zNDM2M2JjN2M0YzAiOnsiY3JlYXRlIjozMDAwMDAwMDAwMH19",
          "dependencies": [
            "module.mssql_rules_alerts.newrelic_alert_policy.policy"
          ]
        },
        {
          "index_key": "100",
          "schema_version": 0,
          "attributes": {
            "account_id": 2947933,
            "aggregation_delay": "120",
            "aggregation_method": "event_flow",
            "aggregation_timer": null,
            "aggregation_window": 300,
            "baseline_direction": "upper_only",
            "close_violations_on_expiration": false,
            "critical": [
              {
                "duration": 0,
                "operator": "above_or_equals",
                "threshold": 1,
                "threshold_duration": 300,
                "threshold_occurrences": "all",
                "time_function": ""
              }
            ],
            "description": "SQL Server will not provide connections to workstations after the licensing limit has been reached.",
            "enabled": false,
            "entity_guid": "Mjk0NzkzM3xBSU9QU3xDT05ESVRJT058NDcwMjgyOTE",
            "evaluation_delay": null,
            "expiration_duration": 0,
            "fill_option": "none",
            "fill_value": 0,
            "id": "5878206:47028291",
            "name": "MSSQL on Windows: Login failed. The workstation licensing limit for SQL Server access has already been reached",
            "nrql": [
              {
                "evaluation_offset": 0,
                "query": "with message as msg SELECT count(message) FROM Log WHERE EventID=18459 AND Level=1 OR Level=2 OR Level=5 FACET msg AS 'Message', hostname,Level",
                "since_value": ""
              }
            ],
            "open_violation_on_expiration": false,
            "policy_id": 5878206,
            "runbook_url": "https://www.example.com",
            "slide_by": null,
            "term": [],
            "timeouts": null,
            "type": "static",
            "violation_time_limit": "ONE_HOUR",
            "violation_time_limit_seconds": 3600,
            "warning": []
          },
          "sensitive_attributes": [],
          "private": "eyJlMmJmYjczMC1lY2FhLTExZTYtOGY4OC0zNDM2M2JjN2M0YzAiOnsiY3JlYXRlIjozMDAwMDAwMDAwMH19",
          "dependencies": [
            "module.mssql_rules_alerts.newrelic_alert_policy.policy"
          ]
        },
        {
          "index_key": "101",
          "schema_version": 0,
          "attributes": {
            "account_id": 2947933,
            "aggregation_delay": "120",
            "aggregation_method": "event_flow",
            "aggregation_timer": null,
            "aggregation_window": 300,
            "baseline_direction": "upper_only",
            "close_violations_on_expiration": false,
            "critical": [
              {
                "duration": 0,
                "operator": "above_or_equals",
                "threshold": 1,
                "threshold_duration": 300,
                "threshold_occurrences": "all",
                "time_function": ""
              }
            ],
            "description": "Refer to Docs Online for more information on this error. This does not necessarily represent an integrity issue with the data in this database.",
            "enabled": false,
            "entity_guid": "Mjk0NzkzM3xBSU9QU3xDT05ESVRJT058NDcwMjgzMDA",
            "evaluation_delay": null,
            "expiration_duration": 0,
            "fill_option": "none",
            "fill_value": 0,
            "id": "5878206:47028300",
            "name": "MSSQL on Windows: Indexed view does not contain all rows that the view definition produces.",
            "nrql": [
              {
                "evaluation_offset": 0,
                "query": "with message as msg SELECT count(message) FROM Log WHERE EventID=8908 AND Level=1 OR Level=2 OR Level=5 FACET msg AS 'Message', hostname,Level",
                "since_value": ""
              }
            ],
            "open_violation_on_expiration": false,
            "policy_id": 5878206,
            "runbook_url": "https://www.example.com",
            "slide_by": null,
            "term": [],
            "timeouts": null,
            "type": "static",
            "violation_time_limit": "ONE_HOUR",
            "violation_time_limit_seconds": 3600,
            "warning": []
          },
          "sensitive_attributes": [],
          "private": "eyJlMmJmYjczMC1lY2FhLTExZTYtOGY4OC0zNDM2M2JjN2M0YzAiOnsiY3JlYXRlIjozMDAwMDAwMDAwMH19",
          "dependencies": [
            "module.mssql_rules_alerts.newrelic_alert_policy.policy"
          ]
        },
        {
          "index_key": "102",
          "schema_version": 0,
          "attributes": {
            "account_id": 2947933,
            "aggregation_delay": "120",
            "aggregation_method": "event_flow",
            "aggregation_timer": null,
            "aggregation_window": 300,
            "baseline_direction": "upper_only",
            "close_violations_on_expiration": false,
            "critical": [
              {
                "duration": 0,
                "operator": "above_or_equals",
                "threshold": 1,
                "threshold_duration": 300,
                "threshold_occurrences": "all",
                "time_function": ""
              }
            ],
            "description": "SQL Server has failed to open the physical file.",
            "enabled": false,
            "entity_guid": "Mjk0NzkzM3xBSU9QU3xDT05ESVRJT058NDcwMjgyODM",
            "evaluation_delay": null,
            "expiration_duration": 0,
            "fill_option": "none",
            "fill_value": 0,
            "id": "5878206:47028283",
            "name": "MSSQL on Windows: Unable to open the physical file",
            "nrql": [
              {
                "evaluation_offset": 0,
                "query": "with message as msg SELECT count(message) FROM Log WHERE EventID=5120 AND Level=1 OR Level=2 OR Level=5 FACET msg AS 'Message', hostname,Level",
                "since_value": ""
              }
            ],
            "open_violation_on_expiration": false,
            "policy_id": 5878206,
            "runbook_url": "https://www.example.com",
            "slide_by": null,
            "term": [],
            "timeouts": null,
            "type": "static",
            "violation_time_limit": "ONE_HOUR",
            "violation_time_limit_seconds": 3600,
            "warning": []
          },
          "sensitive_attributes": [],
          "private": "eyJlMmJmYjczMC1lY2FhLTExZTYtOGY4OC0zNDM2M2JjN2M0YzAiOnsiY3JlYXRlIjozMDAwMDAwMDAwMH19",
          "dependencies": [
            "module.mssql_rules_alerts.newrelic_alert_policy.policy"
          ]
        },
        {
          "index_key": "103",
          "schema_version": 0,
          "attributes": {
            "account_id": 2947933,
            "aggregation_delay": "120",
            "aggregation_method": "event_flow",
            "aggregation_timer": null,
            "aggregation_window": 300,
            "baseline_direction": "upper_only",
            "close_violations_on_expiration": false,
            "critical": [
              {
                "duration": 0,
                "operator": "above_or_equals",
                "threshold": 1,
                "threshold_duration": 300,
                "threshold_occurrences": "all",
                "time_function": ""
              }
            ],
            "description": "Unique tables are used by the database client drivers, like Microsoft Access driver for SQL Server, to build updateable queries. For a given SELECT statement, the unique table identifies the table whose row values appear at most once in the result set. This error is raised when the server is unable to compute the unique table.",
            "enabled": false,
            "entity_guid": "Mjk0NzkzM3xBSU9QU3xDT05ESVRJT058NDcwMjgyNDI",
            "evaluation_delay": null,
            "expiration_duration": 0,
            "fill_option": "none",
            "fill_value": 0,
            "id": "5878206:47028242",
            "name": "MSSQL on Windows: Unique table computation failed",
            "nrql": [
              {
                "evaluation_offset": 0,
                "query": "with message as msg SELECT count(message) FROM Log WHERE EventID=16959 AND Level=1 OR Level=2 OR Level=5 FACET msg AS 'Message', hostname,Level",
                "since_value": ""
              }
            ],
            "open_violation_on_expiration": false,
            "policy_id": 5878206,
            "runbook_url": "https://www.example.com",
            "slide_by": null,
            "term": [],
            "timeouts": null,
            "type": "static",
            "violation_time_limit": "ONE_HOUR",
            "violation_time_limit_seconds": 3600,
            "warning": []
          },
          "sensitive_attributes": [],
          "private": "eyJlMmJmYjczMC1lY2FhLTExZTYtOGY4OC0zNDM2M2JjN2M0YzAiOnsiY3JlYXRlIjozMDAwMDAwMDAwMH19",
          "dependencies": [
            "module.mssql_rules_alerts.newrelic_alert_policy.policy"
          ]
        },
        {
          "index_key": "104",
          "schema_version": 0,
          "attributes": {
            "account_id": 2947933,
            "aggregation_delay": "120",
            "aggregation_method": "event_flow",
            "aggregation_timer": null,
            "aggregation_window": 300,
            "baseline_direction": "upper_only",
            "close_violations_on_expiration": false,
            "critical": [
              {
                "duration": 0,
                "operator": "above_or_equals",
                "threshold": 1,
                "threshold_duration": 300,
                "threshold_occurrences": "all",
                "time_function": ""
              }
            ],
            "description": "You have attempted to perform a full-text indexing in a database that is not enabled for full-text indexing. The database may have never been enabled for full-text, or it may have been restored or attached, which will automatically disable full-text indexing.",
            "enabled": false,
            "entity_guid": "Mjk0NzkzM3xBSU9QU3xDT05ESVRJT058NDcwMjgyOTI",
            "evaluation_delay": null,
            "expiration_duration": 0,
            "fill_option": "none",
            "fill_value": 0,
            "id": "5878206:47028292",
            "name": "MSSQL on Windows: Full Text Search: Full-Text Search is not enabled for the current database",
            "nrql": [
              {
                "evaluation_offset": 0,
                "query": "with message as msg SELECT count(message) FROM Log WHERE EventID=15601 AND Level=1 OR Level=2 OR Level=5 FACET msg AS 'Message', hostname,Level",
                "since_value": ""
              }
            ],
            "open_violation_on_expiration": false,
            "policy_id": 5878206,
            "runbook_url": "https://www.example.com",
            "slide_by": null,
            "term": [],
            "timeouts": null,
            "type": "static",
            "violation_time_limit": "ONE_HOUR",
            "violation_time_limit_seconds": 3600,
            "warning": []
          },
          "sensitive_attributes": [],
          "private": "eyJlMmJmYjczMC1lY2FhLTExZTYtOGY4OC0zNDM2M2JjN2M0YzAiOnsiY3JlYXRlIjozMDAwMDAwMDAwMH19",
          "dependencies": [
            "module.mssql_rules_alerts.newrelic_alert_policy.policy"
          ]
        },
        {
          "index_key": "105",
          "schema_version": 0,
          "attributes": {
            "account_id": 2947933,
            "aggregation_delay": "120",
            "aggregation_method": "event_flow",
            "aggregation_timer": null,
            "aggregation_window": 300,
            "baseline_direction": "upper_only",
            "close_violations_on_expiration": false,
            "critical": [
              {
                "duration": 0,
                "operator": "above_or_equals",
                "threshold": 1,
                "threshold_duration": 300,
                "threshold_occurrences": "all",
                "time_function": ""
              }
            ],
            "description": "SQL Server received an XML document that exceeds the allowed limit.",
            "enabled": false,
            "entity_guid": "Mjk0NzkzM3xBSU9QU3xDT05ESVRJT058NDcwMjgzNDI",
            "evaluation_delay": null,
            "expiration_duration": 0,
            "fill_option": "none",
            "fill_value": 0,
            "id": "5878206:47028342",
            "name": "MSSQL on Windows: XML: Size of data chunk requested from the stream exceeds allowed limit",
            "nrql": [
              {
                "evaluation_offset": 0,
                "query": "with message as msg SELECT count(message) FROM Log WHERE EventID=6627 AND Level=1 OR Level=2 OR Level=5 FACET msg AS 'Message', hostname,Level",
                "since_value": ""
              }
            ],
            "open_violation_on_expiration": false,
            "policy_id": 5878206,
            "runbook_url": "https://www.example.com",
            "slide_by": null,
            "term": [],
            "timeouts": null,
            "type": "static",
            "violation_time_limit": "ONE_HOUR",
            "violation_time_limit_seconds": 3600,
            "warning": []
          },
          "sensitive_attributes": [],
          "private": "eyJlMmJmYjczMC1lY2FhLTExZTYtOGY4OC0zNDM2M2JjN2M0YzAiOnsiY3JlYXRlIjozMDAwMDAwMDAwMH19",
          "dependencies": [
            "module.mssql_rules_alerts.newrelic_alert_policy.policy"
          ]
        },
        {
          "index_key": "106",
          "schema_version": 0,
          "attributes": {
            "account_id": 2947933,
            "aggregation_delay": "120",
            "aggregation_method": "event_flow",
            "aggregation_timer": null,
            "aggregation_window": 300,
            "baseline_direction": "upper_only",
            "close_violations_on_expiration": false,
            "critical": [
              {
                "duration": 0,
                "operator": "above_or_equals",
                "threshold": 1,
                "threshold_duration": 300,
                "threshold_occurrences": "all",
                "time_function": ""
              }
            ],
            "description": "This message passes through XML parsing errors. The text after 'XML parsing error:' will vary. The cause will depend on the exact XML parsing error passed through.",
            "enabled": false,
            "entity_guid": "Mjk0NzkzM3xBSU9QU3xDT05ESVRJT058NDcwMjgyNjM",
            "evaluation_delay": null,
            "expiration_duration": 0,
            "fill_option": "none",
            "fill_value": 0,
            "id": "5878206:47028263",
            "name": "MSSQL on Windows: XML: XML parsing error",
            "nrql": [
              {
                "evaluation_offset": 0,
                "query": "with message as msg SELECT count(message) FROM Log WHERE EventID=6603 AND Level=1 OR Level=2 OR Level=5 FACET msg AS 'Message', hostname,Level",
                "since_value": ""
              }
            ],
            "open_violation_on_expiration": false,
            "policy_id": 5878206,
            "runbook_url": "https://www.example.com",
            "slide_by": null,
            "term": [],
            "timeouts": null,
            "type": "static",
            "violation_time_limit": "ONE_HOUR",
            "violation_time_limit_seconds": 3600,
            "warning": []
          },
          "sensitive_attributes": [],
          "private": "eyJlMmJmYjczMC1lY2FhLTExZTYtOGY4OC0zNDM2M2JjN2M0YzAiOnsiY3JlYXRlIjozMDAwMDAwMDAwMH19",
          "dependencies": [
            "module.mssql_rules_alerts.newrelic_alert_policy.policy"
          ]
        },
        {
          "index_key": "107",
          "schema_version": 0,
          "attributes": {
            "account_id": 2947933,
            "aggregation_delay": "120",
            "aggregation_method": "event_flow",
            "aggregation_timer": null,
            "aggregation_window": 300,
            "baseline_direction": "upper_only",
            "close_violations_on_expiration": false,
            "critical": [
              {
                "duration": 0,
                "operator": "above_or_equals",
                "threshold": 1,
                "threshold_duration": 300,
                "threshold_occurrences": "all",
                "time_function": ""
              }
            ],
            "description": "The rule traces monitoring workflows errors and generates error alerts.",
            "enabled": false,
            "entity_guid": "Mjk0NzkzM3xBSU9QU3xDT05ESVRJT058NDcwMjgzMjM",
            "evaluation_delay": null,
            "expiration_duration": 0,
            "fill_option": "none",
            "fill_value": 0,
            "id": "5878206:47028323",
            "name": "MSSQL on Windows: Monitoring error",
            "nrql": [
              {
                "evaluation_offset": 0,
                "query": "with message as msg SELECT count(message) FROM Log WHERE EventID=4221 AND Level=1 OR Level=2 OR Level=5 FACET msg AS 'Message', hostname,Level",
                "since_value": ""
              }
            ],
            "open_violation_on_expiration": false,
            "policy_id": 5878206,
            "runbook_url": "https://www.example.com",
            "slide_by": null,
            "term": [],
            "timeouts": null,
            "type": "static",
            "violation_time_limit": "ONE_HOUR",
            "violation_time_limit_seconds": 3600,
            "warning": []
          },
          "sensitive_attributes": [],
          "private": "eyJlMmJmYjczMC1lY2FhLTExZTYtOGY4OC0zNDM2M2JjN2M0YzAiOnsiY3JlYXRlIjozMDAwMDAwMDAwMH19",
          "dependencies": [
            "module.mssql_rules_alerts.newrelic_alert_policy.policy"
          ]
        },
        {
          "index_key": "108",
          "schema_version": 0,
          "attributes": {
            "account_id": 2947933,
            "aggregation_delay": "120",
            "aggregation_method": "event_flow",
            "aggregation_timer": null,
            "aggregation_window": 300,
            "baseline_direction": "upper_only",
            "close_violations_on_expiration": false,
            "critical": [
              {
                "duration": 0,
                "operator": "above_or_equals",
                "threshold": 1,
                "threshold_duration": 300,
                "threshold_occurrences": "all",
                "time_function": ""
              }
            ],
            "description": "This error indicates that SQL Server could not complete the BACKUP of the specified database due to a previous error. The BACKUP command that failed is given at the end of the error message. This message also appears in the Windows application log.",
            "enabled": false,
            "entity_guid": "Mjk0NzkzM3xBSU9QU3xDT05ESVRJT058NDcwMjgzMTc",
            "evaluation_delay": null,
            "expiration_duration": 0,
            "fill_option": "none",
            "fill_value": 0,
            "id": "5878206:47028317",
            "name": "MSSQL on Windows: Log Backup Failed to Complete",
            "nrql": [
              {
                "evaluation_offset": 0,
                "query": "with message as msg SELECT count(message) FROM Log WHERE EventID=3041 AND Level=1 OR Level=2 OR Level=5 AND  message LIKE '%Log Backup Failed to Complete%' FACET hostname",
                "since_value": ""
              }
            ],
            "open_violation_on_expiration": false,
            "policy_id": 5878206,
            "runbook_url": "https://www.example.com",
            "slide_by": null,
            "term": [],
            "timeouts": null,
            "type": "static",
            "violation_time_limit": "ONE_HOUR",
            "violation_time_limit_seconds": 3600,
            "warning": []
          },
          "sensitive_attributes": [],
          "private": "eyJlMmJmYjczMC1lY2FhLTExZTYtOGY4OC0zNDM2M2JjN2M0YzAiOnsiY3JlYXRlIjozMDAwMDAwMDAwMH19",
          "dependencies": [
            "module.mssql_rules_alerts.newrelic_alert_policy.policy"
          ]
        },
        {
          "index_key": "109",
          "schema_version": 0,
          "attributes": {
            "account_id": 2947933,
            "aggregation_delay": "120",
            "aggregation_method": "event_flow",
            "aggregation_timer": null,
            "aggregation_window": 300,
            "baseline_direction": "upper_only",
            "close_violations_on_expiration": false,
            "critical": [
              {
                "duration": 0,
                "operator": "above_or_equals",
                "threshold": 1,
                "threshold_duration": 300,
                "threshold_occurrences": "all",
                "time_function": ""
              }
            ],
            "description": "BACKUP failed to complete the command.",
            "enabled": false,
            "entity_guid": "Mjk0NzkzM3xBSU9QU3xDT05ESVRJT058NDcwMjgyNTY",
            "evaluation_delay": null,
            "expiration_duration": 0,
            "fill_option": "none",
            "fill_value": 0,
            "id": "5878206:47028256",
            "name": "MSSQL on Windows: Database Backup Failed To Complete",
            "nrql": [
              {
                "evaluation_offset": 0,
                "query": "with message as msg SELECT count(message) FROM Log WHERE EventID=3041 AND  Level=1 OR Level=2 OR Level=5 FACET msg AS 'Message', hostname,Level",
                "since_value": ""
              }
            ],
            "open_violation_on_expiration": false,
            "policy_id": 5878206,
            "runbook_url": "https://www.example.com",
            "slide_by": null,
            "term": [],
            "timeouts": null,
            "type": "static",
            "violation_time_limit": "ONE_HOUR",
            "violation_time_limit_seconds": 3600,
            "warning": []
          },
          "sensitive_attributes": [],
          "private": "eyJlMmJmYjczMC1lY2FhLTExZTYtOGY4OC0zNDM2M2JjN2M0YzAiOnsiY3JlYXRlIjozMDAwMDAwMDAwMH19",
          "dependencies": [
            "module.mssql_rules_alerts.newrelic_alert_policy.policy"
          ]
        },
        {
          "index_key": "11",
          "schema_version": 0,
          "attributes": {
            "account_id": 2947933,
            "aggregation_delay": "120",
            "aggregation_method": "event_flow",
            "aggregation_timer": null,
            "aggregation_window": 300,
            "baseline_direction": "upper_only",
            "close_violations_on_expiration": false,
            "critical": [
              {
                "duration": 0,
                "operator": "above_or_equals",
                "threshold": 1,
                "threshold_duration": 300,
                "threshold_occurrences": "all",
                "time_function": ""
              }
            ],
            "description": "The rule is triggered when an application domain fails to unload because of some error. The Windows application log may contain information about the original error code and other diagnostic details.",
            "enabled": false,
            "entity_guid": "Mjk0NzkzM3xBSU9QU3xDT05ESVRJT058NDcwMjgyNjQ",
            "evaluation_delay": null,
            "expiration_duration": 0,
            "fill_option": "none",
            "fill_value": 0,
            "id": "5878206:47028264",
            "name": "MSSQL on Windows: AppDomain failed to unload with error code",
            "nrql": [
              {
                "evaluation_offset": 0,
                "query": "with message as msg SELECT count(message) FROM Log WHERE EventID=6291 AND Level=1 OR Level=2 OR Level=5 FACET msg AS 'Message', hostname,Level",
                "since_value": ""
              }
            ],
            "open_violation_on_expiration": false,
            "policy_id": 5878206,
            "runbook_url": "https://www.example.com",
            "slide_by": null,
            "term": [],
            "timeouts": null,
            "type": "static",
            "violation_time_limit": "ONE_HOUR",
            "violation_time_limit_seconds": 3600,
            "warning": []
          },
          "sensitive_attributes": [],
          "private": "eyJlMmJmYjczMC1lY2FhLTExZTYtOGY4OC0zNDM2M2JjN2M0YzAiOnsiY3JlYXRlIjozMDAwMDAwMDAwMH19",
          "dependencies": [
            "module.mssql_rules_alerts.newrelic_alert_policy.policy"
          ]
        },
        {
          "index_key": "110",
          "schema_version": 0,
          "attributes": {
            "account_id": 2947933,
            "aggregation_delay": "120",
            "aggregation_method": "event_flow",
            "aggregation_timer": null,
            "aggregation_window": 300,
            "baseline_direction": "upper_only",
            "close_violations_on_expiration": false,
            "critical": [
              {
                "duration": 0,
                "operator": "above_or_equals",
                "threshold": 1,
                "threshold_duration": 300,
                "threshold_occurrences": "all",
                "time_function": ""
              }
            ],
            "description": "This is an internal query processor error.",
            "enabled": false,
            "entity_guid": "Mjk0NzkzM3xBSU9QU3xDT05ESVRJT058NDcwMjgzMTU",
            "evaluation_delay": null,
            "expiration_duration": 0,
            "fill_option": "none",
            "fill_value": 0,
            "id": "5878206:47028315",
            "name": "MSSQL on Windows: Internal Query Processor Error: The query processor encountered an internal limit overflow",
            "nrql": [
              {
                "evaluation_offset": 0,
                "query": "with message as msg SELECT count(message) FROM Log WHERE EventID=8620 AND  Level=1 OR Level=2 OR Level=5 FACET msg AS 'Message', hostname,Level",
                "since_value": ""
              }
            ],
            "open_violation_on_expiration": false,
            "policy_id": 5878206,
            "runbook_url": "https://www.example.com",
            "slide_by": null,
            "term": [],
            "timeouts": null,
            "type": "static",
            "violation_time_limit": "ONE_HOUR",
            "violation_time_limit_seconds": 3600,
            "warning": []
          },
          "sensitive_attributes": [],
          "private": "eyJlMmJmYjczMC1lY2FhLTExZTYtOGY4OC0zNDM2M2JjN2M0YzAiOnsiY3JlYXRlIjozMDAwMDAwMDAwMH19",
          "dependencies": [
            "module.mssql_rules_alerts.newrelic_alert_policy.policy"
          ]
        },
        {
          "index_key": "111",
          "schema_version": 0,
          "attributes": {
            "account_id": 2947933,
            "aggregation_delay": "120",
            "aggregation_method": "event_flow",
            "aggregation_timer": null,
            "aggregation_window": 300,
            "baseline_direction": "upper_only",
            "close_violations_on_expiration": false,
            "critical": [],
            "description": "This is an internal query processor error.",
            "enabled": false,
            "entity_guid": "Mjk0NzkzM3xBSU9QU3xDT05ESVRJT058NDcwMjgzNDQ",
            "evaluation_delay": null,
            "expiration_duration": 0,
            "fill_option": "none",
            "fill_value": 0,
            "id": "5878206:47028344",
            "name": "MSSQL on Windows: Internal Query Processor Error: The query processor encountered an internal limit overflow",
            "nrql": [
              {
                "evaluation_offset": 0,
                "query": "with message as msg SELECT count(message) FROM Log WHERE EventID=8670 AND  Level=1 OR Level=2 OR Level=5 FACET msg AS 'Message', hostname,Level",
                "since_value": ""
              }
            ],
            "open_violation_on_expiration": false,
            "policy_id": 5878206,
            "runbook_url": "https://www.example.com",
            "slide_by": null,
            "term": [],
            "timeouts": null,
            "type": "static",
            "violation_time_limit": "ONE_HOUR",
            "violation_time_limit_seconds": 3600,
            "warning": [
              {
                "duration": 0,
                "operator": "above_or_equals",
                "threshold": 1,
                "threshold_duration": 300,
                "threshold_occurrences": "all",
                "time_function": ""
              }
            ]
          },
          "sensitive_attributes": [],
          "private": "eyJlMmJmYjczMC1lY2FhLTExZTYtOGY4OC0zNDM2M2JjN2M0YzAiOnsiY3JlYXRlIjozMDAwMDAwMDAwMH19",
          "dependencies": [
            "module.mssql_rules_alerts.newrelic_alert_policy.policy"
          ]
        },
        {
          "index_key": "12",
          "schema_version": 0,
          "attributes": {
            "account_id": 2947933,
            "aggregation_delay": "120",
            "aggregation_method": "event_flow",
            "aggregation_timer": null,
            "aggregation_window": 300,
            "baseline_direction": "upper_only",
            "close_violations_on_expiration": false,
            "critical": [
              {
                "duration": 0,
                "operator": "above_or_equals",
                "threshold": 1,
                "threshold_duration": 300,
                "threshold_occurrences": "all",
                "time_function": ""
              }
            ],
            "description": "When Service Broker transport security uses SSPI, the service account for the remote database must have the CONNECT permission in the master database. The remote SQL Server instance should allow Windows Authentication for the account being used by the remote host. There are no requirements for the login to have other permissions or to own objects in any database.",
            "enabled": false,
            "entity_guid": "Mjk0NzkzM3xBSU9QU3xDT05ESVRJT058NDcwMjgzNDk",
            "evaluation_delay": null,
            "expiration_duration": 0,
            "fill_option": "none",
            "fill_value": 0,
            "id": "5878206:47028349",
            "name": "MSSQL on Windows: A security (SSPI) error occurred when connecting to another Service Broker or Database Mirroring host",
            "nrql": [
              {
                "evaluation_offset": 0,
                "query": "with message as msg SELECT count(message) FROM Log WHERE EventID=9649 AND Level=1 OR Level=2 OR Level=5 FACET msg AS 'Message', hostname,Level",
                "since_value": ""
              }
            ],
            "open_violation_on_expiration": false,
            "policy_id": 5878206,
            "runbook_url": "https://www.example.com",
            "slide_by": null,
            "term": [],
            "timeouts": null,
            "type": "static",
            "violation_time_limit": "ONE_HOUR",
            "violation_time_limit_seconds": 3600,
            "warning": []
          },
          "sensitive_attributes": [],
          "private": "eyJlMmJmYjczMC1lY2FhLTExZTYtOGY4OC0zNDM2M2JjN2M0YzAiOnsiY3JlYXRlIjozMDAwMDAwMDAwMH19",
          "dependencies": [
            "module.mssql_rules_alerts.newrelic_alert_policy.policy"
          ]
        },
        {
          "index_key": "13",
          "schema_version": 0,
          "attributes": {
            "account_id": 2947933,
            "aggregation_delay": "120",
            "aggregation_method": "event_flow",
            "aggregation_timer": null,
            "aggregation_window": 300,
            "baseline_direction": "upper_only",
            "close_violations_on_expiration": false,
            "critical": [
              {
                "duration": 0,
                "operator": "above_or_equals",
                "threshold": 1,
                "threshold_duration": 300,
                "threshold_occurrences": "all",
                "time_function": ""
              }
            ],
            "description": "The rule triggers an alert when a SQL Server Service Broker conversation has been closed due to an error.",
            "enabled": false,
            "entity_guid": "Mjk0NzkzM3xBSU9QU3xDT05ESVRJT058NDcwMjgyOTA",
            "evaluation_delay": null,
            "expiration_duration": 0,
            "fill_option": "none",
            "fill_value": 0,
            "id": "5878206:47028290",
            "name": "MSSQL on Windows: A SQL Server Service Broker conversation has been closed due to an error",
            "nrql": [
              {
                "evaluation_offset": 0,
                "query": "with message as msg SELECT count(message) FROM Log WHERE EventID=9761 AND Level=1 OR Level=2 OR Level=5 FACET msg AS 'Message', hostname,Level",
                "since_value": ""
              }
            ],
            "open_violation_on_expiration": false,
            "policy_id": 5878206,
            "runbook_url": "https://www.example.com",
            "slide_by": null,
            "term": [],
            "timeouts": null,
            "type": "static",
            "violation_time_limit": "ONE_HOUR",
            "violation_time_limit_seconds": 3600,
            "warning": []
          },
          "sensitive_attributes": [],
          "private": "eyJlMmJmYjczMC1lY2FhLTExZTYtOGY4OC0zNDM2M2JjN2M0YzAiOnsiY3JlYXRlIjozMDAwMDAwMDAwMH19",
          "dependencies": [
            "module.mssql_rules_alerts.newrelic_alert_policy.policy"
          ]
        },
        {
          "index_key": "14",
          "schema_version": 0,
          "attributes": {
            "account_id": 2947933,
            "aggregation_delay": "120",
            "aggregation_method": "event_flow",
            "aggregation_timer": null,
            "aggregation_window": 300,
            "baseline_direction": "upper_only",
            "close_violations_on_expiration": false,
            "critical": [
              {
                "duration": 0,
                "operator": "above_or_equals",
                "threshold": 1,
                "threshold_duration": 300,
                "threshold_occurrences": "all",
                "time_function": ""
              }
            ],
            "description": "The rule triggers an alert when the SQL Server Service Broker cryptographic operation fails.",
            "enabled": false,
            "entity_guid": "Mjk0NzkzM3xBSU9QU3xDT05ESVRJT058NDcwMjgyNzA",
            "evaluation_delay": null,
            "expiration_duration": 0,
            "fill_option": "none",
            "fill_value": 0,
            "id": "5878206:47028270",
            "name": "MSSQL on Windows: SQL Server Service Broker cryptographic operation failed",
            "nrql": [
              {
                "evaluation_offset": 0,
                "query": "with message as msg SELECT count(message) FROM Log WHERE EventID=9641 AND Level=1 OR Level=2 OR Level=5 FACET msg AS 'Message', hostname,Level",
                "since_value": ""
              }
            ],
            "open_violation_on_expiration": false,
            "policy_id": 5878206,
            "runbook_url": "https://www.example.com",
            "slide_by": null,
            "term": [],
            "timeouts": null,
            "type": "static",
            "violation_time_limit": "ONE_HOUR",
            "violation_time_limit_seconds": 3600,
            "warning": []
          },
          "sensitive_attributes": [],
          "private": "eyJlMmJmYjczMC1lY2FhLTExZTYtOGY4OC0zNDM2M2JjN2M0YzAiOnsiY3JlYXRlIjozMDAwMDAwMDAwMH19",
          "dependencies": [
            "module.mssql_rules_alerts.newrelic_alert_policy.policy"
          ]
        },
        {
          "index_key": "15",
          "schema_version": 0,
          "attributes": {
            "account_id": 2947933,
            "aggregation_delay": "120",
            "aggregation_method": "event_flow",
            "aggregation_timer": null,
            "aggregation_window": 300,
            "baseline_direction": "upper_only",
            "close_violations_on_expiration": false,
            "critical": [
              {
                "duration": 0,
                "operator": "above_or_equals",
                "threshold": 1,
                "threshold_duration": 300,
                "threshold_occurrences": "all",
                "time_function": ""
              }
            ],
            "description": "This error occurs when SQL Server detects that the allocation unit as stored on a database page does not match the allocation unit associated with a specific operation, such as running a SELECT statement against a table.",
            "enabled": false,
            "entity_guid": "Mjk0NzkzM3xBSU9QU3xDT05ESVRJT058NDcwMjgyNzE",
            "evaluation_delay": null,
            "expiration_duration": 0,
            "fill_option": "none",
            "fill_value": 0,
            "id": "5878206:47028271",
            "name": "MSSQL on Windows: Attempt to fetch logical page that belongs to different object",
            "nrql": [
              {
                "evaluation_offset": 0,
                "query": "with message as msg SELECT count(message) FROM Log WHERE EventID=605 AND Level=1 OR Level=2 OR Level=5 FACET msg AS 'Message', hostname,Level",
                "since_value": ""
              }
            ],
            "open_violation_on_expiration": false,
            "policy_id": 5878206,
            "runbook_url": "https://www.example.com",
            "slide_by": null,
            "term": [],
            "timeouts": null,
            "type": "static",
            "violation_time_limit": "ONE_HOUR",
            "violation_time_limit_seconds": 3600,
            "warning": []
          },
          "sensitive_attributes": [],
          "private": "eyJlMmJmYjczMC1lY2FhLTExZTYtOGY4OC0zNDM2M2JjN2M0YzAiOnsiY3JlYXRlIjozMDAwMDAwMDAwMH19",
          "dependencies": [
            "module.mssql_rules_alerts.newrelic_alert_policy.policy"
          ]
        },
        {
          "index_key": "16",
          "schema_version": 0,
          "attributes": {
            "account_id": 2947933,
            "aggregation_delay": "120",
            "aggregation_method": "event_flow",
            "aggregation_timer": null,
            "aggregation_window": 300,
            "baseline_direction": "upper_only",
            "close_violations_on_expiration": false,
            "critical": [
              {
                "duration": 0,
                "operator": "above_or_equals",
                "threshold": 1,
                "threshold_duration": 300,
                "threshold_occurrences": "all",
                "time_function": ""
              }
            ],
            "description": "The rule triggers an alert when SQL Server cannot use Address Windowing Extensions because the 'lock pages in memory' privilege was not granted.",
            "enabled": false,
            "entity_guid": "Mjk0NzkzM3xBSU9QU3xDT05ESVRJT058NDcwMjgyNDQ",
            "evaluation_delay": null,
            "expiration_duration": 0,
            "fill_option": "none",
            "fill_value": 0,
            "id": "5878206:47028244",
            "name": "MSSQL on Windows: Could not use Address Windowing Extensions because 'lock pages in memory' privilege was not granted",
            "nrql": [
              {
                "evaluation_offset": 0,
                "query": "with message as msg SELECT count(message) FROM Log WHERE EventID=17179 AND Level=1 OR Level=2 OR Level=5 FACET msg AS 'Message', hostname,Level",
                "since_value": ""
              }
            ],
            "open_violation_on_expiration": false,
            "policy_id": 5878206,
            "runbook_url": "https://www.example.com",
            "slide_by": null,
            "term": [],
            "timeouts": null,
            "type": "static",
            "violation_time_limit": "ONE_HOUR",
            "violation_time_limit_seconds": 3600,
            "warning": []
          },
          "sensitive_attributes": [],
          "private": "eyJlMmJmYjczMC1lY2FhLTExZTYtOGY4OC0zNDM2M2JjN2M0YzAiOnsiY3JlYXRlIjozMDAwMDAwMDAwMH19",
          "dependencies": [
            "module.mssql_rules_alerts.newrelic_alert_policy.policy"
          ]
        },
        {
          "index_key": "17",
          "schema_version": 0,
          "attributes": {
            "account_id": 2947933,
            "aggregation_delay": "120",
            "aggregation_method": "event_flow",
            "aggregation_timer": null,
            "aggregation_window": 300,
            "baseline_direction": "upper_only",
            "close_violations_on_expiration": false,
            "critical": [
              {
                "duration": 0,
                "operator": "above_or_equals",
                "threshold": 1,
                "threshold_duration": 300,
                "threshold_occurrences": "all",
                "time_function": ""
              }
            ],
            "description": "This message indicates that the operating system was unable to open or close a backup device (disk, tape, or pipe) specified as part of a BACKUP or RESTORE command. For more information on backup devices, refer to the Docs Online topics, 'Backup Devices' and 'BACKUP.'",
            "enabled": false,
            "entity_guid": "Mjk0NzkzM3xBSU9QU3xDT05ESVRJT058NDcwMjgyNjY",
            "evaluation_delay": null,
            "expiration_duration": 0,
            "fill_option": "none",
            "fill_value": 0,
            "id": "5878206:47028266",
            "name": "MSSQL on Windows: Backup device failed - Operating system error",
            "nrql": [
              {
                "evaluation_offset": 0,
                "query": "with message as msg SELECT count(message) FROM Log WHERE EventID=18204 AND Level=1 OR Level=2 OR Level=5 FACET msg AS 'Message', hostname,Level",
                "since_value": ""
              }
            ],
            "open_violation_on_expiration": false,
            "policy_id": 5878206,
            "runbook_url": "https://www.example.com",
            "slide_by": null,
            "term": [],
            "timeouts": null,
            "type": "static",
            "violation_time_limit": "ONE_HOUR",
            "violation_time_limit_seconds": 3600,
            "warning": []
          },
          "sensitive_attributes": [],
          "private": "eyJlMmJmYjczMC1lY2FhLTExZTYtOGY4OC0zNDM2M2JjN2M0YzAiOnsiY3JlYXRlIjozMDAwMDAwMDAwMH19",
          "dependencies": [
            "module.mssql_rules_alerts.newrelic_alert_policy.policy"
          ]
        },
        {
          "index_key": "18",
          "schema_version": 0,
          "attributes": {
            "account_id": 2947933,
            "aggregation_delay": "120",
            "aggregation_method": "event_flow",
            "aggregation_timer": null,
            "aggregation_window": 300,
            "baseline_direction": "upper_only",
            "close_violations_on_expiration": false,
            "critical": [
              {
                "duration": 0,
                "operator": "above_or_equals",
                "threshold": 1,
                "threshold_duration": 300,
                "threshold_occurrences": "all",
                "time_function": ""
              }
            ],
            "description": "The specified transaction log file has run out of free space.",
            "enabled": false,
            "entity_guid": "Mjk0NzkzM3xBSU9QU3xDT05ESVRJT058NDcwMjgyNTg",
            "evaluation_delay": null,
            "expiration_duration": 0,
            "fill_option": "none",
            "fill_value": 0,
            "id": "5878206:47028258",
            "name": "MSSQL on Windows: Database log file is full. Back up the transaction log for the database to free up some log space",
            "nrql": [
              {
                "evaluation_offset": 0,
                "query": "with message as msg SELECT count(message) FROM Log WHERE EventID=9002 AND Level=1 OR Level=2 OR Level=5 FACET msg AS 'Message', hostname,Level",
                "since_value": ""
              }
            ],
            "open_violation_on_expiration": false,
            "policy_id": 5878206,
            "runbook_url": "https://www.example.com",
            "slide_by": null,
            "term": [],
            "timeouts": null,
            "type": "static",
            "violation_time_limit": "ONE_HOUR",
            "violation_time_limit_seconds": 3600,
            "warning": []
          },
          "sensitive_attributes": [],
          "private": "eyJlMmJmYjczMC1lY2FhLTExZTYtOGY4OC0zNDM2M2JjN2M0YzAiOnsiY3JlYXRlIjozMDAwMDAwMDAwMH19",
          "dependencies": [
            "module.mssql_rules_alerts.newrelic_alert_policy.policy"
          ]
        },
        {
          "index_key": "19",
          "schema_version": 0,
          "attributes": {
            "account_id": 2947933,
            "aggregation_delay": "120",
            "aggregation_method": "event_flow",
            "aggregation_timer": null,
            "aggregation_window": 300,
            "baseline_direction": "upper_only",
            "close_violations_on_expiration": false,
            "critical": [
              {
                "duration": 0,
                "operator": "above_or_equals",
                "threshold": 1,
                "threshold_duration": 300,
                "threshold_occurrences": "all",
                "time_function": ""
              }
            ],
            "description": "The tempdb database could not be opened.",
            "enabled": false,
            "entity_guid": "Mjk0NzkzM3xBSU9QU3xDT05ESVRJT058NDcwMjgyOTM",
            "evaluation_delay": null,
            "expiration_duration": 0,
            "fill_option": "none",
            "fill_value": 0,
            "id": "5878206:47028293",
            "name": "MSSQL on Windows: Could not open tempdb. Cannot continue",
            "nrql": [
              {
                "evaluation_offset": 0,
                "query": "with message as msg SELECT count(message) FROM Log WHERE EventID=1619 AND Level=1 OR Level=2 OR Level=5 FACET msg AS 'Message', hostname,Level",
                "since_value": ""
              }
            ],
            "open_violation_on_expiration": false,
            "policy_id": 5878206,
            "runbook_url": "https://www.example.com",
            "slide_by": null,
            "term": [],
            "timeouts": null,
            "type": "static",
            "violation_time_limit": "ONE_HOUR",
            "violation_time_limit_seconds": 3600,
            "warning": []
          },
          "sensitive_attributes": [],
          "private": "eyJlMmJmYjczMC1lY2FhLTExZTYtOGY4OC0zNDM2M2JjN2M0YzAiOnsiY3JlYXRlIjozMDAwMDAwMDAwMH19",
          "dependencies": [
            "module.mssql_rules_alerts.newrelic_alert_policy.policy"
          ]
        },
        {
          "index_key": "2",
          "schema_version": 0,
          "attributes": {
            "account_id": 2947933,
            "aggregation_delay": "120",
            "aggregation_method": "event_flow",
            "aggregation_timer": null,
            "aggregation_window": 300,
            "baseline_direction": "upper_only",
            "close_violations_on_expiration": false,
            "critical": [
              {
                "duration": 0,
                "operator": "above_or_equals",
                "threshold": 1,
                "threshold_duration": 300,
                "threshold_occurrences": "all",
                "time_function": ""
              }
            ],
            "description": "The rule triggers an alert when an error occurs in the SQL Server Service Broker manager.",
            "enabled": false,
            "entity_guid": "Mjk0NzkzM3xBSU9QU3xDT05ESVRJT058NDcwMjgzMDQ",
            "evaluation_delay": null,
            "expiration_duration": 0,
            "fill_option": "none",
            "fill_value": 0,
            "id": "5878206:47028304",
            "name": "MSSQL on Windows: An error occurred in the Service Broker manager",
            "nrql": [
              {
                "evaluation_offset": 0,
                "query": "with message as msg SELECT count(message) FROM Log WHERE EventID=9645 AND Level=1 OR Level=2 OR Level=5 FACET msg AS 'Message', hostname,Level",
                "since_value": ""
              }
            ],
            "open_violation_on_expiration": false,
            "policy_id": 5878206,
            "runbook_url": "https://www.example.com",
            "slide_by": null,
            "term": [],
            "timeouts": null,
            "type": "static",
            "violation_time_limit": "ONE_HOUR",
            "violation_time_limit_seconds": 3600,
            "warning": []
          },
          "sensitive_attributes": [],
          "private": "eyJlMmJmYjczMC1lY2FhLTExZTYtOGY4OC0zNDM2M2JjN2M0YzAiOnsiY3JlYXRlIjozMDAwMDAwMDAwMH19",
          "dependencies": [
            "module.mssql_rules_alerts.newrelic_alert_policy.policy"
          ]
        },
        {
          "index_key": "20",
          "schema_version": 0,
          "attributes": {
            "account_id": 2947933,
            "aggregation_delay": "120",
            "aggregation_method": "event_flow",
            "aggregation_timer": null,
            "aggregation_window": 300,
            "baseline_direction": "upper_only",
            "close_violations_on_expiration": false,
            "critical": [
              {
                "duration": 0,
                "operator": "above_or_equals",
                "threshold": 1,
                "threshold_duration": 300,
                "threshold_occurrences": "all",
                "time_function": ""
              }
            ],
            "description": "SQL Server cannot create a file because the file already exists.",
            "enabled": false,
            "entity_guid": "Mjk0NzkzM3xBSU9QU3xDT05ESVRJT058NDcwMjgzMDc",
            "evaluation_delay": null,
            "expiration_duration": 0,
            "fill_option": "none",
            "fill_value": 0,
            "id": "5878206:47028307",
            "name": "MSSQL on Windows: Cannot create file",
            "nrql": [
              {
                "evaluation_offset": 0,
                "query": "with message as msg SELECT count(message) FROM Log WHERE EventID=5123 AND Level=1 OR Level=2 OR Level=5 FACET msg AS 'Message', hostname,Level",
                "since_value": ""
              }
            ],
            "open_violation_on_expiration": false,
            "policy_id": 5878206,
            "runbook_url": "https://www.example.com",
            "slide_by": null,
            "term": [],
            "timeouts": null,
            "type": "static",
            "violation_time_limit": "ONE_HOUR",
            "violation_time_limit_seconds": 3600,
            "warning": []
          },
          "sensitive_attributes": [],
          "private": "eyJlMmJmYjczMC1lY2FhLTExZTYtOGY4OC0zNDM2M2JjN2M0YzAiOnsiY3JlYXRlIjozMDAwMDAwMDAwMH19",
          "dependencies": [
            "module.mssql_rules_alerts.newrelic_alert_policy.policy"
          ]
        },
        {
          "index_key": "21",
          "schema_version": 0,
          "attributes": {
            "account_id": 2947933,
            "aggregation_delay": "120",
            "aggregation_method": "event_flow",
            "aggregation_timer": null,
            "aggregation_window": 300,
            "baseline_direction": "upper_only",
            "close_violations_on_expiration": false,
            "critical": [
              {
                "duration": 0,
                "operator": "above_or_equals",
                "threshold": 1,
                "threshold_duration": 300,
                "threshold_occurrences": "all",
                "time_function": ""
              }
            ],
            "description": "The rule triggers an alert when service broker fails to start the activation manager.",
            "enabled": false,
            "entity_guid": "Mjk0NzkzM3xBSU9QU3xDT05ESVRJT058NDcwMjgyNTQ",
            "evaluation_delay": null,
            "expiration_duration": 0,
            "fill_option": "none",
            "fill_value": 0,
            "id": "5878206:47028254",
            "name": "MSSQL on Windows: Cannot start service broker activation manager",
            "nrql": [
              {
                "evaluation_offset": 0,
                "query": "with message as msg SELECT count(message) FROM Log WHERE EventID=9701 AND Level=1 OR Level=2 OR Level=5 FACET msg AS 'Message', hostname,Level",
                "since_value": ""
              }
            ],
            "open_violation_on_expiration": false,
            "policy_id": 5878206,
            "runbook_url": "https://www.example.com",
            "slide_by": null,
            "term": [],
            "timeouts": null,
            "type": "static",
            "violation_time_limit": "ONE_HOUR",
            "violation_time_limit_seconds": 3600,
            "warning": []
          },
          "sensitive_attributes": [],
          "private": "eyJlMmJmYjczMC1lY2FhLTExZTYtOGY4OC0zNDM2M2JjN2M0YzAiOnsiY3JlYXRlIjozMDAwMDAwMDAwMH19",
          "dependencies": [
            "module.mssql_rules_alerts.newrelic_alert_policy.policy"
          ]
        },
        {
          "index_key": "22",
          "schema_version": 0,
          "attributes": {
            "account_id": 2947933,
            "aggregation_delay": "120",
            "aggregation_method": "event_flow",
            "aggregation_timer": null,
            "aggregation_window": 300,
            "baseline_direction": "upper_only",
            "close_violations_on_expiration": false,
            "critical": [
              {
                "duration": 0,
                "operator": "above_or_equals",
                "threshold": 1,
                "threshold_duration": 300,
                "threshold_occurrences": "all",
                "time_function": ""
              }
            ],
            "description": "The rule triggers an alert when SQL Server cannot start the service broker manager.",
            "enabled": false,
            "entity_guid": "Mjk0NzkzM3xBSU9QU3xDT05ESVRJT058NDcwMjgzMTQ",
            "evaluation_delay": null,
            "expiration_duration": 0,
            "fill_option": "none",
            "fill_value": 0,
            "id": "5878206:47028314",
            "name": "MSSQL on Windows: Cannot start service broker manager",
            "nrql": [
              {
                "evaluation_offset": 0,
                "query": "with message as msg SELECT count(message) FROM Log WHERE EventID=9694 AND Level=1 OR Level=2 OR Level=5 FACET msg AS 'Message', hostname,Level",
                "since_value": ""
              }
            ],
            "open_violation_on_expiration": false,
            "policy_id": 5878206,
            "runbook_url": "https://www.example.com",
            "slide_by": null,
            "term": [],
            "timeouts": null,
            "type": "static",
            "violation_time_limit": "ONE_HOUR",
            "violation_time_limit_seconds": 3600,
            "warning": []
          },
          "sensitive_attributes": [],
          "private": "eyJlMmJmYjczMC1lY2FhLTExZTYtOGY4OC0zNDM2M2JjN2M0YzAiOnsiY3JlYXRlIjozMDAwMDAwMDAwMH19",
          "dependencies": [
            "module.mssql_rules_alerts.newrelic_alert_policy.policy"
          ]
        },
        {
          "index_key": "23",
          "schema_version": 0,
          "attributes": {
            "account_id": 2947933,
            "aggregation_delay": "120",
            "aggregation_method": "event_flow",
            "aggregation_timer": null,
            "aggregation_window": 300,
            "baseline_direction": "upper_only",
            "close_violations_on_expiration": false,
            "critical": [
              {
                "duration": 0,
                "operator": "above_or_equals",
                "threshold": 1,
                "threshold_duration": 300,
                "threshold_occurrences": "all",
                "time_function": ""
              }
            ],
            "description": "The rule triggers an alert when SQL Server cannot start the service broker manager due to the operating system error.",
            "enabled": false,
            "entity_guid": "Mjk0NzkzM3xBSU9QU3xDT05ESVRJT058NDcwMjgzMjI",
            "evaluation_delay": null,
            "expiration_duration": 0,
            "fill_option": "none",
            "fill_value": 0,
            "id": "5878206:47028322",
            "name": "MSSQL on Windows: Cannot start service broker manager due to operating system error",
            "nrql": [
              {
                "evaluation_offset": 0,
                "query": "with message as msg SELECT count(message) FROM Log WHERE EventID=28002 AND Level=1 OR Level=2 OR Level=5 FACET msg AS 'Message', hostname,Level",
                "since_value": ""
              }
            ],
            "open_violation_on_expiration": false,
            "policy_id": 5878206,
            "runbook_url": "https://www.example.com",
            "slide_by": null,
            "term": [],
            "timeouts": null,
            "type": "static",
            "violation_time_limit": "ONE_HOUR",
            "violation_time_limit_seconds": 3600,
            "warning": []
          },
          "sensitive_attributes": [],
          "private": "eyJlMmJmYjczMC1lY2FhLTExZTYtOGY4OC0zNDM2M2JjN2M0YzAiOnsiY3JlYXRlIjozMDAwMDAwMDAwMH19",
          "dependencies": [
            "module.mssql_rules_alerts.newrelic_alert_policy.policy"
          ]
        },
        {
          "index_key": "24",
          "schema_version": 0,
          "attributes": {
            "account_id": 2947933,
            "aggregation_delay": "120",
            "aggregation_method": "event_flow",
            "aggregation_timer": null,
            "aggregation_window": 300,
            "baseline_direction": "upper_only",
            "close_violations_on_expiration": false,
            "critical": [
              {
                "duration": 0,
                "operator": "above_or_equals",
                "threshold": 1,
                "threshold_duration": 300,
                "threshold_occurrences": "all",
                "time_function": ""
              }
            ],
            "description": "Service Broker security manager could not start.",
            "enabled": false,
            "entity_guid": "Mjk0NzkzM3xBSU9QU3xDT05ESVRJT058NDcwMjgyOTQ",
            "evaluation_delay": null,
            "expiration_duration": 0,
            "fill_option": "none",
            "fill_value": 0,
            "id": "5878206:47028294",
            "name": "MSSQL on Windows: Cannot start service broker security manager",
            "nrql": [
              {
                "evaluation_offset": 0,
                "query": "with message as msg SELECT count(message) FROM Log WHERE EventID=9698 AND Level=1 OR Level=2 OR Level=5 FACET msg AS 'Message', hostname,Level",
                "since_value": ""
              }
            ],
            "open_violation_on_expiration": false,
            "policy_id": 5878206,
            "runbook_url": "https://www.example.com",
            "slide_by": null,
            "term": [],
            "timeouts": null,
            "type": "static",
            "violation_time_limit": "ONE_HOUR",
            "violation_time_limit_seconds": 3600,
            "warning": []
          },
          "sensitive_attributes": [],
          "private": "eyJlMmJmYjczMC1lY2FhLTExZTYtOGY4OC0zNDM2M2JjN2M0YzAiOnsiY3JlYXRlIjozMDAwMDAwMDAwMH19",
          "dependencies": [
            "module.mssql_rules_alerts.newrelic_alert_policy.policy"
          ]
        },
        {
          "index_key": "25",
          "schema_version": 0,
          "attributes": {
            "account_id": 2947933,
            "aggregation_delay": "120",
            "aggregation_method": "event_flow",
            "aggregation_timer": null,
            "aggregation_window": 300,
            "baseline_direction": "upper_only",
            "close_violations_on_expiration": false,
            "critical": [
              {
                "duration": 0,
                "operator": "above_or_equals",
                "threshold": 1,
                "threshold_duration": 300,
                "threshold_occurrences": "all",
                "time_function": ""
              }
            ],
            "description": "The rule triggers an alert when SQL Server cannot start Service Broker on a database.",
            "enabled": false,
            "entity_guid": "Mjk0NzkzM3xBSU9QU3xDT05ESVRJT058NDcwMjgyMzg",
            "evaluation_delay": null,
            "expiration_duration": 0,
            "fill_option": "none",
            "fill_value": 0,
            "id": "5878206:47028238",
            "name": "MSSQL on Windows: Cannot start SQL Server Service Broker on a database",
            "nrql": [
              {
                "evaluation_offset": 0,
                "query": "with message as msg SELECT count(message) FROM Log WHERE EventID=9697 AND Level=1 OR Level=2 OR Level=5 FACET msg AS 'Message', hostname,Level",
                "since_value": ""
              }
            ],
            "open_violation_on_expiration": false,
            "policy_id": 5878206,
            "runbook_url": "https://www.example.com",
            "slide_by": null,
            "term": [],
            "timeouts": null,
            "type": "static",
            "violation_time_limit": "ONE_HOUR",
            "violation_time_limit_seconds": 3600,
            "warning": []
          },
          "sensitive_attributes": [],
          "private": "eyJlMmJmYjczMC1lY2FhLTExZTYtOGY4OC0zNDM2M2JjN2M0YzAiOnsiY3JlYXRlIjozMDAwMDAwMDAwMH19",
          "dependencies": [
            "module.mssql_rules_alerts.newrelic_alert_policy.policy"
          ]
        },
        {
          "index_key": "26",
          "schema_version": 0,
          "attributes": {
            "account_id": 2947933,
            "aggregation_delay": "120",
            "aggregation_method": "event_flow",
            "aggregation_timer": null,
            "aggregation_window": 300,
            "baseline_direction": "upper_only",
            "close_violations_on_expiration": false,
            "critical": [
              {
                "duration": 0,
                "operator": "above_or_equals",
                "threshold": 1,
                "threshold_duration": 300,
                "threshold_occurrences": "all",
                "time_function": ""
              }
            ],
            "description": "Possibly tempdb out of space or a system table is inconsistent. Check previous errors.",
            "enabled": false,
            "entity_guid": "Mjk0NzkzM3xBSU9QU3xDT05ESVRJT058NDcwMjgzMTI",
            "evaluation_delay": null,
            "expiration_duration": 0,
            "fill_option": "none",
            "fill_value": 0,
            "id": "5878206:47028312",
            "name": "MSSQL on Windows: CHECKTABLE terminated. A failure was detected while collecting facts.",
            "nrql": [
              {
                "evaluation_offset": 0,
                "query": "with message as msg SELECT count(message) FROM Log WHERE EventID=8921 AND Level=1 OR Level=2 OR Level=5 FACET msg AS 'Message', hostname,Level",
                "since_value": ""
              }
            ],
            "open_violation_on_expiration": false,
            "policy_id": 5878206,
            "runbook_url": "https://www.example.com",
            "slide_by": null,
            "term": [],
            "timeouts": null,
            "type": "static",
            "violation_time_limit": "ONE_HOUR",
            "violation_time_limit_seconds": 3600,
            "warning": []
          },
          "sensitive_attributes": [],
          "private": "eyJlMmJmYjczMC1lY2FhLTExZTYtOGY4OC0zNDM2M2JjN2M0YzAiOnsiY3JlYXRlIjozMDAwMDAwMDAwMH19",
          "dependencies": [
            "module.mssql_rules_alerts.newrelic_alert_policy.policy"
          ]
        },
        {
          "index_key": "27",
          "schema_version": 0,
          "attributes": {
            "account_id": 2947933,
            "aggregation_delay": "120",
            "aggregation_method": "event_flow",
            "aggregation_timer": null,
            "aggregation_window": 300,
            "baseline_direction": "upper_only",
            "close_violations_on_expiration": false,
            "critical": [
              {
                "duration": 0,
                "operator": "above_or_equals",
                "threshold": 1,
                "threshold_duration": 300,
                "threshold_occurrences": "all",
                "time_function": ""
              }
            ],
            "description": "It is detected that a database page has been unexpectedly modified while in cache (by verifying the page checksum).",
            "enabled": false,
            "entity_guid": "Mjk0NzkzM3xBSU9QU3xDT05ESVRJT058NDcwMjgzMzQ",
            "evaluation_delay": null,
            "expiration_duration": 0,
            "fill_option": "none",
            "fill_value": 0,
            "id": "5878206:47028334",
            "name": "MSSQL on Windows: Checksum failure while page in cache",
            "nrql": [
              {
                "evaluation_offset": 0,
                "query": "with message as msg SELECT count(message) FROM Log WHERE EventID=832 AND Level=1 OR Level=2 OR Level=5 FACET msg AS 'Message', hostname,Level",
                "since_value": ""
              }
            ],
            "open_violation_on_expiration": false,
            "policy_id": 5878206,
            "runbook_url": "https://www.example.com",
            "slide_by": null,
            "term": [],
            "timeouts": null,
            "type": "static",
            "violation_time_limit": "ONE_HOUR",
            "violation_time_limit_seconds": 3600,
            "warning": []
          },
          "sensitive_attributes": [],
          "private": "eyJlMmJmYjczMC1lY2FhLTExZTYtOGY4OC0zNDM2M2JjN2M0YzAiOnsiY3JlYXRlIjozMDAwMDAwMDAwMH19",
          "dependencies": [
            "module.mssql_rules_alerts.newrelic_alert_policy.policy"
          ]
        },
        {
          "index_key": "28",
          "schema_version": 0,
          "attributes": {
            "account_id": 2947933,
            "aggregation_delay": "120",
            "aggregation_method": "event_flow",
            "aggregation_timer": null,
            "aggregation_window": 300,
            "baseline_direction": "upper_only",
            "close_violations_on_expiration": false,
            "critical": [
              {
                "duration": 0,
                "operator": "above_or_equals",
                "threshold": 1,
                "threshold_duration": 300,
                "threshold_occurrences": "all",
                "time_function": ""
              }
            ],
            "description": "The XML is not well-formed because the element tag nesting level has exceeded the number of columns in the table, one or more tags is self-referencing, or both. For more information about FOR XML EXPLICIT, see 'Using EXPLICIT Mode' in Docs Online.",
            "enabled": false,
            "entity_guid": "Mjk0NzkzM3xBSU9QU3xDT05ESVRJT058NDcwMjgyODE",
            "evaluation_delay": null,
            "expiration_duration": 0,
            "fill_option": "none",
            "fill_value": 0,
            "id": "5878206:47028281",
            "name": "MSSQL on Windows: XML: FOR XML EXPLICIT stack overflow occurred.",
            "nrql": [
              {
                "evaluation_offset": 0,
                "query": "with message as msg SELECT count(message) FROM Log WHERE EventID=6805 AND Level=1 OR Level=2 OR Level=5 FACET msg AS 'Message', hostname,Level",
                "since_value": ""
              }
            ],
            "open_violation_on_expiration": false,
            "policy_id": 5878206,
            "runbook_url": "https://www.example.com",
            "slide_by": null,
            "term": [],
            "timeouts": null,
            "type": "static",
            "violation_time_limit": "ONE_HOUR",
            "violation_time_limit_seconds": 3600,
            "warning": []
          },
          "sensitive_attributes": [],
          "private": "eyJlMmJmYjczMC1lY2FhLTExZTYtOGY4OC0zNDM2M2JjN2M0YzAiOnsiY3JlYXRlIjozMDAwMDAwMDAwMH19",
          "dependencies": [
            "module.mssql_rules_alerts.newrelic_alert_policy.policy"
          ]
        },
        {
          "index_key": "29",
          "schema_version": 0,
          "attributes": {
            "account_id": 2947933,
            "aggregation_delay": "120",
            "aggregation_method": "event_flow",
            "aggregation_timer": null,
            "aggregation_window": 300,
            "baseline_direction": "upper_only",
            "close_violations_on_expiration": false,
            "critical": [
              {
                "duration": 0,
                "operator": "above_or_equals",
                "threshold": 1,
                "threshold_duration": 300,
                "threshold_occurrences": "all",
                "time_function": ""
              }
            ],
            "description": "This installation of the Common Language Runtime (CLR) is corrupted. The CLR is installed with the Microsoft .NET Framework.",
            "enabled": false,
            "entity_guid": "Mjk0NzkzM3xBSU9QU3xDT05ESVRJT058NDcwMjgyNTM",
            "evaluation_delay": null,
            "expiration_duration": 0,
            "fill_option": "none",
            "fill_value": 0,
            "id": "5878206:47028253",
            "name": "MSSQL on Windows: Common Language Runtime (CLR) not installed properly",
            "nrql": [
              {
                "evaluation_offset": 0,
                "query": "with message as msg SELECT count(message) FROM Log WHERE EventID=6510 AND Level=1 OR Level=2 OR Level=5 FACET msg AS 'Message', hostname,Level",
                "since_value": ""
              }
            ],
            "open_violation_on_expiration": false,
            "policy_id": 5878206,
            "runbook_url": "https://www.example.com",
            "slide_by": null,
            "term": [],
            "timeouts": null,
            "type": "static",
            "violation_time_limit": "ONE_HOUR",
            "violation_time_limit_seconds": 3600,
            "warning": []
          },
          "sensitive_attributes": [],
          "private": "eyJlMmJmYjczMC1lY2FhLTExZTYtOGY4OC0zNDM2M2JjN2M0YzAiOnsiY3JlYXRlIjozMDAwMDAwMDAwMH19",
          "dependencies": [
            "module.mssql_rules_alerts.newrelic_alert_policy.policy"
          ]
        },
        {
          "index_key": "3",
          "schema_version": 0,
          "attributes": {
            "account_id": 2947933,
            "aggregation_delay": "120",
            "aggregation_method": "event_flow",
            "aggregation_timer": null,
            "aggregation_window": 300,
            "baseline_direction": "upper_only",
            "close_violations_on_expiration": false,
            "critical": [
              {
                "duration": 0,
                "operator": "above_or_equals",
                "threshold": 1,
                "threshold_duration": 300,
                "threshold_occurrences": "all",
                "time_function": ""
              }
            ],
            "description": "SQL Server Service Broker raises MSSQLSERVER event ID 8405 when an error prevents Service Broker from disabling a queue during a rollback.",
            "enabled": false,
            "entity_guid": "Mjk0NzkzM3xBSU9QU3xDT05ESVRJT058NDcwMjgyNTk",
            "evaluation_delay": null,
            "expiration_duration": 0,
            "fill_option": "none",
            "fill_value": 0,
            "id": "5878206:47028259",
            "name": "MSSQL on Windows: An error occurred in the Service Broker queue rollback handler",
            "nrql": [
              {
                "evaluation_offset": 0,
                "query": "with message as msg SELECT count(message) FROM Log WHERE EventID=8405 AND Level=1 OR Level=2 OR Level=5 FACET msg AS 'Message', hostname,Level",
                "since_value": ""
              }
            ],
            "open_violation_on_expiration": false,
            "policy_id": 5878206,
            "runbook_url": "https://www.example.com",
            "slide_by": null,
            "term": [],
            "timeouts": null,
            "type": "static",
            "violation_time_limit": "ONE_HOUR",
            "violation_time_limit_seconds": 3600,
            "warning": []
          },
          "sensitive_attributes": [],
          "private": "eyJlMmJmYjczMC1lY2FhLTExZTYtOGY4OC0zNDM2M2JjN2M0YzAiOnsiY3JlYXRlIjozMDAwMDAwMDAwMH19",
          "dependencies": [
            "module.mssql_rules_alerts.newrelic_alert_policy.policy"
          ]
        },
        {
          "index_key": "30",
          "schema_version": 0,
          "attributes": {
            "account_id": 2947933,
            "aggregation_delay": "120",
            "aggregation_method": "event_flow",
            "aggregation_timer": null,
            "aggregation_window": 300,
            "baseline_direction": "upper_only",
            "close_violations_on_expiration": false,
            "critical": [
              {
                "duration": 0,
                "operator": "above_or_equals",
                "threshold": 1,
                "threshold_duration": 300,
                "threshold_occurrences": "all",
                "time_function": ""
              }
            ],
            "description": "This error occurs when you try to add or drop a column to a merge article, but the conflict table specified in sysmergearticles for the modified article does not actually exist in the database.",
            "enabled": false,
            "entity_guid": "Mjk0NzkzM3xBSU9QU3xDT05ESVRJT058NDcwMjgyNDE",
            "evaluation_delay": null,
            "expiration_duration": 0,
            "fill_option": "none",
            "fill_value": 0,
            "id": "5878206:47028241",
            "name": "MSSQL on Windows: Conflict table does not exist",
            "nrql": [
              {
                "evaluation_offset": 0,
                "query": "with message as msg SELECT count(message) FROM Log WHERE EventID=21286 AND Level=1 OR Level=2 OR Level=5 FACET msg AS 'Message', hostname,Level",
                "since_value": ""
              }
            ],
            "open_violation_on_expiration": false,
            "policy_id": 5878206,
            "runbook_url": "https://www.example.com",
            "slide_by": null,
            "term": [],
            "timeouts": null,
            "type": "static",
            "violation_time_limit": "ONE_HOUR",
            "violation_time_limit_seconds": 3600,
            "warning": []
          },
          "sensitive_attributes": [],
          "private": "eyJlMmJmYjczMC1lY2FhLTExZTYtOGY4OC0zNDM2M2JjN2M0YzAiOnsiY3JlYXRlIjozMDAwMDAwMDAwMH19",
          "dependencies": [
            "module.mssql_rules_alerts.newrelic_alert_policy.policy"
          ]
        },
        {
          "index_key": "31",
          "schema_version": 0,
          "attributes": {
            "account_id": 2947933,
            "aggregation_delay": "120",
            "aggregation_method": "event_flow",
            "aggregation_timer": null,
            "aggregation_window": 300,
            "baseline_direction": "upper_only",
            "close_violations_on_expiration": false,
            "critical": [
              {
                "duration": 0,
                "operator": "above_or_equals",
                "threshold": 1,
                "threshold_duration": 300,
                "threshold_occurrences": "all",
                "time_function": ""
              }
            ],
            "description": "This error occurs when there is not enough space on the device to create the model database.",
            "enabled": false,
            "entity_guid": "Mjk0NzkzM3xBSU9QU3xDT05ESVRJT058NDcwMjgzMTY",
            "evaluation_delay": null,
            "expiration_duration": 0,
            "fill_option": "none",
            "fill_value": 0,
            "id": "5878206:47028316",
            "name": "MSSQL on Windows: CREATE DATABASE failed. Could not allocate enough disk space for a new database on the named disks",
            "nrql": [
              {
                "evaluation_offset": 0,
                "query": "with message as msg SELECT count(message) FROM Log WHERE EventID=1803 AND Level=1 OR Level=2 OR Level=5 FACET msg AS 'Message', hostname,Level",
                "since_value": ""
              }
            ],
            "open_violation_on_expiration": false,
            "policy_id": 5878206,
            "runbook_url": "https://www.example.com",
            "slide_by": null,
            "term": [],
            "timeouts": null,
            "type": "static",
            "violation_time_limit": "ONE_HOUR",
            "violation_time_limit_seconds": 3600,
            "warning": []
          },
          "sensitive_attributes": [],
          "private": "eyJlMmJmYjczMC1lY2FhLTExZTYtOGY4OC0zNDM2M2JjN2M0YzAiOnsiY3JlYXRlIjozMDAwMDAwMDAwMH19",
          "dependencies": [
            "module.mssql_rules_alerts.newrelic_alert_policy.policy"
          ]
        },
        {
          "index_key": "32",
          "schema_version": 0,
          "attributes": {
            "account_id": 2947933,
            "aggregation_delay": "120",
            "aggregation_method": "event_flow",
            "aggregation_timer": null,
            "aggregation_window": 300,
            "baseline_direction": "upper_only",
            "close_violations_on_expiration": false,
            "critical": [
              {
                "duration": 0,
                "operator": "above_or_equals",
                "threshold": 1,
                "threshold_duration": 300,
                "threshold_occurrences": "all",
                "time_function": ""
              }
            ],
            "description": "The specified Filegroup has run out of free space.",
            "enabled": false,
            "entity_guid": "Mjk0NzkzM3xBSU9QU3xDT05ESVRJT058NDcwMjgzMjY",
            "evaluation_delay": null,
            "expiration_duration": 0,
            "fill_option": "none",
            "fill_value": 0,
            "id": "5878206:47028326",
            "name": "MSSQL on Windows: Could not allocate space for object in database because the Filegroup is full",
            "nrql": [
              {
                "evaluation_offset": 0,
                "query": "with message as msg SELECT count(message) FROM Log WHERE EventID=1105 AND Level=1 OR Level=2 OR Level=5 FACET msg AS 'Message', hostname,Level",
                "since_value": ""
              }
            ],
            "open_violation_on_expiration": false,
            "policy_id": 5878206,
            "runbook_url": "https://www.example.com",
            "slide_by": null,
            "term": [],
            "timeouts": null,
            "type": "static",
            "violation_time_limit": "ONE_HOUR",
            "violation_time_limit_seconds": 3600,
            "warning": []
          },
          "sensitive_attributes": [],
          "private": "eyJlMmJmYjczMC1lY2FhLTExZTYtOGY4OC0zNDM2M2JjN2M0YzAiOnsiY3JlYXRlIjozMDAwMDAwMDAwMH19",
          "dependencies": [
            "module.mssql_rules_alerts.newrelic_alert_policy.policy"
          ]
        },
        {
          "index_key": "33",
          "schema_version": 0,
          "attributes": {
            "account_id": 2947933,
            "aggregation_delay": "120",
            "aggregation_method": "event_flow",
            "aggregation_timer": null,
            "aggregation_window": 300,
            "baseline_direction": "upper_only",
            "close_violations_on_expiration": false,
            "critical": [
              {
                "duration": 0,
                "operator": "above_or_equals",
                "threshold": 1,
                "threshold_duration": 300,
                "threshold_occurrences": "all",
                "time_function": ""
              }
            ],
            "description": "The rule triggers an alert when SQL Server fails to create an application domain manager.",
            "enabled": false,
            "entity_guid": "Mjk0NzkzM3xBSU9QU3xDT05ESVRJT058NDcwMjgzMDI",
            "evaluation_delay": null,
            "expiration_duration": 0,
            "fill_option": "none",
            "fill_value": 0,
            "id": "5878206:47028302",
            "name": "MSSQL on Windows: Could not create AppDomain manager",
            "nrql": [
              {
                "evaluation_offset": 0,
                "query": "with message as msg SELECT count(message) FROM Log WHERE EventID=10303 AND Level=1 OR Level=2 OR Level=5 FACET msg AS 'Message', hostname,Level",
                "since_value": ""
              }
            ],
            "open_violation_on_expiration": false,
            "policy_id": 5878206,
            "runbook_url": "https://www.example.com",
            "slide_by": null,
            "term": [],
            "timeouts": null,
            "type": "static",
            "violation_time_limit": "ONE_HOUR",
            "violation_time_limit_seconds": 3600,
            "warning": []
          },
          "sensitive_attributes": [],
          "private": "eyJlMmJmYjczMC1lY2FhLTExZTYtOGY4OC0zNDM2M2JjN2M0YzAiOnsiY3JlYXRlIjozMDAwMDAwMDAwMH19",
          "dependencies": [
            "module.mssql_rules_alerts.newrelic_alert_policy.policy"
          ]
        },
        {
          "index_key": "34",
          "schema_version": 0,
          "attributes": {
            "account_id": 2947933,
            "aggregation_delay": "120",
            "aggregation_method": "event_flow",
            "aggregation_timer": null,
            "aggregation_window": 300,
            "baseline_direction": "upper_only",
            "close_violations_on_expiration": false,
            "critical": [
              {
                "duration": 0,
                "operator": "above_or_equals",
                "threshold": 1,
                "threshold_duration": 300,
                "threshold_occurrences": "all",
                "time_function": ""
              }
            ],
            "description": "An operating system error occurred when opening the primary file of a database. The error message contains the specific operating system error encountered.",
            "enabled": false,
            "entity_guid": "Mjk0NzkzM3xBSU9QU3xDT05ESVRJT058NDcwMjgzNDU",
            "evaluation_delay": null,
            "expiration_duration": 0,
            "fill_option": "none",
            "fill_value": 0,
            "id": "5878206:47028345",
            "name": "MSSQL on Windows: Failed to open primary database file",
            "nrql": [
              {
                "evaluation_offset": 0,
                "query": "with message as msg SELECT count(message) FROM Log WHERE EventID=17204 AND Level=1 OR Level=2 OR Level=5 FACET msg AS 'Message', hostname,Level",
                "since_value": ""
              }
            ],
            "open_violation_on_expiration": false,
            "policy_id": 5878206,
            "runbook_url": "https://www.example.com",
            "slide_by": null,
            "term": [],
            "timeouts": null,
            "type": "static",
            "violation_time_limit": "ONE_HOUR",
            "violation_time_limit_seconds": 3600,
            "warning": []
          },
          "sensitive_attributes": [],
          "private": "eyJlMmJmYjczMC1lY2FhLTExZTYtOGY4OC0zNDM2M2JjN2M0YzAiOnsiY3JlYXRlIjozMDAwMDAwMDAwMH19",
          "dependencies": [
            "module.mssql_rules_alerts.newrelic_alert_policy.policy"
          ]
        },
        {
          "index_key": "35",
          "schema_version": 0,
          "attributes": {
            "account_id": 2947933,
            "aggregation_delay": "120",
            "aggregation_method": "event_flow",
            "aggregation_timer": null,
            "aggregation_window": 300,
            "baseline_direction": "upper_only",
            "close_violations_on_expiration": false,
            "critical": [
              {
                "duration": 0,
                "operator": "above_or_equals",
                "threshold": 1,
                "threshold_duration": 300,
                "threshold_occurrences": "all",
                "time_function": ""
              }
            ],
            "description": "When installing Microsoft SQL Server on an NTFS partition, make sure that the NTFS file permissions allow read/write access. Otherwise, this error message may appear in the Microsoft Windows NT application log.",
            "enabled": false,
            "entity_guid": "Mjk0NzkzM3xBSU9QU3xDT05ESVRJT058NDcwMjgzNDc",
            "evaluation_delay": null,
            "expiration_duration": 0,
            "fill_option": "none",
            "fill_value": 0,
            "id": "5878206:47028347",
            "name": "MSSQL on Windows: Could not open error log file",
            "nrql": [
              {
                "evaluation_offset": 0,
                "query": "with message as msg SELECT count(message) FROM Log WHERE EventID=17058 AND Level=1 OR Level=2 OR Level=5 FACET msg AS 'Message', hostname,Level",
                "since_value": ""
              }
            ],
            "open_violation_on_expiration": false,
            "policy_id": 5878206,
            "runbook_url": "https://www.example.com",
            "slide_by": null,
            "term": [],
            "timeouts": null,
            "type": "static",
            "violation_time_limit": "ONE_HOUR",
            "violation_time_limit_seconds": 3600,
            "warning": []
          },
          "sensitive_attributes": [],
          "private": "eyJlMmJmYjczMC1lY2FhLTExZTYtOGY4OC0zNDM2M2JjN2M0YzAiOnsiY3JlYXRlIjozMDAwMDAwMDAwMH19",
          "dependencies": [
            "module.mssql_rules_alerts.newrelic_alert_policy.policy"
          ]
        },
        {
          "index_key": "36",
          "schema_version": 0,
          "attributes": {
            "account_id": 2947933,
            "aggregation_delay": "120",
            "aggregation_method": "event_flow",
            "aggregation_timer": null,
            "aggregation_window": 300,
            "baseline_direction": "upper_only",
            "close_violations_on_expiration": false,
            "critical": [
              {
                "duration": 0,
                "operator": "above_or_equals",
                "threshold": 1,
                "threshold_duration": 300,
                "threshold_occurrences": "all",
                "time_function": ""
              }
            ],
            "description": "This error occurs when SQL Server uses an invalid file ID while performing some operation. This error can occur for several different scenarios.",
            "enabled": false,
            "entity_guid": "Mjk0NzkzM3xBSU9QU3xDT05ESVRJT058NDcwMjgzMDE",
            "evaluation_delay": null,
            "expiration_duration": 0,
            "fill_option": "none",
            "fill_value": 0,
            "id": "5878206:47028301",
            "name": "MSSQL on Windows: Invalid reference to File ID",
            "nrql": [
              {
                "evaluation_offset": 0,
                "query": "with message as msg SELECT count(message) FROM Log WHERE EventID=5180 AND Level=1 OR Level=2 OR Level=5 FACET msg AS 'Message', hostname,Level",
                "since_value": ""
              }
            ],
            "open_violation_on_expiration": false,
            "policy_id": 5878206,
            "runbook_url": "https://www.example.com",
            "slide_by": null,
            "term": [],
            "timeouts": null,
            "type": "static",
            "violation_time_limit": "ONE_HOUR",
            "violation_time_limit_seconds": 3600,
            "warning": []
          },
          "sensitive_attributes": [],
          "private": "eyJlMmJmYjczMC1lY2FhLTExZTYtOGY4OC0zNDM2M2JjN2M0YzAiOnsiY3JlYXRlIjozMDAwMDAwMDAwMH19",
          "dependencies": [
            "module.mssql_rules_alerts.newrelic_alert_policy.policy"
          ]
        },
        {
          "index_key": "37",
          "schema_version": 0,
          "attributes": {
            "account_id": 2947933,
            "aggregation_delay": "120",
            "aggregation_method": "event_flow",
            "aggregation_timer": null,
            "aggregation_window": 300,
            "baseline_direction": "upper_only",
            "close_violations_on_expiration": false,
            "critical": [
              {
                "duration": 0,
                "operator": "above_or_equals",
                "threshold": 1,
                "threshold_duration": 300,
                "threshold_occurrences": "all",
                "time_function": ""
              }
            ],
            "description": "The page read failed for some reason, or a latch could not be taken.",
            "enabled": false,
            "entity_guid": "Mjk0NzkzM3xBSU9QU3xDT05ESVRJT058NDcwMjgzMTM",
            "evaluation_delay": null,
            "expiration_duration": 0,
            "fill_option": "none",
            "fill_value": 0,
            "id": "5878206:47028313",
            "name": "MSSQL on Windows: Could not read and latch page",
            "nrql": [
              {
                "evaluation_offset": 0,
                "query": "with message as msg SELECT count(message) FROM Log WHERE EventID=8966 AND Level=1 OR Level=2 OR Level=5 FACET msg AS 'Message', hostname,Level",
                "since_value": ""
              }
            ],
            "open_violation_on_expiration": false,
            "policy_id": 5878206,
            "runbook_url": "https://www.example.com",
            "slide_by": null,
            "term": [],
            "timeouts": null,
            "type": "static",
            "violation_time_limit": "ONE_HOUR",
            "violation_time_limit_seconds": 3600,
            "warning": []
          },
          "sensitive_attributes": [],
          "private": "eyJlMmJmYjczMC1lY2FhLTExZTYtOGY4OC0zNDM2M2JjN2M0YzAiOnsiY3JlYXRlIjozMDAwMDAwMDAwMH19",
          "dependencies": [
            "module.mssql_rules_alerts.newrelic_alert_policy.policy"
          ]
        },
        {
          "index_key": "38",
          "schema_version": 0,
          "attributes": {
            "account_id": 2947933,
            "aggregation_delay": "120",
            "aggregation_method": "event_flow",
            "aggregation_timer": null,
            "aggregation_window": 300,
            "baseline_direction": "upper_only",
            "close_violations_on_expiration": false,
            "critical": [
              {
                "duration": 0,
                "operator": "above_or_equals",
                "threshold": 1,
                "threshold_duration": 300,
                "threshold_occurrences": "all",
                "time_function": ""
              }
            ],
            "description": "The recovery process found pending transactions for the specified database. These transactions were either distributed transactions that used Microsoft Distributed Transaction Coordinator (MS DTC), or the transactions were single instance cross-database transactions.",
            "enabled": false,
            "entity_guid": "Mjk0NzkzM3xBSU9QU3xDT05ESVRJT058NDcwMjgzMDU",
            "evaluation_delay": null,
            "expiration_duration": 0,
            "fill_option": "none",
            "fill_value": 0,
            "id": "5878206:47028305",
            "name": "MSSQL on Windows: Could not recover database due to unresolved transaction outcomes",
            "nrql": [
              {
                "evaluation_offset": 0,
                "query": "with message as msg SELECT count(message) FROM Log WHERE EventID=3431 AND Level=1 OR Level=2 OR Level=5 FACET msg AS 'Message', hostname,Level",
                "since_value": ""
              }
            ],
            "open_violation_on_expiration": false,
            "policy_id": 5878206,
            "runbook_url": "https://www.example.com",
            "slide_by": null,
            "term": [],
            "timeouts": null,
            "type": "static",
            "violation_time_limit": "ONE_HOUR",
            "violation_time_limit_seconds": 3600,
            "warning": []
          },
          "sensitive_attributes": [],
          "private": "eyJlMmJmYjczMC1lY2FhLTExZTYtOGY4OC0zNDM2M2JjN2M0YzAiOnsiY3JlYXRlIjozMDAwMDAwMDAwMH19",
          "dependencies": [
            "module.mssql_rules_alerts.newrelic_alert_policy.policy"
          ]
        },
        {
          "index_key": "39",
          "schema_version": 0,
          "attributes": {
            "account_id": 2947933,
            "aggregation_delay": "120",
            "aggregation_method": "event_flow",
            "aggregation_timer": null,
            "aggregation_window": 300,
            "baseline_direction": "upper_only",
            "close_violations_on_expiration": false,
            "critical": [
              {
                "duration": 0,
                "operator": "above_or_equals",
                "threshold": 1,
                "threshold_duration": 300,
                "threshold_occurrences": "all",
                "time_function": ""
              }
            ],
            "description": "The transaction log for the specified database has reached its capacity.",
            "enabled": false,
            "entity_guid": "Mjk0NzkzM3xBSU9QU3xDT05ESVRJT058NDcwMjgyNzQ",
            "evaluation_delay": null,
            "expiration_duration": 0,
            "fill_option": "none",
            "fill_value": 0,
            "id": "5878206:47028274",
            "name": "MSSQL on Windows: Could not write a CHECKPOINT record in database because the log is out of space",
            "nrql": [
              {
                "evaluation_offset": 0,
                "query": "with message as msg SELECT count(message) FROM Log WHERE EventID=3619 AND Level=1 OR Level=2 OR Level=5 FACET msg AS 'Message', hostname,Level",
                "since_value": ""
              }
            ],
            "open_violation_on_expiration": false,
            "policy_id": 5878206,
            "runbook_url": "https://www.example.com",
            "slide_by": null,
            "term": [],
            "timeouts": null,
            "type": "static",
            "violation_time_limit": "ONE_HOUR",
            "violation_time_limit_seconds": 3600,
            "warning": []
          },
          "sensitive_attributes": [],
          "private": "eyJlMmJmYjczMC1lY2FhLTExZTYtOGY4OC0zNDM2M2JjN2M0YzAiOnsiY3JlYXRlIjozMDAwMDAwMDAwMH19",
          "dependencies": [
            "module.mssql_rules_alerts.newrelic_alert_policy.policy"
          ]
        },
        {
          "index_key": "4",
          "schema_version": 0,
          "attributes": {
            "account_id": 2947933,
            "aggregation_delay": "120",
            "aggregation_method": "event_flow",
            "aggregation_timer": null,
            "aggregation_window": 300,
            "baseline_direction": "upper_only",
            "close_violations_on_expiration": false,
            "critical": [
              {
                "duration": 0,
                "operator": "above_or_equals",
                "threshold": 1,
                "threshold_duration": 300,
                "threshold_occurrences": "all",
                "time_function": ""
              }
            ],
            "description": "An error occurred in the SQL Server Service Broker message dispatcher. The Windows application log or SQL Server error log may identify the specific error.",
            "enabled": false,
            "entity_guid": "Mjk0NzkzM3xBSU9QU3xDT05ESVRJT058NDcwMjgyNzM",
            "evaluation_delay": null,
            "expiration_duration": 0,
            "fill_option": "none",
            "fill_value": 0,
            "id": "5878206:47028273",
            "name": "MSSQL on Windows: An error occurred in the SQL Server Service Broker message dispatcher",
            "nrql": [
              {
                "evaluation_offset": 0,
                "query": "with message as msg SELECT count(message) FROM Log WHERE EventID=9644 AND Level=1 OR Level=2 OR Level=5 FACET msg AS 'Message', hostname,Level",
                "since_value": ""
              }
            ],
            "open_violation_on_expiration": false,
            "policy_id": 5878206,
            "runbook_url": "https://www.example.com",
            "slide_by": null,
            "term": [],
            "timeouts": null,
            "type": "static",
            "violation_time_limit": "ONE_HOUR",
            "violation_time_limit_seconds": 3600,
            "warning": []
          },
          "sensitive_attributes": [],
          "private": "eyJlMmJmYjczMC1lY2FhLTExZTYtOGY4OC0zNDM2M2JjN2M0YzAiOnsiY3JlYXRlIjozMDAwMDAwMDAwMH19",
          "dependencies": [
            "module.mssql_rules_alerts.newrelic_alert_policy.policy"
          ]
        },
        {
          "index_key": "40",
          "schema_version": 0,
          "attributes": {
            "account_id": 2947933,
            "aggregation_delay": "120",
            "aggregation_method": "event_flow",
            "aggregation_timer": null,
            "aggregation_window": 300,
            "baseline_direction": "upper_only",
            "close_violations_on_expiration": false,
            "critical": [
              {
                "duration": 0,
                "operator": "above_or_equals",
                "threshold": 1,
                "threshold_duration": 300,
                "threshold_occurrences": "all",
                "time_function": ""
              }
            ],
            "description": "CREATE FILE encountered operating system error.",
            "enabled": false,
            "entity_guid": "Mjk0NzkzM3xBSU9QU3xDT05ESVRJT058NDcwMjgzMjE",
            "evaluation_delay": null,
            "expiration_duration": 0,
            "fill_option": "none",
            "fill_value": 0,
            "id": "5878206:47028321",
            "name": "MSSQL on Windows: CREATE FILE encountered operating system error",
            "nrql": [
              {
                "evaluation_offset": 0,
                "query": "with message as msg SELECT count(message) FROM Log WHERE EventID=5123 AND Level=1 OR Level=2 OR Level=5 FACET msg AS 'Message', hostname,Level",
                "since_value": ""
              }
            ],
            "open_violation_on_expiration": false,
            "policy_id": 5878206,
            "runbook_url": "https://www.example.com",
            "slide_by": null,
            "term": [],
            "timeouts": null,
            "type": "static",
            "violation_time_limit": "ONE_HOUR",
            "violation_time_limit_seconds": 3600,
            "warning": []
          },
          "sensitive_attributes": [],
          "private": "eyJlMmJmYjczMC1lY2FhLTExZTYtOGY4OC0zNDM2M2JjN2M0YzAiOnsiY3JlYXRlIjozMDAwMDAwMDAwMH19",
          "dependencies": [
            "module.mssql_rules_alerts.newrelic_alert_policy.policy"
          ]
        },
        {
          "index_key": "41",
          "schema_version": 0,
          "attributes": {
            "account_id": 2947933,
            "aggregation_delay": "120",
            "aggregation_method": "event_flow",
            "aggregation_timer": null,
            "aggregation_window": 300,
            "baseline_direction": "upper_only",
            "close_violations_on_expiration": false,
            "critical": [
              {
                "duration": 0,
                "operator": "above_or_equals",
                "threshold": 1,
                "threshold_duration": 300,
                "threshold_occurrences": "all",
                "time_function": ""
              }
            ],
            "description": "This error occurs when SQL Server fails to recover a database successfully when it is brought online.",
            "enabled": false,
            "entity_guid": "Mjk0NzkzM3xBSU9QU3xDT05ESVRJT058NDcwMjgzMjQ",
            "evaluation_delay": null,
            "expiration_duration": 0,
            "fill_option": "none",
            "fill_value": 0,
            "id": "5878206:47028324",
            "name": "MSSQL on Windows: Failure occurred during database recovery",
            "nrql": [
              {
                "evaluation_offset": 0,
                "query": "with message as msg SELECT count(message) FROM Log WHERE EventID=3414 AND Level=1 OR Level=2 OR Level=5 FACET msg AS 'Message', hostname,Level",
                "since_value": ""
              }
            ],
            "open_violation_on_expiration": false,
            "policy_id": 5878206,
            "runbook_url": "https://www.example.com",
            "slide_by": null,
            "term": [],
            "timeouts": null,
            "type": "static",
            "violation_time_limit": "ONE_HOUR",
            "violation_time_limit_seconds": 3600,
            "warning": []
          },
          "sensitive_attributes": [],
          "private": "eyJlMmJmYjczMC1lY2FhLTExZTYtOGY4OC0zNDM2M2JjN2M0YzAiOnsiY3JlYXRlIjozMDAwMDAwMDAwMH19",
          "dependencies": [
            "module.mssql_rules_alerts.newrelic_alert_policy.policy"
          ]
        },
        {
          "index_key": "42",
          "schema_version": 0,
          "attributes": {
            "account_id": 2947933,
            "aggregation_delay": "120",
            "aggregation_method": "event_flow",
            "aggregation_timer": null,
            "aggregation_window": 300,
            "baseline_direction": "upper_only",
            "close_violations_on_expiration": false,
            "critical": [
              {
                "duration": 0,
                "operator": "above_or_equals",
                "threshold": 1,
                "threshold_duration": 300,
                "threshold_occurrences": "all",
                "time_function": ""
              }
            ],
            "description": "This message indicates a database consistency check has encountered errors and none or not all of the errors were repaired.",
            "enabled": false,
            "entity_guid": "Mjk0NzkzM3xBSU9QU3xDT05ESVRJT058NDcwMjgyNTE",
            "evaluation_delay": null,
            "expiration_duration": 0,
            "fill_option": "none",
            "fill_value": 0,
            "id": "5878206:47028251",
            "name": "MSSQL on Windows: Database consistency errors found",
            "nrql": [
              {
                "evaluation_offset": 0,
                "query": "with message as msg SELECT count(message) FROM Log WHERE EventID =8957 AND Level=1 OR Level=2 OR Level=5 AND  message LIKE '%Database consistency errors found and repaired%' FACET hostname",
                "since_value": ""
              }
            ],
            "open_violation_on_expiration": false,
            "policy_id": 5878206,
            "runbook_url": "https://www.example.com",
            "slide_by": null,
            "term": [],
            "timeouts": null,
            "type": "static",
            "violation_time_limit": "ONE_HOUR",
            "violation_time_limit_seconds": 3600,
            "warning": []
          },
          "sensitive_attributes": [],
          "private": "eyJlMmJmYjczMC1lY2FhLTExZTYtOGY4OC0zNDM2M2JjN2M0YzAiOnsiY3JlYXRlIjozMDAwMDAwMDAwMH19",
          "dependencies": [
            "module.mssql_rules_alerts.newrelic_alert_policy.policy"
          ]
        },
        {
          "index_key": "43",
          "schema_version": 0,
          "attributes": {
            "account_id": 2947933,
            "aggregation_delay": "120",
            "aggregation_method": "event_flow",
            "aggregation_timer": null,
            "aggregation_window": 300,
            "baseline_direction": "upper_only",
            "close_violations_on_expiration": false,
            "critical": [
              {
                "duration": 0,
                "operator": "above_or_equals",
                "threshold": 1,
                "threshold_duration": 300,
                "threshold_occurrences": "all",
                "time_function": ""
              }
            ],
            "description": "This message indicates a database consistency check has encountered errors and all of the errors were repaired.",
            "enabled": false,
            "entity_guid": "Mjk0NzkzM3xBSU9QU3xDT05ESVRJT058NDcwMjgyNDU",
            "evaluation_delay": null,
            "expiration_duration": 0,
            "fill_option": "none",
            "fill_value": 0,
            "id": "5878206:47028245",
            "name": "MSSQL on Windows: Database consistency errors found and repaired",
            "nrql": [
              {
                "evaluation_offset": 0,
                "query": "with message as msg SELECT count(message) FROM Log WHERE EventID =8957 AND Level=1 OR Level=2 OR Level=5 AND  message LIKE '%Database consistency errors found%' FACET hostname",
                "since_value": ""
              }
            ],
            "open_violation_on_expiration": false,
            "policy_id": 5878206,
            "runbook_url": "https://www.example.com",
            "slide_by": null,
            "term": [],
            "timeouts": null,
            "type": "static",
            "violation_time_limit": "ONE_HOUR",
            "violation_time_limit_seconds": 3600,
            "warning": []
          },
          "sensitive_attributes": [],
          "private": "eyJlMmJmYjczMC1lY2FhLTExZTYtOGY4OC0zNDM2M2JjN2M0YzAiOnsiY3JlYXRlIjozMDAwMDAwMDAwMH19",
          "dependencies": [
            "module.mssql_rules_alerts.newrelic_alert_policy.policy"
          ]
        },
        {
          "index_key": "44",
          "schema_version": 0,
          "attributes": {
            "account_id": 2947933,
            "aggregation_delay": "120",
            "aggregation_method": "event_flow",
            "aggregation_timer": null,
            "aggregation_window": 300,
            "baseline_direction": "upper_only",
            "close_violations_on_expiration": false,
            "critical": [
              {
                "duration": 0,
                "operator": "above_or_equals",
                "threshold": 1,
                "threshold_duration": 300,
                "threshold_occurrences": "all",
                "time_function": ""
              }
            ],
            "description": "The SQL Server recovery process tried to turn on the suspect flag for the specified database, but it could not find the appropriate row in sysdatabases or could not update the database information in memory.",
            "enabled": false,
            "entity_guid": "Mjk0NzkzM3xBSU9QU3xDT05ESVRJT058NDcwMjgyNDM",
            "evaluation_delay": null,
            "expiration_duration": 0,
            "fill_option": "none",
            "fill_value": 0,
            "id": "5878206:47028243",
            "name": "MSSQL on Windows: Could not mark database as suspect. Getnext NC scan on sysdatabases.dbid failed",
            "nrql": [
              {
                "evaluation_offset": 0,
                "query": "with message as msg SELECT count(message) FROM Log WHERE EventID=3413 AND Level=1 OR Level=2 OR Level=5 FACET msg AS 'Message', hostname,Level",
                "since_value": ""
              }
            ],
            "open_violation_on_expiration": false,
            "policy_id": 5878206,
            "runbook_url": "https://www.example.com",
            "slide_by": null,
            "term": [],
            "timeouts": null,
            "type": "static",
            "violation_time_limit": "ONE_HOUR",
            "violation_time_limit_seconds": 3600,
            "warning": []
          },
          "sensitive_attributes": [],
          "private": "eyJlMmJmYjczMC1lY2FhLTExZTYtOGY4OC0zNDM2M2JjN2M0YzAiOnsiY3JlYXRlIjozMDAwMDAwMDAwMH19",
          "dependencies": [
            "module.mssql_rules_alerts.newrelic_alert_policy.policy"
          ]
        },
        {
          "index_key": "45",
          "schema_version": 0,
          "attributes": {
            "account_id": 2947933,
            "aggregation_delay": "120",
            "aggregation_method": "event_flow",
            "aggregation_timer": null,
            "aggregation_window": 300,
            "baseline_direction": "upper_only",
            "close_violations_on_expiration": false,
            "critical": [
              {
                "duration": 0,
                "operator": "above_or_equals",
                "threshold": 1,
                "threshold_duration": 300,
                "threshold_occurrences": "all",
                "time_function": ""
              }
            ],
            "description": "A temporary table could not be found. The specific object ID will be available in the Windows application log as event ID 617.",
            "enabled": false,
            "entity_guid": "Mjk0NzkzM3xBSU9QU3xDT05ESVRJT058NDcwMjgyNzg",
            "evaluation_delay": null,
            "expiration_duration": 0,
            "fill_option": "none",
            "fill_value": 0,
            "id": "5878206:47028278",
            "name": "MSSQL on Windows: Descriptor for object in database not found in the hash table during attempt to unhash it",
            "nrql": [
              {
                "evaluation_offset": 0,
                "query": "with message as msg SELECT count(message) FROM Log WHERE EventID=617 AND Level=1 OR Level=2 OR Level=5 FACET msg AS 'Message', hostname,Level",
                "since_value": ""
              }
            ],
            "open_violation_on_expiration": false,
            "policy_id": 5878206,
            "runbook_url": "https://www.example.com",
            "slide_by": null,
            "term": [],
            "timeouts": null,
            "type": "static",
            "violation_time_limit": "ONE_HOUR",
            "violation_time_limit_seconds": 3600,
            "warning": []
          },
          "sensitive_attributes": [],
          "private": "eyJlMmJmYjczMC1lY2FhLTExZTYtOGY4OC0zNDM2M2JjN2M0YzAiOnsiY3JlYXRlIjozMDAwMDAwMDAwMH19",
          "dependencies": [
            "module.mssql_rules_alerts.newrelic_alert_policy.policy"
          ]
        },
        {
          "index_key": "46",
          "schema_version": 0,
          "attributes": {
            "account_id": 2947933,
            "aggregation_delay": "120",
            "aggregation_method": "event_flow",
            "aggregation_timer": null,
            "aggregation_window": 300,
            "baseline_direction": "upper_only",
            "close_violations_on_expiration": false,
            "critical": [
              {
                "duration": 0,
                "operator": "above_or_equals",
                "threshold": 1,
                "threshold_duration": 300,
                "threshold_occurrences": "all",
                "time_function": ""
              }
            ],
            "description": "The Msxml2.dll file is missing from the computer where SQL Server is installed, or it could not be loaded from the system directory while processing an XML feature such as sp_xml_preparedocument.",
            "enabled": false,
            "entity_guid": "Mjk0NzkzM3xBSU9QU3xDT05ESVRJT058NDcwMjgyODA",
            "evaluation_delay": null,
            "expiration_duration": 0,
            "fill_option": "none",
            "fill_value": 0,
            "id": "5878206:47028280",
            "name": "MSSQL on Windows: XML: Failed to load Msxml2.dll",
            "nrql": [
              {
                "evaluation_offset": 0,
                "query": "with message as msg SELECT count(message) FROM Log WHERE EventID=6610 AND Level=1 OR Level=2 OR Level=5 FACET msg AS 'Message', hostname,Level",
                "since_value": ""
              }
            ],
            "open_violation_on_expiration": false,
            "policy_id": 5878206,
            "runbook_url": "https://www.example.com",
            "slide_by": null,
            "term": [],
            "timeouts": null,
            "type": "static",
            "violation_time_limit": "ONE_HOUR",
            "violation_time_limit_seconds": 3600,
            "warning": []
          },
          "sensitive_attributes": [],
          "private": "eyJlMmJmYjczMC1lY2FhLTExZTYtOGY4OC0zNDM2M2JjN2M0YzAiOnsiY3JlYXRlIjozMDAwMDAwMDAwMH19",
          "dependencies": [
            "module.mssql_rules_alerts.newrelic_alert_policy.policy"
          ]
        },
        {
          "index_key": "47",
          "schema_version": 0,
          "attributes": {
            "account_id": 2947933,
            "aggregation_delay": "120",
            "aggregation_method": "event_flow",
            "aggregation_timer": null,
            "aggregation_window": 300,
            "baseline_direction": "upper_only",
            "close_violations_on_expiration": false,
            "critical": [
              {
                "duration": 0,
                "operator": "above_or_equals",
                "threshold": 1,
                "threshold_duration": 300,
                "threshold_occurrences": "all",
                "time_function": ""
              }
            ],
            "description": "The Msxml2.dll file is missing from the computer where SQL Server is installed, or it could not be loaded from the system directory while processing an XML feature such as sp_xml_preparedocument.",
            "enabled": false,
            "entity_guid": "Mjk0NzkzM3xBSU9QU3xDT05ESVRJT058NDcwMjgzNDM",
            "evaluation_delay": null,
            "expiration_duration": 0,
            "fill_option": "none",
            "fill_value": 0,
            "id": "5878206:47028343",
            "name": "MSSQL on Windows: XML: Failed to instantiate class. Make sure Msxml2.dll exists in the SQL Server installation",
            "nrql": [
              {
                "evaluation_offset": 0,
                "query": "with message as msg SELECT count(message) FROM Log WHERE EventID=6608 AND Level=1 OR Level=2 OR Level=5 FACET msg AS 'Message', hostname,Level",
                "since_value": ""
              }
            ],
            "open_violation_on_expiration": false,
            "policy_id": 5878206,
            "runbook_url": "https://www.example.com",
            "slide_by": null,
            "term": [],
            "timeouts": null,
            "type": "static",
            "violation_time_limit": "ONE_HOUR",
            "violation_time_limit_seconds": 3600,
            "warning": []
          },
          "sensitive_attributes": [],
          "private": "eyJlMmJmYjczMC1lY2FhLTExZTYtOGY4OC0zNDM2M2JjN2M0YzAiOnsiY3JlYXRlIjozMDAwMDAwMDAwMH19",
          "dependencies": [
            "module.mssql_rules_alerts.newrelic_alert_policy.policy"
          ]
        },
        {
          "index_key": "48",
          "schema_version": 0,
          "attributes": {
            "account_id": 2947933,
            "aggregation_delay": "120",
            "aggregation_method": "event_flow",
            "aggregation_timer": null,
            "aggregation_window": 300,
            "baseline_direction": "upper_only",
            "close_violations_on_expiration": false,
            "critical": [
              {
                "duration": 0,
                "operator": "above_or_equals",
                "threshold": 1,
                "threshold_duration": 300,
                "threshold_occurrences": "all",
                "time_function": ""
              }
            ],
            "description": "The master database is not in a recoverable state.",
            "enabled": false,
            "entity_guid": "Mjk0NzkzM3xBSU9QU3xDT05ESVRJT058NDcwMjgyNTI",
            "evaluation_delay": null,
            "expiration_duration": 0,
            "fill_option": "none",
            "fill_value": 0,
            "id": "5878206:47028252",
            "name": "MSSQL on Windows: Cannot recover the master database. Exiting.",
            "nrql": [
              {
                "evaluation_offset": 0,
                "query": "with message as msg SELECT count(message) FROM Log WHERE EventID=3417 AND Level=1 OR Level=2 OR Level=5 FACET msg AS 'Message', hostname,Level",
                "since_value": ""
              }
            ],
            "open_violation_on_expiration": false,
            "policy_id": 5878206,
            "runbook_url": "https://www.example.com",
            "slide_by": null,
            "term": [],
            "timeouts": null,
            "type": "static",
            "violation_time_limit": "ONE_HOUR",
            "violation_time_limit_seconds": 3600,
            "warning": []
          },
          "sensitive_attributes": [],
          "private": "eyJlMmJmYjczMC1lY2FhLTExZTYtOGY4OC0zNDM2M2JjN2M0YzAiOnsiY3JlYXRlIjozMDAwMDAwMDAwMH19",
          "dependencies": [
            "module.mssql_rules_alerts.newrelic_alert_policy.policy"
          ]
        },
        {
          "index_key": "49",
          "schema_version": 0,
          "attributes": {
            "account_id": 2947933,
            "aggregation_delay": "120",
            "aggregation_method": "event_flow",
            "aggregation_timer": null,
            "aggregation_window": 300,
            "baseline_direction": "upper_only",
            "close_violations_on_expiration": false,
            "critical": [
              {
                "duration": 0,
                "operator": "above_or_equals",
                "threshold": 1,
                "threshold_duration": 300,
                "threshold_occurrences": "all",
                "time_function": ""
              }
            ],
            "description": "sp_repladdcolumn failed to add the specified column to the table in the publication database. If another error is reported along with this one, the other error should indicate the reason the column could not be added.",
            "enabled": false,
            "entity_guid": "Mjk0NzkzM3xBSU9QU3xDT05ESVRJT058NDcwMjgzMjg",
            "evaluation_delay": null,
            "expiration_duration": 0,
            "fill_option": "none",
            "fill_value": 0,
            "id": "5878206:47028328",
            "name": "MSSQL on Windows: Failed to add column to table",
            "nrql": [
              {
                "evaluation_offset": 0,
                "query": "with message as msg SELECT count(message) FROM Log WHERE EventID=21285 AND Level=1 OR Level=2 OR Level=5 FACET msg AS 'Message', hostname,Level",
                "since_value": ""
              }
            ],
            "open_violation_on_expiration": false,
            "policy_id": 5878206,
            "runbook_url": "https://www.example.com",
            "slide_by": null,
            "term": [],
            "timeouts": null,
            "type": "static",
            "violation_time_limit": "ONE_HOUR",
            "violation_time_limit_seconds": 3600,
            "warning": []
          },
          "sensitive_attributes": [],
          "private": "eyJlMmJmYjczMC1lY2FhLTExZTYtOGY4OC0zNDM2M2JjN2M0YzAiOnsiY3JlYXRlIjozMDAwMDAwMDAwMH19",
          "dependencies": [
            "module.mssql_rules_alerts.newrelic_alert_policy.policy"
          ]
        },
        {
          "index_key": "5",
          "schema_version": 0,
          "attributes": {
            "account_id": 2947933,
            "aggregation_delay": "120",
            "aggregation_method": "event_flow",
            "aggregation_timer": null,
            "aggregation_window": 300,
            "baseline_direction": "upper_only",
            "close_violations_on_expiration": false,
            "critical": [
              {
                "duration": 0,
                "operator": "above_or_equals",
                "threshold": 1,
                "threshold_duration": 300,
                "threshold_occurrences": "all",
                "time_function": ""
              }
            ],
            "description": "SQL Server Service Broker message transmitter detected an error.",
            "enabled": false,
            "entity_guid": "Mjk0NzkzM3xBSU9QU3xDT05ESVRJT058NDcwMjgyODI",
            "evaluation_delay": null,
            "expiration_duration": 0,
            "fill_option": "none",
            "fill_value": 0,
            "id": "5878206:47028282",
            "name": "MSSQL on Windows: An error occurred in the SQL Server Service Broker message transmitter",
            "nrql": [
              {
                "evaluation_offset": 0,
                "query": "with message as msg SELECT count(message) FROM Log WHERE EventID=28072 AND Level=1 OR Level=2 OR Level=5 FACET msg AS 'Message', hostname,Level",
                "since_value": ""
              }
            ],
            "open_violation_on_expiration": false,
            "policy_id": 5878206,
            "runbook_url": "https://www.example.com",
            "slide_by": null,
            "term": [],
            "timeouts": null,
            "type": "static",
            "violation_time_limit": "ONE_HOUR",
            "violation_time_limit_seconds": 3600,
            "warning": []
          },
          "sensitive_attributes": [],
          "private": "eyJlMmJmYjczMC1lY2FhLTExZTYtOGY4OC0zNDM2M2JjN2M0YzAiOnsiY3JlYXRlIjozMDAwMDAwMDAwMH19",
          "dependencies": [
            "module.mssql_rules_alerts.newrelic_alert_policy.policy"
          ]
        },
        {
          "index_key": "50",
          "schema_version": 0,
          "attributes": {
            "account_id": 2947933,
            "aggregation_delay": "120",
            "aggregation_method": "event_flow",
            "aggregation_timer": null,
            "aggregation_window": 300,
            "baseline_direction": "upper_only",
            "close_violations_on_expiration": false,
            "critical": [
              {
                "duration": 0,
                "operator": "above_or_equals",
                "threshold": 1,
                "threshold_duration": 300,
                "threshold_occurrences": "all",
                "time_function": ""
              }
            ],
            "description": "The rule triggers an alert when SQL Server is unable to allocate memory for CLR.",
            "enabled": false,
            "entity_guid": "Mjk0NzkzM3xBSU9QU3xDT05ESVRJT058NDcwMjgzMDg",
            "evaluation_delay": null,
            "expiration_duration": 0,
            "fill_option": "none",
            "fill_value": 0,
            "id": "5878206:47028308",
            "name": "MSSQL on Windows: Failed to allocate memory for Common Language Runtime (CLR)",
            "nrql": [
              {
                "evaluation_offset": 0,
                "query": "with message as msg SELECT count(message) FROM Log WHERE EventID=6289 AND Level=1 OR Level=2 OR Level=5 FACET msg AS 'Message', hostname,Level",
                "since_value": ""
              }
            ],
            "open_violation_on_expiration": false,
            "policy_id": 5878206,
            "runbook_url": "https://www.example.com",
            "slide_by": null,
            "term": [],
            "timeouts": null,
            "type": "static",
            "violation_time_limit": "ONE_HOUR",
            "violation_time_limit_seconds": 3600,
            "warning": []
          },
          "sensitive_attributes": [],
          "private": "eyJlMmJmYjczMC1lY2FhLTExZTYtOGY4OC0zNDM2M2JjN2M0YzAiOnsiY3JlYXRlIjozMDAwMDAwMDAwMH19",
          "dependencies": [
            "module.mssql_rules_alerts.newrelic_alert_policy.policy"
          ]
        },
        {
          "index_key": "51",
          "schema_version": 0,
          "attributes": {
            "account_id": 2947933,
            "aggregation_delay": "120",
            "aggregation_method": "event_flow",
            "aggregation_timer": null,
            "aggregation_window": 300,
            "baseline_direction": "upper_only",
            "close_violations_on_expiration": false,
            "critical": [
              {
                "duration": 0,
                "operator": "above_or_equals",
                "threshold": 1,
                "threshold_duration": 300,
                "threshold_occurrences": "all",
                "time_function": ""
              }
            ],
            "description": "The rule triggers an alert when an application tried to create an application domain, but failed. This may be caused when there is not enough memory to start the application domain.",
            "enabled": false,
            "entity_guid": "Mjk0NzkzM3xBSU9QU3xDT05ESVRJT058NDcwMjgzMTE",
            "evaluation_delay": null,
            "expiration_duration": 0,
            "fill_option": "none",
            "fill_value": 0,
            "id": "5878206:47028311",
            "name": "MSSQL on Windows: Failed to create AppDomain",
            "nrql": [
              {
                "evaluation_offset": 0,
                "query": "with message as msg SELECT count(message) FROM Log WHERE EventID=6517 AND Level=1 OR Level=2 OR Level=5 FACET msg AS 'Message', hostname,Level",
                "since_value": ""
              }
            ],
            "open_violation_on_expiration": false,
            "policy_id": 5878206,
            "runbook_url": "https://www.example.com",
            "slide_by": null,
            "term": [],
            "timeouts": null,
            "type": "static",
            "violation_time_limit": "ONE_HOUR",
            "violation_time_limit_seconds": 3600,
            "warning": []
          },
          "sensitive_attributes": [],
          "private": "eyJlMmJmYjczMC1lY2FhLTExZTYtOGY4OC0zNDM2M2JjN2M0YzAiOnsiY3JlYXRlIjozMDAwMDAwMDAwMH19",
          "dependencies": [
            "module.mssql_rules_alerts.newrelic_alert_policy.policy"
          ]
        },
        {
          "index_key": "52",
          "schema_version": 0,
          "attributes": {
            "account_id": 2947933,
            "aggregation_delay": "120",
            "aggregation_method": "event_flow",
            "aggregation_timer": null,
            "aggregation_window": 300,
            "baseline_direction": "upper_only",
            "close_violations_on_expiration": false,
            "critical": [
              {
                "duration": 0,
                "operator": "above_or_equals",
                "threshold": 1,
                "threshold_duration": 300,
                "threshold_occurrences": "all",
                "time_function": ""
              }
            ],
            "description": "sp_repldropcolumn failed to drop the specified column on the publication database. The error could result from a failed system table update or from a failure of the underlying ALTER TABLE statement.",
            "enabled": false,
            "entity_guid": "Mjk0NzkzM3xBSU9QU3xDT05ESVRJT058NDcwMjgzMjk",
            "evaluation_delay": null,
            "expiration_duration": 0,
            "fill_option": "none",
            "fill_value": 0,
            "id": "5878206:47028329",
            "name": "MSSQL on Windows: Failed to drop column from table",
            "nrql": [
              {
                "evaluation_offset": 0,
                "query": "with message as msg SELECT count(message) FROM Log WHERE EventID=21284 AND Level=1 OR Level=2 OR Level=5 FACET msg AS 'Message', hostname,Level",
                "since_value": ""
              }
            ],
            "open_violation_on_expiration": false,
            "policy_id": 5878206,
            "runbook_url": "https://www.example.com",
            "slide_by": null,
            "term": [],
            "timeouts": null,
            "type": "static",
            "violation_time_limit": "ONE_HOUR",
            "violation_time_limit_seconds": 3600,
            "warning": []
          },
          "sensitive_attributes": [],
          "private": "eyJlMmJmYjczMC1lY2FhLTExZTYtOGY4OC0zNDM2M2JjN2M0YzAiOnsiY3JlYXRlIjozMDAwMDAwMDAwMH19",
          "dependencies": [
            "module.mssql_rules_alerts.newrelic_alert_policy.policy"
          ]
        },
        {
          "index_key": "53",
          "schema_version": 0,
          "attributes": {
            "account_id": 2947933,
            "aggregation_delay": "120",
            "aggregation_method": "event_flow",
            "aggregation_timer": null,
            "aggregation_window": 300,
            "baseline_direction": "upper_only",
            "close_violations_on_expiration": false,
            "critical": [
              {
                "duration": 0,
                "operator": "above_or_equals",
                "threshold": 1,
                "threshold_duration": 300,
                "threshold_occurrences": "all",
                "time_function": ""
              }
            ],
            "description": "Windows could not allocate memory for the Microsoft Common Language Runtime (CLR) to initialize.",
            "enabled": false,
            "entity_guid": "Mjk0NzkzM3xBSU9QU3xDT05ESVRJT058NDcwMjgyNDk",
            "evaluation_delay": null,
            "expiration_duration": 0,
            "fill_option": "none",
            "fill_value": 0,
            "id": "5878206:47028249",
            "name": "MSSQL on Windows: Failed to initialize the Common Language Runtime (CLR) due to memory pressure",
            "nrql": [
              {
                "evaluation_offset": 0,
                "query": "with message as msg SELECT count(message) FROM Log WHERE EventID=6513 AND Level=1 OR Level=2 OR Level=5 FACET msg AS 'Message', hostname,Level",
                "since_value": ""
              }
            ],
            "open_violation_on_expiration": false,
            "policy_id": 5878206,
            "runbook_url": "https://www.example.com",
            "slide_by": null,
            "term": [],
            "timeouts": null,
            "type": "static",
            "violation_time_limit": "ONE_HOUR",
            "violation_time_limit_seconds": 3600,
            "warning": []
          },
          "sensitive_attributes": [],
          "private": "eyJlMmJmYjczMC1lY2FhLTExZTYtOGY4OC0zNDM2M2JjN2M0YzAiOnsiY3JlYXRlIjozMDAwMDAwMDAwMH19",
          "dependencies": [
            "module.mssql_rules_alerts.newrelic_alert_policy.policy"
          ]
        },
        {
          "index_key": "54",
          "schema_version": 0,
          "attributes": {
            "account_id": 2947933,
            "aggregation_delay": "120",
            "aggregation_method": "event_flow",
            "aggregation_timer": null,
            "aggregation_window": 300,
            "baseline_direction": "upper_only",
            "close_violations_on_expiration": false,
            "critical": [
              {
                "duration": 0,
                "operator": "above_or_equals",
                "threshold": 1,
                "threshold_duration": 300,
                "threshold_occurrences": "all",
                "time_function": ""
              }
            ],
            "description": "The rule triggers an alert when an assembly or application fails to start and logs an HRESULT error.",
            "enabled": false,
            "entity_guid": "Mjk0NzkzM3xBSU9QU3xDT05ESVRJT058NDcwMjgzMzE",
            "evaluation_delay": null,
            "expiration_duration": 0,
            "fill_option": "none",
            "fill_value": 0,
            "id": "5878206:47028331",
            "name": "MSSQL on Windows: Failed to initialize the Common Language Runtime (CLR) with HRESULT (6511)",
            "nrql": [
              {
                "evaluation_offset": 0,
                "query": "with message as msg SELECT count(message) FROM Log WHERE EventID=6511 AND Level=1 OR Level=2 OR Level=5 FACET msg AS 'Message', hostname,Level",
                "since_value": ""
              }
            ],
            "open_violation_on_expiration": false,
            "policy_id": 5878206,
            "runbook_url": "https://www.example.com",
            "slide_by": null,
            "term": [],
            "timeouts": null,
            "type": "static",
            "violation_time_limit": "ONE_HOUR",
            "violation_time_limit_seconds": 3600,
            "warning": []
          },
          "sensitive_attributes": [],
          "private": "eyJlMmJmYjczMC1lY2FhLTExZTYtOGY4OC0zNDM2M2JjN2M0YzAiOnsiY3JlYXRlIjozMDAwMDAwMDAwMH19",
          "dependencies": [
            "module.mssql_rules_alerts.newrelic_alert_policy.policy"
          ]
        },
        {
          "index_key": "55",
          "schema_version": 0,
          "attributes": {
            "account_id": 2947933,
            "aggregation_delay": "120",
            "aggregation_method": "event_flow",
            "aggregation_timer": null,
            "aggregation_window": 300,
            "baseline_direction": "upper_only",
            "close_violations_on_expiration": false,
            "critical": [
              {
                "duration": 0,
                "operator": "above_or_equals",
                "threshold": 1,
                "threshold_duration": 300,
                "threshold_occurrences": "all",
                "time_function": ""
              }
            ],
            "description": "The rule triggers an alert when an assembly or an application fails to start and logs an HRESULT error. The Windows application log may contain an information about specific HRESULT.",
            "enabled": false,
            "entity_guid": "Mjk0NzkzM3xBSU9QU3xDT05ESVRJT058NDcwMjgyNjk",
            "evaluation_delay": null,
            "expiration_duration": 0,
            "fill_option": "none",
            "fill_value": 0,
            "id": "5878206:47028269",
            "name": "MSSQL on Windows: Failed to initialize the Common Language Runtime (CLR) with HRESULT (6512)",
            "nrql": [
              {
                "evaluation_offset": 0,
                "query": "with message as msg SELECT count(message) FROM Log WHERE EventID=6512 AND Level=1 OR Level=2 OR Level=5 FACET msg AS 'Message', hostname,Level",
                "since_value": ""
              }
            ],
            "open_violation_on_expiration": false,
            "policy_id": 5878206,
            "runbook_url": "https://www.example.com",
            "slide_by": null,
            "term": [],
            "timeouts": null,
            "type": "static",
            "violation_time_limit": "ONE_HOUR",
            "violation_time_limit_seconds": 3600,
            "warning": []
          },
          "sensitive_attributes": [],
          "private": "eyJlMmJmYjczMC1lY2FhLTExZTYtOGY4OC0zNDM2M2JjN2M0YzAiOnsiY3JlYXRlIjozMDAwMDAwMDAwMH19",
          "dependencies": [
            "module.mssql_rules_alerts.newrelic_alert_policy.policy"
          ]
        },
        {
          "index_key": "56",
          "schema_version": 0,
          "attributes": {
            "account_id": 2947933,
            "aggregation_delay": "120",
            "aggregation_method": "event_flow",
            "aggregation_timer": null,
            "aggregation_window": 300,
            "baseline_direction": "upper_only",
            "close_violations_on_expiration": false,
            "critical": [
              {
                "duration": 0,
                "operator": "above_or_equals",
                "threshold": 1,
                "threshold_duration": 300,
                "threshold_occurrences": "all",
                "time_function": ""
              }
            ],
            "description": "There is not enough disk space to hold the full-text catalog.",
            "enabled": false,
            "entity_guid": "Mjk0NzkzM3xBSU9QU3xDT05ESVRJT058NDcwMjgyNjU",
            "evaluation_delay": null,
            "expiration_duration": 0,
            "fill_option": "none",
            "fill_value": 0,
            "id": "5878206:47028265",
            "name": "MSSQL on Windows: Full Text Search: Full-text catalog lacks sufficient disk space to complete this operation",
            "nrql": [
              {
                "evaluation_offset": 0,
                "query": "with message as msg SELECT count(message) FROM Log WHERE EventID=7622 AND Level=1 OR Level=2 OR Level=5 FACET msg AS 'Message', hostname,Level",
                "since_value": ""
              }
            ],
            "open_violation_on_expiration": false,
            "policy_id": 5878206,
            "runbook_url": "https://www.example.com",
            "slide_by": null,
            "term": [],
            "timeouts": null,
            "type": "static",
            "violation_time_limit": "ONE_HOUR",
            "violation_time_limit_seconds": 3600,
            "warning": []
          },
          "sensitive_attributes": [],
          "private": "eyJlMmJmYjczMC1lY2FhLTExZTYtOGY4OC0zNDM2M2JjN2M0YzAiOnsiY3JlYXRlIjozMDAwMDAwMDAwMH19",
          "dependencies": [
            "module.mssql_rules_alerts.newrelic_alert_policy.policy"
          ]
        },
        {
          "index_key": "57",
          "schema_version": 0,
          "attributes": {
            "account_id": 2947933,
            "aggregation_delay": "120",
            "aggregation_method": "event_flow",
            "aggregation_timer": null,
            "aggregation_window": 300,
            "baseline_direction": "upper_only",
            "close_violations_on_expiration": false,
            "critical": [
              {
                "duration": 0,
                "operator": "above_or_equals",
                "threshold": 1,
                "threshold_duration": 300,
                "threshold_occurrences": "all",
                "time_function": ""
              }
            ],
            "description": "The full-text query failed for an unspecified reason.",
            "enabled": false,
            "entity_guid": "Mjk0NzkzM3xBSU9QU3xDT05ESVRJT058NDcwMjgzMzY",
            "evaluation_delay": null,
            "expiration_duration": 0,
            "fill_option": "none",
            "fill_value": 0,
            "id": "5878206:47028336",
            "name": "MSSQL on Windows: Full Text Search: Search on full-text catalog failed with unknown result",
            "nrql": [
              {
                "evaluation_offset": 0,
                "query": "with message as msg SELECT count(message) FROM Log WHERE EventID=7607 AND Level=1 OR Level=2 OR Level=5 FACET msg AS 'Message', hostname,Level",
                "since_value": ""
              }
            ],
            "open_violation_on_expiration": false,
            "policy_id": 5878206,
            "runbook_url": "https://www.example.com",
            "slide_by": null,
            "term": [],
            "timeouts": null,
            "type": "static",
            "violation_time_limit": "ONE_HOUR",
            "violation_time_limit_seconds": 3600,
            "warning": []
          },
          "sensitive_attributes": [],
          "private": "eyJlMmJmYjczMC1lY2FhLTExZTYtOGY4OC0zNDM2M2JjN2M0YzAiOnsiY3JlYXRlIjozMDAwMDAwMDAwMH19",
          "dependencies": [
            "module.mssql_rules_alerts.newrelic_alert_policy.policy"
          ]
        },
        {
          "index_key": "58",
          "schema_version": 0,
          "attributes": {
            "account_id": 2947933,
            "aggregation_delay": "120",
            "aggregation_method": "event_flow",
            "aggregation_timer": null,
            "aggregation_window": 300,
            "baseline_direction": "upper_only",
            "close_violations_on_expiration": false,
            "critical": [
              {
                "duration": 0,
                "operator": "above_or_equals",
                "threshold": 1,
                "threshold_duration": 300,
                "threshold_occurrences": "all",
                "time_function": ""
              }
            ],
            "description": "This is an internal query processor error.",
            "enabled": false,
            "entity_guid": "Mjk0NzkzM3xBSU9QU3xDT05ESVRJT058NDcwMjgzNDY",
            "evaluation_delay": null,
            "expiration_duration": 0,
            "fill_option": "none",
            "fill_value": 0,
            "id": "5878206:47028346",
            "name": "MSSQL on Windows: Internal Query Processor Error: The query processor encountered an unexpected error during execution",
            "nrql": [
              {
                "evaluation_offset": 0,
                "query": "with message as msg SELECT count(message) FROM Log WHERE EventID=8630 AND Level=1 OR Level=2 OR Level=5 FACET msg AS 'Message', hostname,Level",
                "since_value": ""
              }
            ],
            "open_violation_on_expiration": false,
            "policy_id": 5878206,
            "runbook_url": "https://www.example.com",
            "slide_by": null,
            "term": [],
            "timeouts": null,
            "type": "static",
            "violation_time_limit": "ONE_HOUR",
            "violation_time_limit_seconds": 3600,
            "warning": []
          },
          "sensitive_attributes": [],
          "private": "eyJlMmJmYjczMC1lY2FhLTExZTYtOGY4OC0zNDM2M2JjN2M0YzAiOnsiY3JlYXRlIjozMDAwMDAwMDAwMH19",
          "dependencies": [
            "module.mssql_rules_alerts.newrelic_alert_policy.policy"
          ]
        },
        {
          "index_key": "59",
          "schema_version": 0,
          "attributes": {
            "account_id": 2947933,
            "aggregation_delay": "120",
            "aggregation_method": "event_flow",
            "aggregation_timer": null,
            "aggregation_window": 300,
            "baseline_direction": "upper_only",
            "close_violations_on_expiration": false,
            "critical": [
              {
                "duration": 0,
                "operator": "above_or_equals",
                "threshold": 1,
                "threshold_duration": 300,
                "threshold_occurrences": "all",
                "time_function": ""
              }
            ],
            "description": "This is an internal query processor error.",
            "enabled": false,
            "entity_guid": "Mjk0NzkzM3xBSU9QU3xDT05ESVRJT058NDcwMjgzMDY",
            "evaluation_delay": null,
            "expiration_duration": 0,
            "fill_option": "none",
            "fill_value": 0,
            "id": "5878206:47028306",
            "name": "MSSQL on Windows: Internal Query Processor Error: The query processor encountered an unexpected error during the processing of a remote query phase",
            "nrql": [
              {
                "evaluation_offset": 0,
                "query": "with message as msg SELECT count(message) FROM Log WHERE EventID=8680 AND Level=1 OR Level=2 OR Level=5 FACET msg AS 'Message', hostname,Level",
                "since_value": ""
              }
            ],
            "open_violation_on_expiration": false,
            "policy_id": 5878206,
            "runbook_url": "https://www.example.com",
            "slide_by": null,
            "term": [],
            "timeouts": null,
            "type": "static",
            "violation_time_limit": "ONE_HOUR",
            "violation_time_limit_seconds": 3600,
            "warning": []
          },
          "sensitive_attributes": [],
          "private": "eyJlMmJmYjczMC1lY2FhLTExZTYtOGY4OC0zNDM2M2JjN2M0YzAiOnsiY3JlYXRlIjozMDAwMDAwMDAwMH19",
          "dependencies": [
            "module.mssql_rules_alerts.newrelic_alert_policy.policy"
          ]
        },
        {
          "index_key": "6",
          "schema_version": 0,
          "attributes": {
            "account_id": 2947933,
            "aggregation_delay": "120",
            "aggregation_method": "event_flow",
            "aggregation_timer": null,
            "aggregation_window": 300,
            "baseline_direction": "upper_only",
            "close_violations_on_expiration": false,
            "critical": [
              {
                "duration": 0,
                "operator": "above_or_equals",
                "threshold": 1,
                "threshold_duration": 300,
                "threshold_occurrences": "all",
                "time_function": ""
              }
            ],
            "description": "An error occurred in the SQL Server Service Broker or Database Mirroring transport manager. The Windows application log or SQL Server error log may identify the specific error.",
            "enabled": false,
            "entity_guid": "Mjk0NzkzM3xBSU9QU3xDT05ESVRJT058NDcwMjgyNTc",
            "evaluation_delay": null,
            "expiration_duration": 0,
            "fill_option": "none",
            "fill_value": 0,
            "id": "5878206:47028257",
            "name": "MSSQL on Windows: An error occurred in the SQL Server Service Broker or Database Mirroring transport manager",
            "nrql": [
              {
                "evaluation_offset": 0,
                "query": "with message as msg SELECT count(message) FROM Log WHERE EventID=9643 AND Level=1 OR Level=2 OR Level=5 FACET msg AS 'Message', hostname,Level",
                "since_value": ""
              }
            ],
            "open_violation_on_expiration": false,
            "policy_id": 5878206,
            "runbook_url": "https://www.example.com",
            "slide_by": null,
            "term": [],
            "timeouts": null,
            "type": "static",
            "violation_time_limit": "ONE_HOUR",
            "violation_time_limit_seconds": 3600,
            "warning": []
          },
          "sensitive_attributes": [],
          "private": "eyJlMmJmYjczMC1lY2FhLTExZTYtOGY4OC0zNDM2M2JjN2M0YzAiOnsiY3JlYXRlIjozMDAwMDAwMDAwMH19",
          "dependencies": [
            "module.mssql_rules_alerts.newrelic_alert_policy.policy"
          ]
        },
        {
          "index_key": "60",
          "schema_version": 0,
          "attributes": {
            "account_id": 2947933,
            "aggregation_delay": "120",
            "aggregation_method": "event_flow",
            "aggregation_timer": null,
            "aggregation_window": 300,
            "baseline_direction": "upper_only",
            "close_violations_on_expiration": false,
            "critical": [
              {
                "duration": 0,
                "operator": "above_or_equals",
                "threshold": 1,
                "threshold_duration": 300,
                "threshold_occurrences": "all",
                "time_function": ""
              }
            ],
            "description": "The Query Processor is using a large but limited memory stack when optimizing queries. In some extreme situations the stack size may become a limit for a given very large query.",
            "enabled": false,
            "entity_guid": "Mjk0NzkzM3xBSU9QU3xDT05ESVRJT058NDcwMjgyODU",
            "evaluation_delay": null,
            "expiration_duration": 0,
            "fill_option": "none",
            "fill_value": 0,
            "id": "5878206:47028285",
            "name": "MSSQL on Windows: Internal Query Processor Error: The query processor ran out of stack space during query optimization",
            "nrql": [
              {
                "evaluation_offset": 0,
                "query": "with message as msg SELECT count(message) FROM Log WHERE EventID=8621 AND Level=1 OR Level=2 OR Level=5 FACET msg AS 'Message', hostname,Level",
                "since_value": ""
              }
            ],
            "open_violation_on_expiration": false,
            "policy_id": 5878206,
            "runbook_url": "https://www.example.com",
            "slide_by": null,
            "term": [],
            "timeouts": null,
            "type": "static",
            "violation_time_limit": "ONE_HOUR",
            "violation_time_limit_seconds": 3600,
            "warning": []
          },
          "sensitive_attributes": [],
          "private": "eyJlMmJmYjczMC1lY2FhLTExZTYtOGY4OC0zNDM2M2JjN2M0YzAiOnsiY3JlYXRlIjozMDAwMDAwMDAwMH19",
          "dependencies": [
            "module.mssql_rules_alerts.newrelic_alert_policy.policy"
          ]
        },
        {
          "index_key": "61",
          "schema_version": 0,
          "attributes": {
            "account_id": 2947933,
            "aggregation_delay": "120",
            "aggregation_method": "event_flow",
            "aggregation_timer": null,
            "aggregation_window": 300,
            "baseline_direction": "upper_only",
            "close_violations_on_expiration": false,
            "critical": [
              {
                "duration": 0,
                "operator": "above_or_equals",
                "threshold": 1,
                "threshold_duration": 300,
                "threshold_occurrences": "all",
                "time_function": ""
              }
            ],
            "description": "This error occurs when SQL Server uses an invalid reference to a LOB page in an operation. This error may occur due to several different reasons.",
            "enabled": false,
            "entity_guid": "Mjk0NzkzM3xBSU9QU3xDT05ESVRJT058NDcwMjgyNDY",
            "evaluation_delay": null,
            "expiration_duration": 0,
            "fill_option": "none",
            "fill_value": 0,
            "id": "5878206:47028246",
            "name": "MSSQL on Windows: Invalid reference to LOB page",
            "nrql": [
              {
                "evaluation_offset": 0,
                "query": "with message as msg SELECT count(message) FROM Log WHERE EventID=7105 AND Level=1 OR Level=2 OR Level=5 FACET msg AS 'Message', hostname,Level",
                "since_value": ""
              }
            ],
            "open_violation_on_expiration": false,
            "policy_id": 5878206,
            "runbook_url": "https://www.example.com",
            "slide_by": null,
            "term": [],
            "timeouts": null,
            "type": "static",
            "violation_time_limit": "ONE_HOUR",
            "violation_time_limit_seconds": 3600,
            "warning": []
          },
          "sensitive_attributes": [],
          "private": "eyJlMmJmYjczMC1lY2FhLTExZTYtOGY4OC0zNDM2M2JjN2M0YzAiOnsiY3JlYXRlIjozMDAwMDAwMDAwMH19",
          "dependencies": [
            "module.mssql_rules_alerts.newrelic_alert_policy.policy"
          ]
        },
        {
          "index_key": "62",
          "schema_version": 0,
          "attributes": {
            "account_id": 2947933,
            "aggregation_delay": "120",
            "aggregation_method": "event_flow",
            "aggregation_timer": null,
            "aggregation_window": 300,
            "baseline_direction": "upper_only",
            "close_violations_on_expiration": false,
            "critical": [
              {
                "duration": 0,
                "operator": "above_or_equals",
                "threshold": 1,
                "threshold_duration": 300,
                "threshold_occurrences": "all",
                "time_function": ""
              }
            ],
            "description": "A consistency check failed when reading or writing a database page or transaction log block. The error message contains the specific type of consistency check that failed.",
            "enabled": false,
            "entity_guid": "Mjk0NzkzM3xBSU9QU3xDT05ESVRJT058NDcwMjgzMTA",
            "evaluation_delay": null,
            "expiration_duration": 0,
            "fill_option": "none",
            "fill_value": 0,
            "id": "5878206:47028310",
            "name": "MSSQL on Windows: Logical consistency error after performing I/O on page",
            "nrql": [
              {
                "evaluation_offset": 0,
                "query": "with message as msg SELECT count(message) FROM Log WHERE EventID=824 AND Level=1 OR Level=2 OR Level=5 FACET msg AS 'Message', hostname,Level",
                "since_value": ""
              }
            ],
            "open_violation_on_expiration": false,
            "policy_id": 5878206,
            "runbook_url": "https://www.example.com",
            "slide_by": null,
            "term": [],
            "timeouts": null,
            "type": "static",
            "violation_time_limit": "ONE_HOUR",
            "violation_time_limit_seconds": 3600,
            "warning": []
          },
          "sensitive_attributes": [],
          "private": "eyJlMmJmYjczMC1lY2FhLTExZTYtOGY4OC0zNDM2M2JjN2M0YzAiOnsiY3JlYXRlIjozMDAwMDAwMDAwMH19",
          "dependencies": [
            "module.mssql_rules_alerts.newrelic_alert_policy.policy"
          ]
        },
        {
          "index_key": "63",
          "schema_version": 0,
          "attributes": {
            "account_id": 2947933,
            "aggregation_delay": "120",
            "aggregation_method": "event_flow",
            "aggregation_timer": null,
            "aggregation_window": 300,
            "baseline_direction": "upper_only",
            "close_violations_on_expiration": false,
            "critical": [
              {
                "duration": 0,
                "operator": "above_or_equals",
                "threshold": 1,
                "threshold_duration": 300,
                "threshold_occurrences": "all",
                "time_function": ""
              }
            ],
            "description": "When a client connects to a SQL Server instance without specifying a database context, the default database defined for its login is used. If that database is unavailable for any reason, the above message appears.",
            "enabled": false,
            "entity_guid": "Mjk0NzkzM3xBSU9QU3xDT05ESVRJT058NDcwMjgyMzk",
            "evaluation_delay": null,
            "expiration_duration": 0,
            "fill_option": "none",
            "fill_value": 0,
            "id": "5878206:47028239",
            "name": "MSSQL on Windows: Cannot open user default database. Login failed",
            "nrql": [
              {
                "evaluation_offset": 0,
                "query": "with message as msg SELECT count(message) FROM Log WHERE EventID=4064 AND Level=1 OR Level=2 OR Level=5 FACET msg AS 'Message', hostname,Level",
                "since_value": ""
              }
            ],
            "open_violation_on_expiration": false,
            "policy_id": 5878206,
            "runbook_url": "https://www.example.com",
            "slide_by": null,
            "term": [],
            "timeouts": null,
            "type": "static",
            "violation_time_limit": "ONE_HOUR",
            "violation_time_limit_seconds": 3600,
            "warning": []
          },
          "sensitive_attributes": [],
          "private": "eyJlMmJmYjczMC1lY2FhLTExZTYtOGY4OC0zNDM2M2JjN2M0YzAiOnsiY3JlYXRlIjozMDAwMDAwMDAwMH19",
          "dependencies": [
            "module.mssql_rules_alerts.newrelic_alert_policy.policy"
          ]
        },
        {
          "index_key": "64",
          "schema_version": 0,
          "attributes": {
            "account_id": 2947933,
            "aggregation_delay": "120",
            "aggregation_method": "event_flow",
            "aggregation_timer": null,
            "aggregation_window": 300,
            "baseline_direction": "upper_only",
            "close_violations_on_expiration": false,
            "critical": [
              {
                "duration": 0,
                "operator": "above_or_equals",
                "threshold": 1,
                "threshold_duration": 300,
                "threshold_occurrences": "all",
                "time_function": ""
              }
            ],
            "description": "The rule triggers an alert when the .NET Framework shuts down due to an error.",
            "enabled": false,
            "entity_guid": "Mjk0NzkzM3xBSU9QU3xDT05ESVRJT058NDcwMjgzMTk",
            "evaluation_delay": null,
            "expiration_duration": 0,
            "fill_option": "none",
            "fill_value": 0,
            "id": "5878206:47028319",
            "name": "MSSQL on Windows: A fatal error occurred in .NET Framework runtime",
            "nrql": [
              {
                "evaluation_offset": 0,
                "query": "with message as msg SELECT count(message) FROM Log WHERE EventID=6536 AND Level=1 OR Level=2 OR Level=5 FACET msg AS 'Message', hostname,Level",
                "since_value": ""
              }
            ],
            "open_violation_on_expiration": false,
            "policy_id": 5878206,
            "runbook_url": "https://www.example.com",
            "slide_by": null,
            "term": [],
            "timeouts": null,
            "type": "static",
            "violation_time_limit": "ONE_HOUR",
            "violation_time_limit_seconds": 3600,
            "warning": []
          },
          "sensitive_attributes": [],
          "private": "eyJlMmJmYjczMC1lY2FhLTExZTYtOGY4OC0zNDM2M2JjN2M0YzAiOnsiY3JlYXRlIjozMDAwMDAwMDAwMH19",
          "dependencies": [
            "module.mssql_rules_alerts.newrelic_alert_policy.policy"
          ]
        },
        {
          "index_key": "65",
          "schema_version": 0,
          "attributes": {
            "account_id": 2947933,
            "aggregation_delay": "120",
            "aggregation_method": "event_flow",
            "aggregation_timer": null,
            "aggregation_window": 300,
            "baseline_direction": "upper_only",
            "close_violations_on_expiration": false,
            "critical": [
              {
                "duration": 0,
                "operator": "above_or_equals",
                "threshold": 1,
                "threshold_duration": 300,
                "threshold_occurrences": "all",
                "time_function": ""
              }
            ],
            "description": "The rule triggers an alert when a user defined type, user defined-function, or user-defined property in an assembly contains faulty code.",
            "enabled": false,
            "entity_guid": "Mjk0NzkzM3xBSU9QU3xDT05ESVRJT058NDcwMjgyODg",
            "evaluation_delay": null,
            "expiration_duration": 0,
            "fill_option": "none",
            "fill_value": 0,
            "id": "5878206:47028288",
            "name": "MSSQL on Windows: .NET Framework runtime was shut down by user code",
            "nrql": [
              {
                "evaluation_offset": 0,
                "query": "with message as msg SELECT count(message) FROM Log WHERE EventID=6537 AND Level=1 OR Level=2 OR Level=5 FACET msg AS 'Message', hostname,Level",
                "since_value": ""
              }
            ],
            "open_violation_on_expiration": false,
            "policy_id": 5878206,
            "runbook_url": "https://www.example.com",
            "slide_by": null,
            "term": [],
            "timeouts": null,
            "type": "static",
            "violation_time_limit": "ONE_HOUR",
            "violation_time_limit_seconds": 3600,
            "warning": []
          },
          "sensitive_attributes": [],
          "private": "eyJlMmJmYjczMC1lY2FhLTExZTYtOGY4OC0zNDM2M2JjN2M0YzAiOnsiY3JlYXRlIjozMDAwMDAwMDAwMH19",
          "dependencies": [
            "module.mssql_rules_alerts.newrelic_alert_policy.policy"
          ]
        },
        {
          "index_key": "66",
          "schema_version": 0,
          "attributes": {
            "account_id": 2947933,
            "aggregation_delay": "120",
            "aggregation_method": "event_flow",
            "aggregation_timer": null,
            "aggregation_window": 300,
            "baseline_direction": "upper_only",
            "close_violations_on_expiration": false,
            "critical": [
              {
                "duration": 0,
                "operator": "above_or_equals",
                "threshold": 1,
                "threshold_duration": 300,
                "threshold_occurrences": "all",
                "time_function": ""
              }
            ],
            "description": "This is raised when SQL Server has an internal error.",
            "enabled": false,
            "entity_guid": "Mjk0NzkzM3xBSU9QU3xDT05ESVRJT058NDcwMjgzMzk",
            "evaluation_delay": null,
            "expiration_duration": 0,
            "fill_option": "none",
            "fill_value": 0,
            "id": "5878206:47028339",
            "name": "MSSQL on Windows: No slots are free to keep buffers for table",
            "nrql": [
              {
                "evaluation_offset": 0,
                "query": "with message as msg SELECT count(message) FROM Log WHERE EventID=654 AND Level=1 OR Level=2 OR Level=5 FACET msg AS 'Message', hostname,Level",
                "since_value": ""
              }
            ],
            "open_violation_on_expiration": false,
            "policy_id": 5878206,
            "runbook_url": "https://www.example.com",
            "slide_by": null,
            "term": [],
            "timeouts": null,
            "type": "static",
            "violation_time_limit": "ONE_HOUR",
            "violation_time_limit_seconds": 3600,
            "warning": []
          },
          "sensitive_attributes": [],
          "private": "eyJlMmJmYjczMC1lY2FhLTExZTYtOGY4OC0zNDM2M2JjN2M0YzAiOnsiY3JlYXRlIjozMDAwMDAwMDAwMH19",
          "dependencies": [
            "module.mssql_rules_alerts.newrelic_alert_policy.policy"
          ]
        },
        {
          "index_key": "67",
          "schema_version": 0,
          "attributes": {
            "account_id": 2947933,
            "aggregation_delay": "120",
            "aggregation_method": "event_flow",
            "aggregation_timer": null,
            "aggregation_window": 300,
            "baseline_direction": "upper_only",
            "close_violations_on_expiration": false,
            "critical": [
              {
                "duration": 0,
                "operator": "above_or_equals",
                "threshold": 1,
                "threshold_duration": 300,
                "threshold_occurrences": "all",
                "time_function": ""
              }
            ],
            "description": "This error provides more details about the problem described in error 8952. See that error for an explanation.",
            "enabled": false,
            "entity_guid": "Mjk0NzkzM3xBSU9QU3xDT05ESVRJT058NDcwMjgyNjE",
            "evaluation_delay": null,
            "expiration_duration": 0,
            "fill_option": "none",
            "fill_value": 0,
            "id": "5878206:47028261",
            "name": "MSSQL on Windows: One or more indexes are damaged and must be repaired or dropped",
            "nrql": [
              {
                "evaluation_offset": 0,
                "query": "with message as msg SELECT count(message) FROM Log WHERE EventID=8956 AND Level=1 OR Level=2 OR Level=5 FACET msg AS 'Message', hostname,Level",
                "since_value": ""
              }
            ],
            "open_violation_on_expiration": false,
            "policy_id": 5878206,
            "runbook_url": "https://www.example.com",
            "slide_by": null,
            "term": [],
            "timeouts": null,
            "type": "static",
            "violation_time_limit": "ONE_HOUR",
            "violation_time_limit_seconds": 3600,
            "warning": []
          },
          "sensitive_attributes": [],
          "private": "eyJlMmJmYjczMC1lY2FhLTExZTYtOGY4OC0zNDM2M2JjN2M0YzAiOnsiY3JlYXRlIjozMDAwMDAwMDAwMH19",
          "dependencies": [
            "module.mssql_rules_alerts.newrelic_alert_policy.policy"
          ]
        },
        {
          "index_key": "68",
          "schema_version": 0,
          "attributes": {
            "account_id": 2947933,
            "aggregation_delay": "120",
            "aggregation_method": "event_flow",
            "aggregation_timer": null,
            "aggregation_window": 300,
            "baseline_direction": "upper_only",
            "close_violations_on_expiration": false,
            "critical": [
              {
                "duration": 0,
                "operator": "above_or_equals",
                "threshold": 1,
                "threshold_duration": 300,
                "threshold_occurrences": "all",
                "time_function": ""
              }
            ],
            "description": "An operating system error occurred when opening a transaction log file or a secondary database file of a database. The error message contains the specific operating system error encountered.",
            "enabled": false,
            "entity_guid": "Mjk0NzkzM3xBSU9QU3xDT05ESVRJT058NDcwMjgzMzI",
            "evaluation_delay": null,
            "expiration_duration": 0,
            "fill_option": "none",
            "fill_value": 0,
            "id": "5878206:47028332",
            "name": "MSSQL on Windows: Failed to open database or transaction log file",
            "nrql": [
              {
                "evaluation_offset": 0,
                "query": "with message as msg SELECT count(message) FROM Log WHERE EventID=17207 AND Level=1 OR Level=2 OR Level=5 FACET msg AS 'Message', hostname,Level",
                "since_value": ""
              }
            ],
            "open_violation_on_expiration": false,
            "policy_id": 5878206,
            "runbook_url": "https://www.example.com",
            "slide_by": null,
            "term": [],
            "timeouts": null,
            "type": "static",
            "violation_time_limit": "ONE_HOUR",
            "violation_time_limit_seconds": 3600,
            "warning": []
          },
          "sensitive_attributes": [],
          "private": "eyJlMmJmYjczMC1lY2FhLTExZTYtOGY4OC0zNDM2M2JjN2M0YzAiOnsiY3JlYXRlIjozMDAwMDAwMDAwMH19",
          "dependencies": [
            "module.mssql_rules_alerts.newrelic_alert_policy.policy"
          ]
        },
        {
          "index_key": "69",
          "schema_version": 0,
          "attributes": {
            "account_id": 2947933,
            "aggregation_delay": "120",
            "aggregation_method": "event_flow",
            "aggregation_timer": null,
            "aggregation_window": 300,
            "baseline_direction": "upper_only",
            "close_violations_on_expiration": false,
            "critical": [
              {
                "duration": 0,
                "operator": "above_or_equals",
                "threshold": 1,
                "threshold_duration": 300,
                "threshold_occurrences": "all",
                "time_function": ""
              }
            ],
            "description": "The backup device cannot be opened.",
            "enabled": false,
            "entity_guid": "Mjk0NzkzM3xBSU9QU3xDT05ESVRJT058NDcwMjgyNzc",
            "evaluation_delay": null,
            "expiration_duration": 0,
            "fill_option": "none",
            "fill_value": 0,
            "id": "5878206:47028277",
            "name": "MSSQL on Windows: Operating system error on a device",
            "nrql": [
              {
                "evaluation_offset": 0,
                "query": "with message as msg SELECT count(message) FROM Log WHERE EventID=17218 AND Level=1 OR Level=2 OR Level=5 FACET msg AS 'Message', hostname,Level",
                "since_value": ""
              }
            ],
            "open_violation_on_expiration": false,
            "policy_id": 5878206,
            "runbook_url": "https://www.example.com",
            "slide_by": null,
            "term": [],
            "timeouts": null,
            "type": "static",
            "violation_time_limit": "ONE_HOUR",
            "violation_time_limit_seconds": 3600,
            "warning": []
          },
          "sensitive_attributes": [],
          "private": "eyJlMmJmYjczMC1lY2FhLTExZTYtOGY4OC0zNDM2M2JjN2M0YzAiOnsiY3JlYXRlIjozMDAwMDAwMDAwMH19",
          "dependencies": [
            "module.mssql_rules_alerts.newrelic_alert_policy.policy"
          ]
        },
        {
          "index_key": "7",
          "schema_version": 0,
          "attributes": {
            "account_id": 2947933,
            "aggregation_delay": "120",
            "aggregation_method": "event_flow",
            "aggregation_timer": null,
            "aggregation_window": 300,
            "baseline_direction": "upper_only",
            "close_violations_on_expiration": false,
            "critical": [
              {
                "duration": 0,
                "operator": "above_or_equals",
                "threshold": 1,
                "threshold_duration": 300,
                "threshold_occurrences": "all",
                "time_function": ""
              }
            ],
            "description": "An error occurred in the SQL Server Service Broker transport layer timer event cache. The Windows application log or SQL Server error log may identify the specific error.",
            "enabled": false,
            "entity_guid": "Mjk0NzkzM3xBSU9QU3xDT05ESVRJT058NDcwMjgyNDA",
            "evaluation_delay": null,
            "expiration_duration": 0,
            "fill_option": "none",
            "fill_value": 0,
            "id": "5878206:47028240",
            "name": "MSSQL on Windows: An error occurred in the timer event cache",
            "nrql": [
              {
                "evaluation_offset": 0,
                "query": "with message as msg SELECT count(message) FROM Log WHERE EventID=9646 AND Level=1 OR Level=2 OR Level=5 FACET msg AS 'Message', hostname,Level",
                "since_value": ""
              }
            ],
            "open_violation_on_expiration": false,
            "policy_id": 5878206,
            "runbook_url": "https://www.example.com",
            "slide_by": null,
            "term": [],
            "timeouts": null,
            "type": "static",
            "violation_time_limit": "ONE_HOUR",
            "violation_time_limit_seconds": 3600,
            "warning": []
          },
          "sensitive_attributes": [],
          "private": "eyJlMmJmYjczMC1lY2FhLTExZTYtOGY4OC0zNDM2M2JjN2M0YzAiOnsiY3JlYXRlIjozMDAwMDAwMDAwMH19",
          "dependencies": [
            "module.mssql_rules_alerts.newrelic_alert_policy.policy"
          ]
        },
        {
          "index_key": "70",
          "schema_version": 0,
          "attributes": {
            "account_id": 2947933,
            "aggregation_delay": "120",
            "aggregation_method": "event_flow",
            "aggregation_timer": null,
            "aggregation_window": 300,
            "baseline_direction": "upper_only",
            "close_violations_on_expiration": false,
            "critical": [
              {
                "duration": 0,
                "operator": "above_or_equals",
                "threshold": 1,
                "threshold_duration": 300,
                "threshold_occurrences": "all",
                "time_function": ""
              }
            ],
            "description": "An operating system error occurred when reading or writing a database page. The error message contains the specific operating system error encountered.",
            "enabled": false,
            "entity_guid": "Mjk0NzkzM3xBSU9QU3xDT05ESVRJT058NDcwMjgyNDc",
            "evaluation_delay": null,
            "expiration_duration": 0,
            "fill_option": "none",
            "fill_value": 0,
            "id": "5878206:47028247",
            "name": "MSSQL on Windows: OS Error occurred while performing I/O on page",
            "nrql": [
              {
                "evaluation_offset": 0,
                "query": "with message as msg SELECT count(message) FROM Log WHERE EventID=823 AND Level=1 OR Level=2 OR Level=5 FACET msg AS 'Message', hostname,Level",
                "since_value": ""
              }
            ],
            "open_violation_on_expiration": false,
            "policy_id": 5878206,
            "runbook_url": "https://www.example.com",
            "slide_by": null,
            "term": [],
            "timeouts": null,
            "type": "static",
            "violation_time_limit": "ONE_HOUR",
            "violation_time_limit_seconds": 3600,
            "warning": []
          },
          "sensitive_attributes": [],
          "private": "eyJlMmJmYjczMC1lY2FhLTExZTYtOGY4OC0zNDM2M2JjN2M0YzAiOnsiY3JlYXRlIjozMDAwMDAwMDAwMH19",
          "dependencies": [
            "module.mssql_rules_alerts.newrelic_alert_policy.policy"
          ]
        },
        {
          "index_key": "71",
          "schema_version": 0,
          "attributes": {
            "account_id": 2947933,
            "aggregation_delay": "120",
            "aggregation_method": "event_flow",
            "aggregation_timer": null,
            "aggregation_window": 300,
            "baseline_direction": "upper_only",
            "close_violations_on_expiration": false,
            "critical": [
              {
                "duration": 0,
                "operator": "above_or_equals",
                "threshold": 1,
                "threshold_duration": 300,
                "threshold_occurrences": "all",
                "time_function": ""
              }
            ],
            "description": "Page P_ID is linked to page P_ID2 but the two pages are allocated to different indexes and/or objects.",
            "enabled": false,
            "entity_guid": "Mjk0NzkzM3xBSU9QU3xDT05ESVRJT058NDcwMjgyOTY",
            "evaluation_delay": null,
            "expiration_duration": 0,
            "fill_option": "none",
            "fill_value": 0,
            "id": "5878206:47028296",
            "name": "MSSQL on Windows: Table error: Cross object linkage. Page PGID-\u003enext is not in the same index",
            "nrql": [
              {
                "evaluation_offset": 0,
                "query": "with message as msg SELECT count(message) FROM Log WHERE EventID=8982 AND Level=1 OR Level=2 OR Level=5 FACET msg AS 'Message', hostname,Level",
                "since_value": ""
              }
            ],
            "open_violation_on_expiration": false,
            "policy_id": 5878206,
            "runbook_url": "https://www.example.com",
            "slide_by": null,
            "term": [],
            "timeouts": null,
            "type": "static",
            "violation_time_limit": "ONE_HOUR",
            "violation_time_limit_seconds": 3600,
            "warning": []
          },
          "sensitive_attributes": [],
          "private": "eyJlMmJmYjczMC1lY2FhLTExZTYtOGY4OC0zNDM2M2JjN2M0YzAiOnsiY3JlYXRlIjozMDAwMDAwMDAwMH19",
          "dependencies": [
            "module.mssql_rules_alerts.newrelic_alert_policy.policy"
          ]
        },
        {
          "index_key": "72",
          "schema_version": 0,
          "attributes": {
            "account_id": 2947933,
            "aggregation_delay": "120",
            "aggregation_method": "event_flow",
            "aggregation_timer": null,
            "aggregation_window": 300,
            "baseline_direction": "upper_only",
            "close_violations_on_expiration": false,
            "critical": [
              {
                "duration": 0,
                "operator": "above_or_equals",
                "threshold": 1,
                "threshold_duration": 300,
                "threshold_occurrences": "all",
                "time_function": ""
              }
            ],
            "description": "This message is raised when the server fails to respond to new queries within a certain time limit.",
            "enabled": false,
            "entity_guid": "Mjk0NzkzM3xBSU9QU3xDT05ESVRJT058NDcwMjgyOTk",
            "evaluation_delay": null,
            "expiration_duration": 0,
            "fill_option": "none",
            "fill_value": 0,
            "id": "5878206:47028299",
            "name": "MSSQL on Windows: Potential deadlocks exist on all schedulers on Node",
            "nrql": [
              {
                "evaluation_offset": 0,
                "query": "with message as msg SELECT count(message) FROM Log WHERE EventID=17884 AND Level=1 OR Level=2 OR Level=5 FACET msg AS 'Message', hostname,Level",
                "since_value": ""
              }
            ],
            "open_violation_on_expiration": false,
            "policy_id": 5878206,
            "runbook_url": "https://www.example.com",
            "slide_by": null,
            "term": [],
            "timeouts": null,
            "type": "static",
            "violation_time_limit": "ONE_HOUR",
            "violation_time_limit_seconds": 3600,
            "warning": []
          },
          "sensitive_attributes": [],
          "private": "eyJlMmJmYjczMC1lY2FhLTExZTYtOGY4OC0zNDM2M2JjN2M0YzAiOnsiY3JlYXRlIjozMDAwMDAwMDAwMH19",
          "dependencies": [
            "module.mssql_rules_alerts.newrelic_alert_policy.policy"
          ]
        },
        {
          "index_key": "73",
          "schema_version": 0,
          "attributes": {
            "account_id": 2947933,
            "aggregation_delay": "120",
            "aggregation_method": "event_flow",
            "aggregation_timer": null,
            "aggregation_window": 300,
            "baseline_direction": "upper_only",
            "close_violations_on_expiration": false,
            "critical": [
              {
                "duration": 0,
                "operator": "above_or_equals",
                "threshold": 1,
                "threshold_duration": 300,
                "threshold_occurrences": "all",
                "time_function": ""
              }
            ],
            "description": "The rule triggers an alert when SQL Server Service Broker is not able to allocate memory for cryptographic operations.",
            "enabled": false,
            "entity_guid": "Mjk0NzkzM3xBSU9QU3xDT05ESVRJT058NDcwMjgyODY",
            "evaluation_delay": null,
            "expiration_duration": 0,
            "fill_option": "none",
            "fill_value": 0,
            "id": "5878206:47028286",
            "name": "MSSQL on Windows: Service Broker was not able to allocate memory for cryptographic operations",
            "nrql": [
              {
                "evaluation_offset": 0,
                "query": "with message as msg SELECT count(message) FROM Log WHERE EventID=9634 AND Level=1 OR Level=2 OR Level=5 FACET msg AS 'Message', hostname,Level",
                "since_value": ""
              }
            ],
            "open_violation_on_expiration": false,
            "policy_id": 5878206,
            "runbook_url": "https://www.example.com",
            "slide_by": null,
            "term": [],
            "timeouts": null,
            "type": "static",
            "violation_time_limit": "ONE_HOUR",
            "violation_time_limit_seconds": 3600,
            "warning": []
          },
          "sensitive_attributes": [],
          "private": "eyJlMmJmYjczMC1lY2FhLTExZTYtOGY4OC0zNDM2M2JjN2M0YzAiOnsiY3JlYXRlIjozMDAwMDAwMDAwMH19",
          "dependencies": [
            "module.mssql_rules_alerts.newrelic_alert_policy.policy"
          ]
        },
        {
          "index_key": "74",
          "schema_version": 0,
          "attributes": {
            "account_id": 2947933,
            "aggregation_delay": "120",
            "aggregation_method": "event_flow",
            "aggregation_timer": null,
            "aggregation_window": 300,
            "baseline_direction": "upper_only",
            "close_violations_on_expiration": false,
            "critical": [
              {
                "duration": 0,
                "operator": "above_or_equals",
                "threshold": 1,
                "threshold_duration": 300,
                "threshold_occurrences": "all",
                "time_function": ""
              }
            ],
            "description": "The backup of the master database that you are restoring is not usable. The file itself may have been corrupted, or the original master database from which the backup was taken may have data integrity problems.",
            "enabled": false,
            "entity_guid": "Mjk0NzkzM3xBSU9QU3xDT05ESVRJT058NDcwMjgzMzc",
            "evaluation_delay": null,
            "expiration_duration": 0,
            "fill_option": "none",
            "fill_value": 0,
            "id": "5878206:47028337",
            "name": "MSSQL on Windows: Failed to restore master database. Shutting down SQL Server",
            "nrql": [
              {
                "evaluation_offset": 0,
                "query": "with message as msg SELECT count(message) FROM Log WHERE EventID=3151 AND Level=1 OR Level=2 OR Level=5 FACET msg AS 'Message', hostname,Level",
                "since_value": ""
              }
            ],
            "open_violation_on_expiration": false,
            "policy_id": 5878206,
            "runbook_url": "https://www.example.com",
            "slide_by": null,
            "term": [],
            "timeouts": null,
            "type": "static",
            "violation_time_limit": "ONE_HOUR",
            "violation_time_limit_seconds": 3600,
            "warning": []
          },
          "sensitive_attributes": [],
          "private": "eyJlMmJmYjczMC1lY2FhLTExZTYtOGY4OC0zNDM2M2JjN2M0YzAiOnsiY3JlYXRlIjozMDAwMDAwMDAwMH19",
          "dependencies": [
            "module.mssql_rules_alerts.newrelic_alert_policy.policy"
          ]
        },
        {
          "index_key": "75",
          "schema_version": 0,
          "attributes": {
            "account_id": 2947933,
            "aggregation_delay": "120",
            "aggregation_method": "event_flow",
            "aggregation_timer": null,
            "aggregation_window": 300,
            "baseline_direction": "upper_only",
            "close_violations_on_expiration": false,
            "critical": [
              {
                "duration": 0,
                "operator": "above_or_equals",
                "threshold": 1,
                "threshold_duration": 300,
                "threshold_occurrences": "all",
                "time_function": ""
              }
            ],
            "description": "The slot specified has an invalid offset (ADDRESS) in the page, according to the slot array.",
            "enabled": false,
            "entity_guid": "Mjk0NzkzM3xBSU9QU3xDT05ESVRJT058NDcwMjgyOTU",
            "evaluation_delay": null,
            "expiration_duration": 0,
            "fill_option": "none",
            "fill_value": 0,
            "id": "5878206:47028295",
            "name": "MSSQL on Windows: Table error: Object, index, page Test failed. Slot - Offset is invalid",
            "nrql": [
              {
                "evaluation_offset": 0,
                "query": "with message as msg SELECT count(message) FROM Log WHERE EventID=8941 AND Level=1 OR Level=2 OR Level=5 FACET msg AS 'Message', hostname,Level",
                "since_value": ""
              }
            ],
            "open_violation_on_expiration": false,
            "policy_id": 5878206,
            "runbook_url": "https://www.example.com",
            "slide_by": null,
            "term": [],
            "timeouts": null,
            "type": "static",
            "violation_time_limit": "ONE_HOUR",
            "violation_time_limit_seconds": 3600,
            "warning": []
          },
          "sensitive_attributes": [],
          "private": "eyJlMmJmYjczMC1lY2FhLTExZTYtOGY4OC0zNDM2M2JjN2M0YzAiOnsiY3JlYXRlIjozMDAwMDAwMDAwMH19",
          "dependencies": [
            "module.mssql_rules_alerts.newrelic_alert_policy.policy"
          ]
        },
        {
          "index_key": "76",
          "schema_version": 0,
          "attributes": {
            "account_id": 2947933,
            "aggregation_delay": "120",
            "aggregation_method": "event_flow",
            "aggregation_timer": null,
            "aggregation_window": 300,
            "baseline_direction": "upper_only",
            "close_violations_on_expiration": false,
            "critical": [
              {
                "duration": 0,
                "operator": "above_or_equals",
                "threshold": 1,
                "threshold_duration": 300,
                "threshold_occurrences": "all",
                "time_function": ""
              }
            ],
            "description": "Space can be created by dropping objects, adding additional files, or allowing file growth.",
            "enabled": false,
            "entity_guid": "Mjk0NzkzM3xBSU9QU3xDT05ESVRJT058NDcwMjgzMjU",
            "evaluation_delay": null,
            "expiration_duration": 0,
            "fill_option": "none",
            "fill_value": 0,
            "id": "5878206:47028325",
            "name": "MSSQL on Windows: Could not allocate new page for database. There are no more pages available in Filegroup",
            "nrql": [
              {
                "evaluation_offset": 0,
                "query": "with message as msg SELECT count(message) FROM Log WHERE EventID=1101 AND Level=1 OR Level=2 OR Level=5 FACET msg AS 'Message', hostname,Level",
                "since_value": ""
              }
            ],
            "open_violation_on_expiration": false,
            "policy_id": 5878206,
            "runbook_url": "https://www.example.com",
            "slide_by": null,
            "term": [],
            "timeouts": null,
            "type": "static",
            "violation_time_limit": "ONE_HOUR",
            "violation_time_limit_seconds": 3600,
            "warning": []
          },
          "sensitive_attributes": [],
          "private": "eyJlMmJmYjczMC1lY2FhLTExZTYtOGY4OC0zNDM2M2JjN2M0YzAiOnsiY3JlYXRlIjozMDAwMDAwMDAwMH19",
          "dependencies": [
            "module.mssql_rules_alerts.newrelic_alert_policy.policy"
          ]
        },
        {
          "index_key": "77",
          "schema_version": 0,
          "attributes": {
            "account_id": 2947933,
            "aggregation_delay": "120",
            "aggregation_method": "event_flow",
            "aggregation_timer": null,
            "aggregation_window": 300,
            "baseline_direction": "upper_only",
            "close_violations_on_expiration": false,
            "critical": [
              {
                "duration": 0,
                "operator": "above_or_equals",
                "threshold": 1,
                "threshold_duration": 300,
                "threshold_occurrences": "all",
                "time_function": ""
              }
            ],
            "description": "SQL Server Service Broker cannot start the Service Broker event handler.",
            "enabled": false,
            "entity_guid": "Mjk0NzkzM3xBSU9QU3xDT05ESVRJT058NDcwMjgyNTA",
            "evaluation_delay": null,
            "expiration_duration": 0,
            "fill_option": "none",
            "fill_value": 0,
            "id": "5878206:47028250",
            "name": "MSSQL on Windows: SQL Server cannot start the Service Broker event handler",
            "nrql": [
              {
                "evaluation_offset": 0,
                "query": "with message as msg SELECT count(message) FROM Log WHERE EventID=9696 AND Level=1 OR Level=2 OR Level=5 FACET msg AS 'Message', hostname,Level",
                "since_value": ""
              }
            ],
            "open_violation_on_expiration": false,
            "policy_id": 5878206,
            "runbook_url": "https://www.example.com",
            "slide_by": null,
            "term": [],
            "timeouts": null,
            "type": "static",
            "violation_time_limit": "ONE_HOUR",
            "violation_time_limit_seconds": 3600,
            "warning": []
          },
          "sensitive_attributes": [],
          "private": "eyJlMmJmYjczMC1lY2FhLTExZTYtOGY4OC0zNDM2M2JjN2M0YzAiOnsiY3JlYXRlIjozMDAwMDAwMDAwMH19",
          "dependencies": [
            "module.mssql_rules_alerts.newrelic_alert_policy.policy"
          ]
        },
        {
          "index_key": "78",
          "schema_version": 0,
          "attributes": {
            "account_id": 2947933,
            "aggregation_delay": "120",
            "aggregation_method": "event_flow",
            "aggregation_timer": null,
            "aggregation_window": 300,
            "baseline_direction": "upper_only",
            "close_violations_on_expiration": false,
            "critical": [
              {
                "duration": 0,
                "operator": "above_or_equals",
                "threshold": 1,
                "threshold_duration": 300,
                "threshold_occurrences": "all",
                "time_function": ""
              }
            ],
            "description": "SQL Server Service Broker cannot start the Service Broker task manager.",
            "enabled": false,
            "entity_guid": "Mjk0NzkzM3xBSU9QU3xDT05ESVRJT058NDcwMjgyOTc",
            "evaluation_delay": null,
            "expiration_duration": 0,
            "fill_option": "none",
            "fill_value": 0,
            "id": "5878206:47028297",
            "name": "MSSQL on Windows: SQL Server could not allocate enough memory to start Service Broker task manager",
            "nrql": [
              {
                "evaluation_offset": 0,
                "query": "with message as msg SELECT count(message) FROM Log WHERE EventID=9695 AND Level=1 OR Level=2 OR Level=5 FACET msg AS 'Message', hostname,Level",
                "since_value": ""
              }
            ],
            "open_violation_on_expiration": false,
            "policy_id": 5878206,
            "runbook_url": "https://www.example.com",
            "slide_by": null,
            "term": [],
            "timeouts": null,
            "type": "static",
            "violation_time_limit": "ONE_HOUR",
            "violation_time_limit_seconds": 3600,
            "warning": []
          },
          "sensitive_attributes": [],
          "private": "eyJlMmJmYjczMC1lY2FhLTExZTYtOGY4OC0zNDM2M2JjN2M0YzAiOnsiY3JlYXRlIjozMDAwMDAwMDAwMH19",
          "dependencies": [
            "module.mssql_rules_alerts.newrelic_alert_policy.policy"
          ]
        },
        {
          "index_key": "79",
          "schema_version": 0,
          "attributes": {
            "account_id": 2947933,
            "aggregation_delay": "120",
            "aggregation_method": "event_flow",
            "aggregation_timer": null,
            "aggregation_window": 300,
            "baseline_direction": "upper_only",
            "close_violations_on_expiration": false,
            "critical": [
              {
                "duration": 0,
                "operator": "above_or_equals",
                "threshold": 1,
                "threshold_duration": 300,
                "threshold_occurrences": "all",
                "time_function": ""
              }
            ],
            "description": "SQL Server has failed to allocate the sufficient amount of memory to run the query.",
            "enabled": false,
            "entity_guid": "Mjk0NzkzM3xBSU9QU3xDT05ESVRJT058NDcwMjgyNzk",
            "evaluation_delay": null,
            "expiration_duration": 0,
            "fill_option": "none",
            "fill_value": 0,
            "id": "5878206:47028279",
            "name": "MSSQL on Windows: SQL Server Out Of Memory",
            "nrql": [
              {
                "evaluation_offset": 0,
                "query": "with message as msg SELECT count(message) FROM Log WHERE EventID=701 AND Level=1 OR Level=2 OR Level=5 FACET msg AS 'Message', hostname,Level",
                "since_value": ""
              }
            ],
            "open_violation_on_expiration": false,
            "policy_id": 5878206,
            "runbook_url": "https://www.example.com",
            "slide_by": null,
            "term": [],
            "timeouts": null,
            "type": "static",
            "violation_time_limit": "ONE_HOUR",
            "violation_time_limit_seconds": 3600,
            "warning": []
          },
          "sensitive_attributes": [],
          "private": "eyJlMmJmYjczMC1lY2FhLTExZTYtOGY4OC0zNDM2M2JjN2M0YzAiOnsiY3JlYXRlIjozMDAwMDAwMDAwMH19",
          "dependencies": [
            "module.mssql_rules_alerts.newrelic_alert_policy.policy"
          ]
        },
        {
          "index_key": "8",
          "schema_version": 0,
          "attributes": {
            "account_id": 2947933,
            "aggregation_delay": "120",
            "aggregation_method": "event_flow",
            "aggregation_timer": null,
            "aggregation_window": 300,
            "baseline_direction": "upper_only",
            "close_violations_on_expiration": false,
            "critical": [
              {
                "duration": 0,
                "operator": "above_or_equals",
                "threshold": 1,
                "threshold_duration": 300,
                "threshold_occurrences": "all",
                "time_function": ""
              }
            ],
            "description": "The rule triggers an alert when an error occurs while processing SQL Server Service Broker mirroring routes.",
            "enabled": false,
            "entity_guid": "Mjk0NzkzM3xBSU9QU3xDT05ESVRJT058NDcwMjgzMjA",
            "evaluation_delay": null,
            "expiration_duration": 0,
            "fill_option": "none",
            "fill_value": 0,
            "id": "5878206:47028320",
            "name": "MSSQL on Windows: An error occurred while processing SQL Server Service Broker mirroring routes",
            "nrql": [
              {
                "evaluation_offset": 0,
                "query": "with message as msg SELECT count(message) FROM Log WHERE EventID=9789 AND Level=1 OR Level=2 OR Level=5 FACET msg AS 'Message', hostname,Level",
                "since_value": ""
              }
            ],
            "open_violation_on_expiration": false,
            "policy_id": 5878206,
            "runbook_url": "https://www.example.com",
            "slide_by": null,
            "term": [],
            "timeouts": null,
            "type": "static",
            "violation_time_limit": "ONE_HOUR",
            "violation_time_limit_seconds": 3600,
            "warning": []
          },
          "sensitive_attributes": [],
          "private": "eyJlMmJmYjczMC1lY2FhLTExZTYtOGY4OC0zNDM2M2JjN2M0YzAiOnsiY3JlYXRlIjozMDAwMDAwMDAwMH19",
          "dependencies": [
            "module.mssql_rules_alerts.newrelic_alert_policy.policy"
          ]
        },
        {
          "index_key": "80",
          "schema_version": 0,
          "attributes": {
            "account_id": 2947933,
            "aggregation_delay": "120",
            "aggregation_method": "event_flow",
            "aggregation_timer": null,
            "aggregation_window": 300,
            "baseline_direction": "upper_only",
            "close_violations_on_expiration": false,
            "critical": [
              {
                "duration": 0,
                "operator": "above_or_equals",
                "threshold": 1,
                "threshold_duration": 300,
                "threshold_occurrences": "all",
                "time_function": ""
              }
            ],
            "description": "SQL Server Service Broker has a conversation where at least one endpoint has been configured to use RC4 encryption and the server is set for Federal Information Processing Standard (FIPS) compliance mode. RC4 encryption is not supported when running in FIPS compliance mode.",
            "enabled": false,
            "entity_guid": "Mjk0NzkzM3xBSU9QU3xDT05ESVRJT058NDcwMjgzMzM",
            "evaluation_delay": null,
            "expiration_duration": 0,
            "fill_option": "none",
            "fill_value": 0,
            "id": "5878206:47028333",
            "name": "MSSQL on Windows: SQL Server Service Broker cannot use RC4 encryption algorithm when running in FIPS compliance mode",
            "nrql": [
              {
                "evaluation_offset": 0,
                "query": "with message as msg SELECT count(message) FROM Log WHERE EventID=28078 AND Level=1 OR Level=2 OR Level=5 FACET msg AS 'Message', hostname,Level",
                "since_value": ""
              }
            ],
            "open_violation_on_expiration": false,
            "policy_id": 5878206,
            "runbook_url": "https://www.example.com",
            "slide_by": null,
            "term": [],
            "timeouts": null,
            "type": "static",
            "violation_time_limit": "ONE_HOUR",
            "violation_time_limit_seconds": 3600,
            "warning": []
          },
          "sensitive_attributes": [],
          "private": "eyJlMmJmYjczMC1lY2FhLTExZTYtOGY4OC0zNDM2M2JjN2M0YzAiOnsiY3JlYXRlIjozMDAwMDAwMDAwMH19",
          "dependencies": [
            "module.mssql_rules_alerts.newrelic_alert_policy.policy"
          ]
        },
        {
          "index_key": "81",
          "schema_version": 0,
          "attributes": {
            "account_id": 2947933,
            "aggregation_delay": "120",
            "aggregation_method": "event_flow",
            "aggregation_timer": null,
            "aggregation_window": 300,
            "baseline_direction": "upper_only",
            "close_violations_on_expiration": false,
            "critical": [
              {
                "duration": 0,
                "operator": "above_or_equals",
                "threshold": 1,
                "threshold_duration": 300,
                "threshold_occurrences": "all",
                "time_function": ""
              }
            ],
            "description": "SQL Server Service Broker could not query the FIPS compliance mode flag from the registry.",
            "enabled": false,
            "entity_guid": "Mjk0NzkzM3xBSU9QU3xDT05ESVRJT058NDcwMjgzMzA",
            "evaluation_delay": null,
            "expiration_duration": 0,
            "fill_option": "none",
            "fill_value": 0,
            "id": "5878206:47028330",
            "name": "MSSQL on Windows: SQL Server Service Broker could not query the FIPS compliance mode flag from the registry",
            "nrql": [
              {
                "evaluation_offset": 0,
                "query": "with message as msg SELECT count(message) FROM Log WHERE EventID=28076 AND Level=1 OR Level=2 OR Level=5 FACET msg AS 'Message', hostname,Level",
                "since_value": ""
              }
            ],
            "open_violation_on_expiration": false,
            "policy_id": 5878206,
            "runbook_url": "https://www.example.com",
            "slide_by": null,
            "term": [],
            "timeouts": null,
            "type": "static",
            "violation_time_limit": "ONE_HOUR",
            "violation_time_limit_seconds": 3600,
            "warning": []
          },
          "sensitive_attributes": [],
          "private": "eyJlMmJmYjczMC1lY2FhLTExZTYtOGY4OC0zNDM2M2JjN2M0YzAiOnsiY3JlYXRlIjozMDAwMDAwMDAwMH19",
          "dependencies": [
            "module.mssql_rules_alerts.newrelic_alert_policy.policy"
          ]
        },
        {
          "index_key": "82",
          "schema_version": 0,
          "attributes": {
            "account_id": 2947933,
            "aggregation_delay": "120",
            "aggregation_method": "event_flow",
            "aggregation_timer": null,
            "aggregation_window": 300,
            "baseline_direction": "upper_only",
            "close_violations_on_expiration": false,
            "critical": [
              {
                "duration": 0,
                "operator": "above_or_equals",
                "threshold": 1,
                "threshold_duration": 300,
                "threshold_occurrences": "all",
                "time_function": ""
              }
            ],
            "description": "SQL Server Service Broker or Database Mirror attempted to call an operating system cryptographic function. The cryptographic function returned an error.",
            "enabled": false,
            "entity_guid": "Mjk0NzkzM3xBSU9QU3xDT05ESVRJT058NDcwMjgzMzU",
            "evaluation_delay": null,
            "expiration_duration": 0,
            "fill_option": "none",
            "fill_value": 0,
            "id": "5878206:47028335",
            "name": "MSSQL on Windows: SQL Server Service Broker or Database Mirror cryptographic call failed",
            "nrql": [
              {
                "evaluation_offset": 0,
                "query": "with message as msg SELECT count(message) FROM Log WHERE EventID=9650 AND Level=1 OR Level=2 OR Level=5 FACET msg AS 'Message', hostname,Level",
                "since_value": ""
              }
            ],
            "open_violation_on_expiration": false,
            "policy_id": 5878206,
            "runbook_url": "https://www.example.com",
            "slide_by": null,
            "term": [],
            "timeouts": null,
            "type": "static",
            "violation_time_limit": "ONE_HOUR",
            "violation_time_limit_seconds": 3600,
            "warning": []
          },
          "sensitive_attributes": [],
          "private": "eyJlMmJmYjczMC1lY2FhLTExZTYtOGY4OC0zNDM2M2JjN2M0YzAiOnsiY3JlYXRlIjozMDAwMDAwMDAwMH19",
          "dependencies": [
            "module.mssql_rules_alerts.newrelic_alert_policy.policy"
          ]
        },
        {
          "index_key": "83",
          "schema_version": 0,
          "attributes": {
            "account_id": 2947933,
            "aggregation_delay": "120",
            "aggregation_method": "event_flow",
            "aggregation_timer": null,
            "aggregation_window": 300,
            "baseline_direction": "upper_only",
            "close_violations_on_expiration": false,
            "critical": [
              {
                "duration": 0,
                "operator": "above_or_equals",
                "threshold": 1,
                "threshold_duration": 300,
                "threshold_occurrences": "all",
                "time_function": ""
              }
            ],
            "description": "SQL Server Service Broker tries to use an unsupported encryption algorithm.",
            "enabled": false,
            "entity_guid": "Mjk0NzkzM3xBSU9QU3xDT05ESVRJT058NDcwMjgyNzY",
            "evaluation_delay": null,
            "expiration_duration": 0,
            "fill_option": "none",
            "fill_value": 0,
            "id": "5878206:47028276",
            "name": "MSSQL on Windows: SQL Server Service Broker attempted to use an unsupported encryption algorithm",
            "nrql": [
              {
                "evaluation_offset": 0,
                "query": "with message as msg SELECT count(message) FROM Log WHERE EventID=28060 AND Level=1 OR Level=2 OR Level=5 FACET msg AS 'Message', hostname,Level",
                "since_value": ""
              }
            ],
            "open_violation_on_expiration": false,
            "policy_id": 5878206,
            "runbook_url": "https://www.example.com",
            "slide_by": null,
            "term": [],
            "timeouts": null,
            "type": "static",
            "violation_time_limit": "ONE_HOUR",
            "violation_time_limit_seconds": 3600,
            "warning": []
          },
          "sensitive_attributes": [],
          "private": "eyJlMmJmYjczMC1lY2FhLTExZTYtOGY4OC0zNDM2M2JjN2M0YzAiOnsiY3JlYXRlIjozMDAwMDAwMDAwMH19",
          "dependencies": [
            "module.mssql_rules_alerts.newrelic_alert_policy.policy"
          ]
        },
        {
          "index_key": "84",
          "schema_version": 0,
          "attributes": {
            "account_id": 2947933,
            "aggregation_delay": "120",
            "aggregation_method": "event_flow",
            "aggregation_timer": null,
            "aggregation_window": 300,
            "baseline_direction": "upper_only",
            "close_violations_on_expiration": false,
            "critical": [
              {
                "duration": 0,
                "operator": "above_or_equals",
                "threshold": 1,
                "threshold_duration": 300,
                "threshold_occurrences": "all",
                "time_function": ""
              }
            ],
            "description": "The page specified has an invalid page header.",
            "enabled": false,
            "entity_guid": "Mjk0NzkzM3xBSU9QU3xDT05ESVRJT058NDcwMjgzNDA",
            "evaluation_delay": null,
            "expiration_duration": 0,
            "fill_option": "none",
            "fill_value": 0,
            "id": "5878206:47028340",
            "name": "MSSQL on Windows: Table error: Allocation page has invalid page header values.",
            "nrql": [
              {
                "evaluation_offset": 0,
                "query": "with message as msg SELECT count(message) FROM Log WHERE EventID=8946 AND Level=1 OR Level=2 OR Level=5 FACET msg AS 'Message', hostname,Level",
                "since_value": ""
              }
            ],
            "open_violation_on_expiration": false,
            "policy_id": 5878206,
            "runbook_url": "https://www.example.com",
            "slide_by": null,
            "term": [],
            "timeouts": null,
            "type": "static",
            "violation_time_limit": "ONE_HOUR",
            "violation_time_limit_seconds": 3600,
            "warning": []
          },
          "sensitive_attributes": [],
          "private": "eyJlMmJmYjczMC1lY2FhLTExZTYtOGY4OC0zNDM2M2JjN2M0YzAiOnsiY3JlYXRlIjozMDAwMDAwMDAwMH19",
          "dependencies": [
            "module.mssql_rules_alerts.newrelic_alert_policy.policy"
          ]
        },
        {
          "index_key": "85",
          "schema_version": 0,
          "attributes": {
            "account_id": 2947933,
            "aggregation_delay": "120",
            "aggregation_method": "event_flow",
            "aggregation_timer": null,
            "aggregation_window": 300,
            "baseline_direction": "upper_only",
            "close_violations_on_expiration": false,
            "critical": [
              {
                "duration": 0,
                "operator": "above_or_equals",
                "threshold": 1,
                "threshold_duration": 300,
                "threshold_occurrences": "all",
                "time_function": ""
              }
            ],
            "description": "There is a break in the logical page chain at some level in the B-tree specified.",
            "enabled": false,
            "entity_guid": "Mjk0NzkzM3xBSU9QU3xDT05ESVRJT058NDcwMjgyNDg",
            "evaluation_delay": null,
            "expiration_duration": 0,
            "fill_option": "none",
            "fill_value": 0,
            "id": "5878206:47028248",
            "name": "MSSQL on Windows: Table error: B-tree chain linkage mismatch.",
            "nrql": [
              {
                "evaluation_offset": 0,
                "query": "with message as msg SELECT count(message) FROM Log WHERE EventID=8936 AND Level=1 OR Level=2 OR Level=5 FACET msg AS 'Message', hostname,Level",
                "since_value": ""
              }
            ],
            "open_violation_on_expiration": false,
            "policy_id": 5878206,
            "runbook_url": "https://www.example.com",
            "slide_by": null,
            "term": [],
            "timeouts": null,
            "type": "static",
            "violation_time_limit": "ONE_HOUR",
            "violation_time_limit_seconds": 3600,
            "warning": []
          },
          "sensitive_attributes": [],
          "private": "eyJlMmJmYjczMC1lY2FhLTExZTYtOGY4OC0zNDM2M2JjN2M0YzAiOnsiY3JlYXRlIjozMDAwMDAwMDAwMH19",
          "dependencies": [
            "module.mssql_rules_alerts.newrelic_alert_policy.policy"
          ]
        },
        {
          "index_key": "86",
          "schema_version": 0,
          "attributes": {
            "account_id": 2947933,
            "aggregation_delay": "120",
            "aggregation_method": "event_flow",
            "aggregation_timer": null,
            "aggregation_window": 300,
            "baseline_direction": "upper_only",
            "close_violations_on_expiration": false,
            "critical": [
              {
                "duration": 0,
                "operator": "above_or_equals",
                "threshold": 1,
                "threshold_duration": 300,
                "threshold_occurrences": "all",
                "time_function": ""
              }
            ],
            "description": "There are two pages linked as parent (P_ID2) and child (P_ID1) in a B-tree. The level (LEVEL1) in the child page (P_ID1) does not comply with the level rules for B-trees, given the level (LEVEL2) in the parent page (P_ID2).",
            "enabled": false,
            "entity_guid": "Mjk0NzkzM3xBSU9QU3xDT05ESVRJT058NDcwMjgzMzg",
            "evaluation_delay": null,
            "expiration_duration": 0,
            "fill_option": "none",
            "fill_value": 0,
            "id": "5878206:47028338",
            "name": "MSSQL on Windows: Table error: B-tree level mismatch, page does not match level from parent",
            "nrql": [
              {
                "evaluation_offset": 0,
                "query": "with message as msg SELECT count(message) FROM Log WHERE EventID=8931 AND Level=1 OR Level=2 OR Level=5 FACET msg AS 'Message', hostname,Level",
                "since_value": ""
              }
            ],
            "open_violation_on_expiration": false,
            "policy_id": 5878206,
            "runbook_url": "https://www.example.com",
            "slide_by": null,
            "term": [],
            "timeouts": null,
            "type": "static",
            "violation_time_limit": "ONE_HOUR",
            "violation_time_limit_seconds": 3600,
            "warning": []
          },
          "sensitive_attributes": [],
          "private": "eyJlMmJmYjczMC1lY2FhLTExZTYtOGY4OC0zNDM2M2JjN2M0YzAiOnsiY3JlYXRlIjozMDAwMDAwMDAwMH19",
          "dependencies": [
            "module.mssql_rules_alerts.newrelic_alert_policy.policy"
          ]
        },
        {
          "index_key": "87",
          "schema_version": 0,
          "attributes": {
            "account_id": 2947933,
            "aggregation_delay": "120",
            "aggregation_method": "event_flow",
            "aggregation_timer": null,
            "aggregation_window": 300,
            "baseline_direction": "upper_only",
            "close_violations_on_expiration": false,
            "critical": [
              {
                "duration": 0,
                "operator": "above_or_equals",
                "threshold": 1,
                "threshold_duration": 300,
                "threshold_occurrences": "all",
                "time_function": ""
              }
            ],
            "description": "The B-tree structure is corrupt because page P_ID1 is referenced as a child page by slots in two pages higher in the B-tree, P_ID2 and P_ID3. A page can only be referenced by a single parent.",
            "enabled": false,
            "entity_guid": "Mjk0NzkzM3xBSU9QU3xDT05ESVRJT058NDcwMjgyNjg",
            "evaluation_delay": null,
            "expiration_duration": 0,
            "fill_option": "none",
            "fill_value": 0,
            "id": "5878206:47028268",
            "name": "MSSQL on Windows: Table error: B-tree page has two parent nodes",
            "nrql": [
              {
                "evaluation_offset": 0,
                "query": "with message as msg SELECT count(message) FROM Log WHERE EventID=8937 AND Level=1 OR Level=2 OR Level=5 FACET msg AS 'Message', hostname,Level",
                "since_value": ""
              }
            ],
            "open_violation_on_expiration": false,
            "policy_id": 5878206,
            "runbook_url": "https://www.example.com",
            "slide_by": null,
            "term": [],
            "timeouts": null,
            "type": "static",
            "violation_time_limit": "ONE_HOUR",
            "violation_time_limit_seconds": 3600,
            "warning": []
          },
          "sensitive_attributes": [],
          "private": "eyJlMmJmYjczMC1lY2FhLTExZTYtOGY4OC0zNDM2M2JjN2M0YzAiOnsiY3JlYXRlIjozMDAwMDAwMDAwMH19",
          "dependencies": [
            "module.mssql_rules_alerts.newrelic_alert_policy.policy"
          ]
        },
        {
          "index_key": "88",
          "schema_version": 0,
          "attributes": {
            "account_id": 2947933,
            "aggregation_delay": "120",
            "aggregation_method": "event_flow",
            "aggregation_timer": null,
            "aggregation_window": 300,
            "baseline_direction": "upper_only",
            "close_violations_on_expiration": false,
            "critical": [
              {
                "duration": 0,
                "operator": "above_or_equals",
                "threshold": 1,
                "threshold_duration": 300,
                "threshold_occurrences": "all",
                "time_function": ""
              }
            ],
            "description": "The first phase of a DBCC CHECKDB is to do primitive checks on the data pages of critical system tables. If any errors are found, they cannot be repaired and so the DBCC CHECKDB terminates immediately.",
            "enabled": false,
            "entity_guid": "Mjk0NzkzM3xBSU9QU3xDT05ESVRJT058NDcwMjgyNTU",
            "evaluation_delay": null,
            "expiration_duration": 0,
            "fill_option": "none",
            "fill_value": 0,
            "id": "5878206:47028255",
            "name": "MSSQL on Windows: Table error: cross-object chain linkage",
            "nrql": [
              {
                "evaluation_offset": 0,
                "query": "with message as msg SELECT count(message) FROM Log WHERE EventID=8930 AND Level=1 OR Level=2 OR Level=5 FACET msg AS 'Message', hostname,Level",
                "since_value": ""
              }
            ],
            "open_violation_on_expiration": false,
            "policy_id": 5878206,
            "runbook_url": "https://www.example.com",
            "slide_by": null,
            "term": [],
            "timeouts": null,
            "type": "static",
            "violation_time_limit": "ONE_HOUR",
            "violation_time_limit_seconds": 3600,
            "warning": []
          },
          "sensitive_attributes": [],
          "private": "eyJlMmJmYjczMC1lY2FhLTExZTYtOGY4OC0zNDM2M2JjN2M0YzAiOnsiY3JlYXRlIjozMDAwMDAwMDAwMH19",
          "dependencies": [
            "module.mssql_rules_alerts.newrelic_alert_policy.policy"
          ]
        },
        {
          "index_key": "89",
          "schema_version": 0,
          "attributes": {
            "account_id": 2947933,
            "aggregation_delay": "120",
            "aggregation_method": "event_flow",
            "aggregation_timer": null,
            "aggregation_window": 300,
            "baseline_direction": "upper_only",
            "close_violations_on_expiration": false,
            "critical": [
              {
                "duration": 0,
                "operator": "above_or_equals",
                "threshold": 1,
                "threshold_duration": 300,
                "threshold_occurrences": "all",
                "time_function": ""
              }
            ],
            "description": "The page P_ID1 points, in a parent-child manner, to a page (P_ID2) in a different object.",
            "enabled": false,
            "entity_guid": "Mjk0NzkzM3xBSU9QU3xDT05ESVRJT058NDcwMjgyODQ",
            "evaluation_delay": null,
            "expiration_duration": 0,
            "fill_option": "none",
            "fill_value": 0,
            "id": "5878206:47028284",
            "name": "MSSQL on Windows: Table error: Cross object linkage",
            "nrql": [
              {
                "evaluation_offset": 0,
                "query": "with message as msg SELECT count(message) FROM Log WHERE EventID=8925 AND Level=1 OR Level=2 OR Level=5 FACET msg AS 'Message', hostname,Level",
                "since_value": ""
              }
            ],
            "open_violation_on_expiration": false,
            "policy_id": 5878206,
            "runbook_url": "https://www.example.com",
            "slide_by": null,
            "term": [],
            "timeouts": null,
            "type": "static",
            "violation_time_limit": "ONE_HOUR",
            "violation_time_limit_seconds": 3600,
            "warning": []
          },
          "sensitive_attributes": [],
          "private": "eyJlMmJmYjczMC1lY2FhLTExZTYtOGY4OC0zNDM2M2JjN2M0YzAiOnsiY3JlYXRlIjozMDAwMDAwMDAwMH19",
          "dependencies": [
            "module.mssql_rules_alerts.newrelic_alert_policy.policy"
          ]
        },
        {
          "index_key": "9",
          "schema_version": 0,
          "attributes": {
            "account_id": 2947933,
            "aggregation_delay": "120",
            "aggregation_method": "event_flow",
            "aggregation_timer": null,
            "aggregation_window": 300,
            "baseline_direction": "upper_only",
            "close_violations_on_expiration": false,
            "critical": [
              {
                "duration": 0,
                "operator": "above_or_equals",
                "threshold": 1,
                "threshold_duration": 300,
                "threshold_occurrences": "all",
                "time_function": ""
              }
            ],
            "description": "This error indicates a failure while processing the transaction log during rollback, recovery, or replication.",
            "enabled": false,
            "entity_guid": "Mjk0NzkzM3xBSU9QU3xDT05ESVRJT058NDcwMjgyNjc",
            "evaluation_delay": null,
            "expiration_duration": 0,
            "fill_option": "none",
            "fill_value": 0,
            "id": "5878206:47028267",
            "name": "MSSQL on Windows: An error occurred while reading the log for database",
            "nrql": [
              {
                "evaluation_offset": 0,
                "query": "with message as msg SELECT count(message) FROM Log WHERE EventID=9004 AND Level=1 OR Level=2 OR Level=5 FACET msg AS 'Message', hostname,Level",
                "since_value": ""
              }
            ],
            "open_violation_on_expiration": false,
            "policy_id": 5878206,
            "runbook_url": "https://www.example.com",
            "slide_by": null,
            "term": [],
            "timeouts": null,
            "type": "static",
            "violation_time_limit": "ONE_HOUR",
            "violation_time_limit_seconds": 3600,
            "warning": []
          },
          "sensitive_attributes": [],
          "private": "eyJlMmJmYjczMC1lY2FhLTExZTYtOGY4OC0zNDM2M2JjN2M0YzAiOnsiY3JlYXRlIjozMDAwMDAwMDAwMH19",
          "dependencies": [
            "module.mssql_rules_alerts.newrelic_alert_policy.policy"
          ]
        },
        {
          "index_key": "90",
          "schema_version": 0,
          "attributes": {
            "account_id": 2947933,
            "aggregation_delay": "120",
            "aggregation_method": "event_flow",
            "aggregation_timer": null,
            "aggregation_window": 300,
            "baseline_direction": "upper_only",
            "close_violations_on_expiration": false,
            "critical": [
              {
                "duration": 0,
                "operator": "above_or_equals",
                "threshold": 1,
                "threshold_duration": 300,
                "threshold_occurrences": "all",
                "time_function": ""
              }
            ],
            "description": "The next page pointer of page P_ID2 and a child page pointer of page P_ID1 in a B-tree of the specified object points to a page (P_ID3) in a different object. Furthermore, pages P_ID1 and P_ID2 may themselves be in different objects.",
            "enabled": false,
            "entity_guid": "Mjk0NzkzM3xBSU9QU3xDT05ESVRJT058NDcwMjgyNzU",
            "evaluation_delay": null,
            "expiration_duration": 0,
            "fill_option": "none",
            "fill_value": 0,
            "id": "5878206:47028275",
            "name": "MSSQL on Windows: Table error: Cross object linkage: Parent page in object next refer to page not in the same object",
            "nrql": [
              {
                "evaluation_offset": 0,
                "query": "with message as msg SELECT count(message) FROM Log WHERE EventID=8926 AND Level=1 OR Level=2 OR Level=5 FACET msg AS 'Message', hostname,Level",
                "since_value": ""
              }
            ],
            "open_violation_on_expiration": false,
            "policy_id": 5878206,
            "runbook_url": "https://www.example.com",
            "slide_by": null,
            "term": [],
            "timeouts": null,
            "type": "static",
            "violation_time_limit": "ONE_HOUR",
            "violation_time_limit_seconds": 3600,
            "warning": []
          },
          "sensitive_attributes": [],
          "private": "eyJlMmJmYjczMC1lY2FhLTExZTYtOGY4OC0zNDM2M2JjN2M0YzAiOnsiY3JlYXRlIjozMDAwMDAwMDAwMH19",
          "dependencies": [
            "module.mssql_rules_alerts.newrelic_alert_policy.policy"
          ]
        },
        {
          "index_key": "91",
          "schema_version": 0,
          "attributes": {
            "account_id": 2947933,
            "aggregation_delay": "120",
            "aggregation_method": "event_flow",
            "aggregation_timer": null,
            "aggregation_window": 300,
            "baseline_direction": "upper_only",
            "close_violations_on_expiration": false,
            "critical": [
              {
                "duration": 0,
                "operator": "above_or_equals",
                "threshold": 1,
                "threshold_duration": 300,
                "threshold_occurrences": "all",
                "time_function": ""
              }
            ],
            "description": "There is a break in the IAM chain for the index specified. A page P_ID2 is pointed to by the next page pointer of page P_ID1, but page P_ID2's previous page pointer points to a different page, P_ID3. Both error states mean the same, and only differ in where the corruption was discovered.",
            "enabled": false,
            "entity_guid": "Mjk0NzkzM3xBSU9QU3xDT05ESVRJT058NDcwMjgyNjA",
            "evaluation_delay": null,
            "expiration_duration": 0,
            "fill_option": "none",
            "fill_value": 0,
            "id": "5878206:47028260",
            "name": "MSSQL on Windows: Table error: IAM chain linkage error",
            "nrql": [
              {
                "evaluation_offset": 0,
                "query": "with message as msg SELECT count(message) FROM Log WHERE EventID=8969 AND Level=1 OR Level=2 OR Level=5 FACET msg AS 'Message', hostname,Level",
                "since_value": ""
              }
            ],
            "open_violation_on_expiration": false,
            "policy_id": 5878206,
            "runbook_url": "https://www.example.com",
            "slide_by": null,
            "term": [],
            "timeouts": null,
            "type": "static",
            "violation_time_limit": "ONE_HOUR",
            "violation_time_limit_seconds": 3600,
            "warning": []
          },
          "sensitive_attributes": [],
          "private": "eyJlMmJmYjczMC1lY2FhLTExZTYtOGY4OC0zNDM2M2JjN2M0YzAiOnsiY3JlYXRlIjozMDAwMDAwMDAwMH19",
          "dependencies": [
            "module.mssql_rules_alerts.newrelic_alert_policy.policy"
          ]
        },
        {
          "index_key": "92",
          "schema_version": 0,
          "attributes": {
            "account_id": 2947933,
            "aggregation_delay": "120",
            "aggregation_method": "event_flow",
            "aggregation_timer": null,
            "aggregation_window": 300,
            "baseline_direction": "upper_only",
            "close_violations_on_expiration": false,
            "critical": [
              {
                "duration": 0,
                "operator": "above_or_equals",
                "threshold": 1,
                "threshold_duration": 300,
                "threshold_occurrences": "all",
                "time_function": ""
              }
            ],
            "description": "The text node is on the wrong text page type. If the parent (owner) of the node can be found, there will be an accompanying 8929 message providing details about the owner.",
            "enabled": false,
            "entity_guid": "Mjk0NzkzM3xBSU9QU3xDT05ESVRJT058NDcwMjgyODk",
            "evaluation_delay": null,
            "expiration_duration": 0,
            "fill_option": "none",
            "fill_value": 0,
            "id": "5878206:47028289",
            "name": "MSSQL on Windows: Table error: The text, ntext, or image node has wrong type",
            "nrql": [
              {
                "evaluation_offset": 0,
                "query": "with message as msg SELECT count(message) FROM Log WHERE EventID=8963 AND Level=1 OR Level=2 OR Level=5 FACET msg AS 'Message', hostname,Level",
                "since_value": ""
              }
            ],
            "open_violation_on_expiration": false,
            "policy_id": 5878206,
            "runbook_url": "https://www.example.com",
            "slide_by": null,
            "term": [],
            "timeouts": null,
            "type": "static",
            "violation_time_limit": "ONE_HOUR",
            "violation_time_limit_seconds": 3600,
            "warning": []
          },
          "sensitive_attributes": [],
          "private": "eyJlMmJmYjczMC1lY2FhLTExZTYtOGY4OC0zNDM2M2JjN2M0YzAiOnsiY3JlYXRlIjozMDAwMDAwMDAwMH19",
          "dependencies": [
            "module.mssql_rules_alerts.newrelic_alert_policy.policy"
          ]
        },
        {
          "index_key": "93",
          "schema_version": 0,
          "attributes": {
            "account_id": 2947933,
            "aggregation_delay": "120",
            "aggregation_method": "event_flow",
            "aggregation_timer": null,
            "aggregation_window": 300,
            "baseline_direction": "upper_only",
            "close_violations_on_expiration": false,
            "critical": [
              {
                "duration": 0,
                "operator": "above_or_equals",
                "threshold": 1,
                "threshold_duration": 300,
                "threshold_occurrences": "all",
                "time_function": ""
              }
            ],
            "description": "Page P_ID had a page type that was unexpected by the code trying to interpret it. The page is marked allocated, however, which is why the DBCC code is trying to interpret it.",
            "enabled": false,
            "entity_guid": "Mjk0NzkzM3xBSU9QU3xDT05ESVRJT058NDcwMjgzMDM",
            "evaluation_delay": null,
            "expiration_duration": 0,
            "fill_option": "none",
            "fill_value": 0,
            "id": "5878206:47028303",
            "name": "MSSQL on Windows: Table error: Unexpected page type",
            "nrql": [
              {
                "evaluation_offset": 0,
                "query": "with message as msg SELECT count(message) FROM Log WHERE EventID=8938 AND Level=1 OR Level=2 OR Level=5 FACET msg AS 'Message', hostname,Level",
                "since_value": ""
              }
            ],
            "open_violation_on_expiration": false,
            "policy_id": 5878206,
            "runbook_url": "https://www.example.com",
            "slide_by": null,
            "term": [],
            "timeouts": null,
            "type": "static",
            "violation_time_limit": "ONE_HOUR",
            "violation_time_limit_seconds": 3600,
            "warning": []
          },
          "sensitive_attributes": [],
          "private": "eyJlMmJmYjczMC1lY2FhLTExZTYtOGY4OC0zNDM2M2JjN2M0YzAiOnsiY3JlYXRlIjozMDAwMDAwMDAwMH19",
          "dependencies": [
            "module.mssql_rules_alerts.newrelic_alert_policy.policy"
          ]
        },
        {
          "index_key": "94",
          "schema_version": 0,
          "attributes": {
            "account_id": 2947933,
            "aggregation_delay": "120",
            "aggregation_method": "event_flow",
            "aggregation_timer": null,
            "aggregation_window": 300,
            "baseline_direction": "upper_only",
            "close_violations_on_expiration": false,
            "critical": [
              {
                "duration": 0,
                "operator": "above_or_equals",
                "threshold": 1,
                "threshold_duration": 300,
                "threshold_occurrences": "all",
                "time_function": ""
              }
            ],
            "description": "There are no eligible columns in the current database on which to create statistics using sp_createstats. Computed columns and columns of the ntext, text, or image data types cannot be specified as statistics columns. Columns already having statistics are not touched (for example, the first column of an index or a column with explicitly created statistics).",
            "enabled": false,
            "entity_guid": "Mjk0NzkzM3xBSU9QU3xDT05ESVRJT058NDcwMjgyODc",
            "evaluation_delay": null,
            "expiration_duration": 0,
            "fill_option": "none",
            "fill_value": 0,
            "id": "5878206:47028287",
            "name": "MSSQL on Windows: Table: No columns without statistics found",
            "nrql": [
              {
                "evaluation_offset": 0,
                "query": "with message as msg SELECT count(message) FROM Log WHERE EventID=15013 AND Level=1 OR Level=2 OR Level=5 FACET msg AS 'Message', hostname,Level",
                "since_value": ""
              }
            ],
            "open_violation_on_expiration": false,
            "policy_id": 5878206,
            "runbook_url": "https://www.example.com",
            "slide_by": null,
            "term": [],
            "timeouts": null,
            "type": "static",
            "violation_time_limit": "ONE_HOUR",
            "violation_time_limit_seconds": 3600,
            "warning": []
          },
          "sensitive_attributes": [],
          "private": "eyJlMmJmYjczMC1lY2FhLTExZTYtOGY4OC0zNDM2M2JjN2M0YzAiOnsiY3JlYXRlIjozMDAwMDAwMDAwMH19",
          "dependencies": [
            "module.mssql_rules_alerts.newrelic_alert_policy.policy"
          ]
        },
        {
          "index_key": "95",
          "schema_version": 0,
          "attributes": {
            "account_id": 2947933,
            "aggregation_delay": "120",
            "aggregation_method": "event_flow",
            "aggregation_timer": null,
            "aggregation_window": 300,
            "baseline_direction": "upper_only",
            "close_violations_on_expiration": false,
            "critical": [
              {
                "duration": 0,
                "operator": "above_or_equals",
                "threshold": 1,
                "threshold_duration": 300,
                "threshold_occurrences": "all",
                "time_function": ""
              }
            ],
            "description": "The error is reported by the SQL Server Agent service when it auto restarts SQL Server. SQL Server Agent will only auto restart SQL Server if SQL Server stopped for some reason other than an explicit stop command from a user or application, and if the 'Auto restart SQL Server if it stops unexpectedly' option is selected in SQL Server Agent Advanced properties. During the restart of SQL Server, SQL Server Agent will write this message to the application event log on the computer hosting SQL Server.",
            "enabled": false,
            "entity_guid": "Mjk0NzkzM3xBSU9QU3xDT05ESVRJT058NDcwMjgzMjc",
            "evaluation_delay": null,
            "expiration_duration": 0,
            "fill_option": "none",
            "fill_value": 0,
            "id": "5878206:47028327",
            "name": "MSSQL on Windows: The MSSQLServer service terminated unexpectedly",
            "nrql": [
              {
                "evaluation_offset": 0,
                "query": "with message as msg SELECT count(message) FROM Log WHERE EventID=14265 AND Level=1 OR Level=2 OR Level=5 FACET msg AS 'Message', hostname,Level",
                "since_value": ""
              }
            ],
            "open_violation_on_expiration": false,
            "policy_id": 5878206,
            "runbook_url": "https://www.example.com",
            "slide_by": null,
            "term": [],
            "timeouts": null,
            "type": "static",
            "violation_time_limit": "ONE_HOUR",
            "violation_time_limit_seconds": 3600,
            "warning": []
          },
          "sensitive_attributes": [],
          "private": "eyJlMmJmYjczMC1lY2FhLTExZTYtOGY4OC0zNDM2M2JjN2M0YzAiOnsiY3JlYXRlIjozMDAwMDAwMDAwMH19",
          "dependencies": [
            "module.mssql_rules_alerts.newrelic_alert_policy.policy"
          ]
        },
        {
          "index_key": "96",
          "schema_version": 0,
          "attributes": {
            "account_id": 2947933,
            "aggregation_delay": "120",
            "aggregation_method": "event_flow",
            "aggregation_timer": null,
            "aggregation_window": 300,
            "baseline_direction": "upper_only",
            "close_violations_on_expiration": false,
            "critical": [
              {
                "duration": 0,
                "operator": "above_or_equals",
                "threshold": 1,
                "threshold_duration": 300,
                "threshold_occurrences": "all",
                "time_function": ""
              }
            ],
            "description": "The provider reported an unexpected catastrophic failure.",
            "enabled": false,
            "entity_guid": "Mjk0NzkzM3xBSU9QU3xDT05ESVRJT058NDcwMjgzMDk",
            "evaluation_delay": null,
            "expiration_duration": 0,
            "fill_option": "none",
            "fill_value": 0,
            "id": "5878206:47028309",
            "name": "MSSQL on Windows: The provider reported an unexpected catastrophic failure",
            "nrql": [
              {
                "evaluation_offset": 0,
                "query": "with message as msg SELECT count(message) FROM Log WHERE EventID=10001 AND Level=1 OR Level=2 OR Level=5 FACET msg AS 'Message', hostname,Level",
                "since_value": ""
              }
            ],
            "open_violation_on_expiration": false,
            "policy_id": 5878206,
            "runbook_url": "https://www.example.com",
            "slide_by": null,
            "term": [],
            "timeouts": null,
            "type": "static",
            "violation_time_limit": "ONE_HOUR",
            "violation_time_limit_seconds": 3600,
            "warning": []
          },
          "sensitive_attributes": [],
          "private": "eyJlMmJmYjczMC1lY2FhLTExZTYtOGY4OC0zNDM2M2JjN2M0YzAiOnsiY3JlYXRlIjozMDAwMDAwMDAwMH19",
          "dependencies": [
            "module.mssql_rules_alerts.newrelic_alert_policy.policy"
          ]
        },
        {
          "index_key": "97",
          "schema_version": 0,
          "attributes": {
            "account_id": 2947933,
            "aggregation_delay": "120",
            "aggregation_method": "event_flow",
            "aggregation_timer": null,
            "aggregation_window": 300,
            "baseline_direction": "upper_only",
            "close_violations_on_expiration": false,
            "critical": [
              {
                "duration": 0,
                "operator": "above_or_equals",
                "threshold": 1,
                "threshold_duration": 300,
                "threshold_occurrences": "all",
                "time_function": ""
              }
            ],
            "description": "Failed to start a sub-process (a parallel query or parallel I/O) because no threads are available or too many sub-processes executing.",
            "enabled": false,
            "entity_guid": "Mjk0NzkzM3xBSU9QU3xDT05ESVRJT058NDcwMjgyMzc",
            "evaluation_delay": null,
            "expiration_duration": 0,
            "fill_option": "none",
            "fill_value": 0,
            "id": "5878206:47028237",
            "name": "MSSQL on Windows: The server is too busy to perform the backup or restore operation",
            "nrql": [
              {
                "evaluation_offset": 0,
                "query": "with message as msg SELECT count(message) FROM Log WHERE EventID=3627 AND Level=1 OR Level=2 OR Level=5 FACET msg AS 'Message', hostname,Level",
                "since_value": ""
              }
            ],
            "open_violation_on_expiration": false,
            "policy_id": 5878206,
            "runbook_url": "https://www.example.com",
            "slide_by": null,
            "term": [],
            "timeouts": null,
            "type": "static",
            "violation_time_limit": "ONE_HOUR",
            "violation_time_limit_seconds": 3600,
            "warning": []
          },
          "sensitive_attributes": [],
          "private": "eyJlMmJmYjczMC1lY2FhLTExZTYtOGY4OC0zNDM2M2JjN2M0YzAiOnsiY3JlYXRlIjozMDAwMDAwMDAwMH19",
          "dependencies": [
            "module.mssql_rules_alerts.newrelic_alert_policy.policy"
          ]
        },
        {
          "index_key": "98",
          "schema_version": 0,
          "attributes": {
            "account_id": 2947933,
            "aggregation_delay": "120",
            "aggregation_method": "event_flow",
            "aggregation_timer": null,
            "aggregation_window": 300,
            "baseline_direction": "upper_only",
            "close_violations_on_expiration": false,
            "critical": [
              {
                "duration": 0,
                "operator": "above_or_equals",
                "threshold": 1,
                "threshold_duration": 300,
                "threshold_occurrences": "all",
                "time_function": ""
              }
            ],
            "description": "When you create a Service Broker or Database Mirroring endpoint, SQL Server should be able to accept TCP/IP connections on the port that is specified in the endpoint configuration. The transport security requires authorization for connections to the port. If the server has a firewall enabled, the firewall configuration must allow both incoming and outgoing connections for the port that is used by the endpoint.",
            "enabled": false,
            "entity_guid": "Mjk0NzkzM3xBSU9QU3xDT05ESVRJT058NDcwMjgyNzI",
            "evaluation_delay": null,
            "expiration_duration": 0,
            "fill_option": "none",
            "fill_value": 0,
            "id": "5878206:47028272",
            "name": "MSSQL on Windows: The Service Broker/Database Mirroring transport cannot listen on port because it is in use",
            "nrql": [
              {
                "evaluation_offset": 0,
                "query": "with message as msg SELECT count(message) FROM Log WHERE EventID=9692 AND Level=1 OR Level=2 OR Level=5 FACET msg AS 'Message', hostname,Level",
                "since_value": ""
              }
            ],
            "open_violation_on_expiration": false,
            "policy_id": 5878206,
            "runbook_url": "https://www.example.com",
            "slide_by": null,
            "term": [],
            "timeouts": null,
            "type": "static",
            "violation_time_limit": "ONE_HOUR",
            "violation_time_limit_seconds": 3600,
            "warning": []
          },
          "sensitive_attributes": [],
          "private": "eyJlMmJmYjczMC1lY2FhLTExZTYtOGY4OC0zNDM2M2JjN2M0YzAiOnsiY3JlYXRlIjozMDAwMDAwMDAwMH19",
          "dependencies": [
            "module.mssql_rules_alerts.newrelic_alert_policy.policy"
          ]
        },
        {
          "index_key": "99",
          "schema_version": 0,
          "attributes": {
            "account_id": 2947933,
            "aggregation_delay": "120",
            "aggregation_method": "event_flow",
            "aggregation_timer": null,
            "aggregation_window": 300,
            "baseline_direction": "upper_only",
            "close_violations_on_expiration": false,
            "critical": [
              {
                "duration": 0,
                "operator": "above_or_equals",
                "threshold": 1,
                "threshold_duration": 300,
                "threshold_occurrences": "all",
                "time_function": ""
              }
            ],
            "description": "The rule triggers an alert when Service Broker cannot listen on the specified port.",
            "enabled": false,
            "entity_guid": "Mjk0NzkzM3xBSU9QU3xDT05ESVRJT058NDcwMjgzNDE",
            "evaluation_delay": null,
            "expiration_duration": 0,
            "fill_option": "none",
            "fill_value": 0,
            "id": "5878206:47028341",
            "name": "MSSQL on Windows: The Service Broker/Database Mirroring Transport could not listen for connections due to an error",
            "nrql": [
              {
                "evaluation_offset": 0,
                "query": "with message as msg SELECT count(message) FROM Log WHERE EventID=9693 AND Level=1 OR Level=2 OR Level=5 FACET msg AS 'Message', hostname,Level",
                "since_value": ""
              }
            ],
            "open_violation_on_expiration": false,
            "policy_id": 5878206,
            "runbook_url": "https://www.example.com",
            "slide_by": null,
            "term": [],
            "timeouts": null,
            "type": "static",
            "violation_time_limit": "ONE_HOUR",
            "violation_time_limit_seconds": 3600,
            "warning": []
          },
          "sensitive_attributes": [],
          "private": "eyJlMmJmYjczMC1lY2FhLTExZTYtOGY4OC0zNDM2M2JjN2M0YzAiOnsiY3JlYXRlIjozMDAwMDAwMDAwMH19",
          "dependencies": [
            "module.mssql_rules_alerts.newrelic_alert_policy.policy"
          ]
        }
      ]
    }
  ],
  "check_results": null
}
